# Generated by conda-lock.
# platform: win-64
# input_hash: b40897ed5435d9693771bebb825a9f9e32be5d80873eb1a9a577b9a32af45b56
@EXPLICIT
https://conda.anaconda.org/conda-forge/win-64/ca-certificates-2023.7.22-h56e8100_0.conda#b1c2327b36f1a25d96f2039b0d3e3739
https://conda.anaconda.org/conda-forge/noarch/font-ttf-dejavu-sans-mono-2.37-hab24e00_0.tar.bz2#0c96522c6bdaed4b1566d11387caaf45
https://conda.anaconda.org/conda-forge/noarch/font-ttf-inconsolata-3.000-h77eed37_0.tar.bz2#34893075a5c9e55cdafac56607368fc6
https://conda.anaconda.org/conda-forge/noarch/font-ttf-source-code-pro-2.038-h77eed37_0.tar.bz2#4d59c254e01d9cde7957100457e2d5fb
https://conda.anaconda.org/conda-forge/noarch/font-ttf-ubuntu-0.83-hab24e00_0.tar.bz2#19410c3df09dfb12d1206132a1d357c5
https://conda.anaconda.org/conda-forge/win-64/intel-openmp-2023.2.0-h57928b3_50496.conda#519f9c42672f1e8a334ec9471e93f4fe
https://conda.anaconda.org/conda-forge/win-64/libexpat-2.5.0-h63175ca_1.conda#636cc3cbbd2e28bcfd2f73b2044aac2c
https://conda.anaconda.org/conda-forge/win-64/msys2-conda-epoch-20160418-1.tar.bz2#b0309b72560df66f71a9d5e34a5efdfa
https://conda.anaconda.org/conda-forge/win-64/perl-5.32.1.1-4_h57928b3_strawberry.conda#250507ceddd29a4d82e5d4cb28d6e495
https://conda.anaconda.org/conda-forge/noarch/poppler-data-0.4.12-hd8ed1ab_0.conda#d8d7293c5b37f39b2ac32940621c6592
https://conda.anaconda.org/conda-forge/win-64/python_abi-3.10-4_cp310.conda#b41195997c14fb7473d26637ea4c3946
https://conda.anaconda.org/conda-forge/noarch/tzdata-2023c-h71feb2d_0.conda#939e3e74d8be4dac89ce83b20de2492a
https://conda.anaconda.org/conda-forge/win-64/ucrt-10.0.22621.0-h57928b3_0.tar.bz2#72608f6cd3e5898229c3ea16deb1ac43
https://conda.anaconda.org/conda-forge/win-64/expat-2.5.0-h63175ca_1.conda#87c77fe1b445aedb5c6d207dd236fa3e
https://conda.anaconda.org/conda-forge/noarch/fonts-conda-forge-1-0.tar.bz2#f766549260d6815b0c52253f1fb1bb29
https://conda.anaconda.org/conda-forge/win-64/m2w64-gmp-6.1.0-2.tar.bz2#53a1c73e1e3d185516d7e3af177596d9
https://conda.anaconda.org/conda-forge/win-64/m2w64-libwinpthread-git-5.0.0.4634.697f757-2.tar.bz2#774130a326dee16f1ceb05cc687ee4f0
https://conda.anaconda.org/conda-forge/win-64/vc14_runtime-14.36.32532-hdcecf7f_17.conda#d0de20f2f3fc806a81b44fcdd941aaf7
https://conda.anaconda.org/conda-forge/noarch/fonts-conda-ecosystem-1-0.tar.bz2#fee5683a3f04bd15cbd8318b096a27ab
https://conda.anaconda.org/conda-forge/win-64/m2w64-gcc-libs-core-5.3.0-7.tar.bz2#4289d80fb4d272f1f3b56cfe87ac90bd
https://conda.anaconda.org/conda-forge/win-64/vc-14.3-h64f974e_17.conda#67ff6791f235bb606659bf2a5c169191
https://conda.anaconda.org/conda-forge/win-64/vs2015_runtime-14.36.32532-h05e6639_17.conda#4618046c39f7c81861e53ded842e738a
https://conda.anaconda.org/conda-forge/win-64/aws-c-common-0.8.23-hcfcfb64_0.conda#f10dd222c8b864790d04ed0899970e9b
https://conda.anaconda.org/conda-forge/win-64/bzip2-1.0.8-h8ffe710_4.tar.bz2#7c03c66026944073040cb19a4f3ec3c9
https://conda.anaconda.org/conda-forge/win-64/c-ares-1.20.1-hcfcfb64_0.conda#4044c96668b5ca9068cc61673bc05a13
https://conda.anaconda.org/conda-forge/win-64/fribidi-1.0.10-h8d14728_0.tar.bz2#807e81d915f2bb2e49951648615241f6
https://conda.anaconda.org/conda-forge/win-64/geos-3.11.1-h1537add_0.tar.bz2#97225394895a9c6939175c936ab1a4b0
https://conda.anaconda.org/conda-forge/win-64/getopt-win32-0.1-hcfcfb64_1.conda#714d0882dc5e692ca4683d8e520f73c6
https://conda.anaconda.org/conda-forge/win-64/graphite2-1.3.13-1000.tar.bz2#8fc0e04e5c852cadf2cad68b86a906ab
https://conda.anaconda.org/conda-forge/win-64/icu-70.1-h0e60522_0.tar.bz2#64073396a905b6df895ab2489fae3847
https://conda.anaconda.org/conda-forge/win-64/jpeg-9e-hcfcfb64_3.conda#824f1e030d224e9e376a4655032fdbc7
https://conda.anaconda.org/conda-forge/win-64/lerc-4.0.0-h63175ca_0.tar.bz2#1900cb3cab5055833cfddb0ba233b074
https://conda.anaconda.org/conda-forge/win-64/libabseil-20230125.3-cxx17_h63175ca_0.conda#219d819db61ee021a82ecee3d69642cd
https://conda.anaconda.org/conda-forge/win-64/libaec-1.1.2-h63175ca_1.conda#0b252d2bf460364bccb1523bcdbe4af6
https://conda.anaconda.org/conda-forge/win-64/libbrotlicommon-1.0.9-hcfcfb64_9.conda#5e0f7bd6f1d0747abd5da59cffb6f533
https://conda.anaconda.org/conda-forge/win-64/libcrc32c-1.1.2-h0e60522_0.tar.bz2#cd4cc2d0c610c8cb5419ccc979f2d6ce
https://conda.anaconda.org/conda-forge/win-64/libdeflate-1.17-hcfcfb64_0.conda#ae9dfb57bcb42093a2417aceabb530f7
https://conda.anaconda.org/conda-forge/win-64/libffi-3.4.2-h8ffe710_5.tar.bz2#2c96d1b6915b408893f9472569dee135
https://conda.anaconda.org/conda-forge/win-64/libiconv-1.17-h8ffe710_0.tar.bz2#050119977a86e4856f0416e2edcf81bb
https://conda.anaconda.org/conda-forge/win-64/libsodium-1.0.18-h8d14728_1.tar.bz2#5c1fb45b5e2912c19098750ae8a32604
https://conda.anaconda.org/conda-forge/win-64/libspatialindex-1.9.3-h39d44d4_4.tar.bz2#51c172496e828258d04eba9971f2af1a
https://conda.anaconda.org/conda-forge/win-64/libsqlite-3.43.2-hcfcfb64_0.conda#a4a81906f6ce911113f672973777f305
https://conda.anaconda.org/conda-forge/win-64/libutf8proc-2.8.0-h82a8f57_0.tar.bz2#076894846fe9f068f91c57d158c90cba
https://conda.anaconda.org/conda-forge/win-64/libwebp-base-1.3.2-hcfcfb64_0.conda#dcde8820959e64378d4e06147ffecfdd
https://conda.anaconda.org/conda-forge/win-64/libzlib-1.2.13-hcfcfb64_5.conda#5fdb9c6a113b6b6cb5e517fd972d5f41
https://conda.anaconda.org/conda-forge/win-64/lz4-c-1.9.4-hcfcfb64_0.conda#e34720eb20a33fc3bfb8451dd837ab7a
https://conda.anaconda.org/conda-forge/win-64/m2w64-gcc-libgfortran-5.3.0-6.tar.bz2#066552ac6b907ec6d72c0ddab29050dc
https://conda.anaconda.org/conda-forge/win-64/openssl-3.1.3-hcfcfb64_0.conda#16b2c80ad196f18acd31b588ef28cb9a
https://conda.anaconda.org/conda-forge/win-64/pixman-0.42.2-h63175ca_0.conda#fb6fe034c742dc8562d3197c2d91423d
https://conda.anaconda.org/conda-forge/win-64/pthreads-win32-2.9.1-hfa6e2cd_3.tar.bz2#e2da8758d7d51ff6aa78a14dfb9dbed4
https://conda.anaconda.org/conda-forge/win-64/re2-2023.03.02-hd4eee63_0.conda#a59c371d7364446cf1d0b8299e05c1ea
https://conda.anaconda.org/conda-forge/win-64/snappy-1.1.10-hfb803bf_0.conda#cff1df79c9cff719460eb2dd172568de
https://conda.anaconda.org/conda-forge/win-64/tk-8.6.13-hcfcfb64_0.conda#74405f2ccbb40af409fee1a71ce70dc6
https://conda.anaconda.org/conda-forge/win-64/uriparser-0.9.7-h1537add_1.conda#5f3b2772564e761bc2287b89b9e6b14b
https://conda.anaconda.org/conda-forge/win-64/xerces-c-3.2.4-h63175ca_3.conda#28c6b90f40c9c37d3334ba8225143690
https://conda.anaconda.org/conda-forge/win-64/xxhash-0.8.2-hcfcfb64_0.conda#3ffe20fcd87f7ffb4e5d87765fc6b61b
https://conda.anaconda.org/conda-forge/win-64/xz-5.2.6-h8d14728_0.tar.bz2#515d77642eaa3639413c6b1bc3f94219
https://conda.anaconda.org/conda-forge/win-64/yaml-0.2.5-h8ffe710_2.tar.bz2#adbfb9f45d1004a26763652246a33764
https://conda.anaconda.org/conda-forge/win-64/aws-c-cal-0.6.0-h6ba3258_0.conda#32face4713b029010a05f0134e967420
https://conda.anaconda.org/conda-forge/win-64/aws-c-compression-0.2.17-h420beca_1.conda#2265e815dfcad120aca37e0ec827591c
https://conda.anaconda.org/conda-forge/win-64/aws-c-sdkutils-0.1.11-h420beca_1.conda#b56dc6999bb11cb122d5d76ca1e6feaf
https://conda.anaconda.org/conda-forge/win-64/aws-checksums-0.1.16-h420beca_1.conda#dd3466ea9fc536ae3d05521eea3a7473
https://conda.anaconda.org/conda-forge/win-64/freetds-1.4.3-pl5321hf43717d_0.conda#22849695576a80c710f9094df7fe151e
https://conda.anaconda.org/conda-forge/win-64/freexl-1.0.6-h67ca5e6_1.tar.bz2#7ddb6e879c46e78eec37f956b3ffe743
https://conda.anaconda.org/conda-forge/win-64/gettext-0.21.1-h5728263_0.tar.bz2#299d4fd6798a45337042ff5a48219e5f
https://conda.anaconda.org/conda-forge/win-64/krb5-1.20.1-heb0366b_0.conda#a07b05ee8f451ab15698397185efe989
https://conda.anaconda.org/conda-forge/win-64/libbrotlidec-1.0.9-hcfcfb64_9.conda#4c502e4846bdc22b944ab9aa5a55a58f
https://conda.anaconda.org/conda-forge/win-64/libbrotlienc-1.0.9-hcfcfb64_9.conda#19029748649ae0d48871d7012918efef
https://conda.anaconda.org/conda-forge/win-64/libevent-2.1.12-h3671451_1.conda#25efbd786caceef438be46da78a7b5ef
https://conda.anaconda.org/conda-forge/win-64/libkml-1.3.0-hd45a9bc_1016.conda#96153aa82727818d9046ae389fba9b32
https://conda.anaconda.org/conda-forge/win-64/libpng-1.6.39-h19919ed_0.conda#ab6febdb2dbd9c00803609079db4de71
https://conda.anaconda.org/conda-forge/win-64/libprotobuf-4.23.3-h1975477_1.conda#efa7ba46d136b9db9bb128e5dfb9808f
https://conda.anaconda.org/conda-forge/win-64/librttopo-1.1.0-he22b5cd_12.tar.bz2#115a51fda72ff01d7b7eb275183d6c72
https://conda.anaconda.org/conda-forge/win-64/libssh2-1.11.0-h7dfc565_0.conda#dc262d03aae04fe26825062879141a41
https://conda.anaconda.org/conda-forge/win-64/libwebp-1.3.2-hcfcfb64_1.conda#6202a1ba6be2713084cf0452d4e8c10c
https://conda.anaconda.org/conda-forge/win-64/libxml2-2.10.4-hc3477c8_0.conda#d9869d2d502cca6b6f73dd7030696b3c
https://conda.anaconda.org/conda-forge/win-64/libzip-1.10.1-h1d365fa_3.conda#5c629cd12d89e2856c17b1dc5fcf44a4
https://conda.anaconda.org/conda-forge/win-64/m2w64-gcc-libs-5.3.0-7.tar.bz2#fe759119b8b3bfa720b8762c6fdc35de
https://conda.anaconda.org/conda-forge/win-64/pcre2-10.40-h17e33f8_0.tar.bz2#2519de0d9620dc2bc7e19caf6867136d
https://conda.anaconda.org/conda-forge/win-64/python-3.10.12-h4de0772_0_cpython.conda#14273454ca348a123ce09ab9d39c1a6e
https://conda.anaconda.org/conda-forge/win-64/sqlite-3.43.2-hcfcfb64_0.conda#49cf1a42e5cba0d9a5ce5dcec46f49ed
https://conda.anaconda.org/conda-forge/win-64/zeromq-4.3.4-h0e60522_1.tar.bz2#e1aff0583dda5fb917eb3d2c1025aa80
https://conda.anaconda.org/conda-forge/win-64/zlib-1.2.13-hcfcfb64_5.conda#a318e8622e11663f645cc7fa3260f462
https://conda.anaconda.org/conda-forge/win-64/zstd-1.5.5-h12be248_0.conda#792bb5da68bf0a6cac6a6072ecb8dbeb
https://conda.anaconda.org/conda-forge/noarch/appdirs-1.4.4-pyh9f0ad1d_0.tar.bz2#5f095bc6454094e96f146491fd03633b
https://conda.anaconda.org/conda-forge/noarch/asn1crypto-1.5.1-pyhd8ed1ab_0.tar.bz2#f3f2ab3ce28979a24d1a988ba211eb9b
https://conda.anaconda.org/conda-forge/noarch/atpublic-3.0.1-pyhd8ed1ab_0.tar.bz2#39904aaf8de88f03fe9c27286dc35681
https://conda.anaconda.org/conda-forge/noarch/attrs-23.1.0-pyh71513ae_1.conda#3edfead7cedd1ab4400a6c588f3e75f8
https://conda.anaconda.org/conda-forge/win-64/aws-c-io-0.13.28-ha35c040_0.conda#027e518e21c483d3ed7f33148bfee761
https://conda.anaconda.org/conda-forge/noarch/backcall-0.2.0-pyh9f0ad1d_0.tar.bz2#6006a6d08a3fa99268a2681c7fb55213
https://conda.anaconda.org/conda-forge/noarch/backports-1.0-pyhd8ed1ab_3.conda#54ca2e08b3220c148a1d8329c2678e02
https://conda.anaconda.org/conda-forge/win-64/backports.zoneinfo-0.2.1-py310h5588dad_8.conda#8fd93c85ef214ed73dcf25c49fbfe0c0
https://conda.anaconda.org/conda-forge/win-64/bitarray-2.8.2-py310h8d17308_0.conda#a075cde1cd87757f86d4e08094719cb1
https://conda.anaconda.org/conda-forge/noarch/blinker-1.6.3-pyhd8ed1ab_0.conda#d33cf7357de636cec64320f0c4fb7b6f
https://conda.anaconda.org/conda-forge/win-64/blosc-1.21.5-hdccc3a2_0.conda#77a5cea2ce92907b7d1e7954457a526a
https://conda.anaconda.org/conda-forge/win-64/boost-cpp-1.78.0-h9f4b32c_4.conda#991b639e1178f29d8e7681dc75f36acb
https://conda.anaconda.org/conda-forge/win-64/brotli-bin-1.0.9-hcfcfb64_9.conda#ba8ae6c24cf47da3fb73270e4f119f08
https://conda.anaconda.org/conda-forge/win-64/brotli-python-1.0.9-py310h00ffb61_9.conda#2a15bfd3d5b60a8a7f83940ab1e35f5f
https://conda.anaconda.org/conda-forge/noarch/cachetools-5.3.1-pyhd8ed1ab_0.conda#60b5eb16d9a7a5482ba37f67aa49db5b
https://conda.anaconda.org/conda-forge/noarch/certifi-2023.7.22-pyhd8ed1ab_0.conda#7f3dbc9179b4dde7da98dfb151d0ad22
https://conda.anaconda.org/conda-forge/noarch/cfgv-3.3.1-pyhd8ed1ab_0.tar.bz2#ebb5f5f7dc4f1a3780ef7ea7738db08c
https://conda.anaconda.org/conda-forge/noarch/charset-normalizer-3.3.0-pyhd8ed1ab_0.conda#fef8ef5f0a54546b9efee39468229917
https://conda.anaconda.org/conda-forge/noarch/cloudpickle-3.0.0-pyhd8ed1ab_0.conda#753d29fe41bb881e4b9c004f0abf973f
https://conda.anaconda.org/conda-forge/noarch/codespell-2.2.6-pyhd8ed1ab_0.conda#a206349b7bb7475ae580f987cb425bdd
https://conda.anaconda.org/conda-forge/noarch/colorama-0.4.6-pyhd8ed1ab_0.tar.bz2#3faab06a954c2a04039983f2c4a50d99
https://conda.anaconda.org/conda-forge/noarch/cycler-0.12.1-pyhd8ed1ab_0.conda#5cd86562580f274031ede6aa6aa24441
https://conda.anaconda.org/conda-forge/win-64/debugpy-1.8.0-py310h00ffb61_1.conda#5ccaf32fb16dd1336f74a635ef6acf7d
https://conda.anaconda.org/conda-forge/noarch/decorator-5.1.1-pyhd8ed1ab_0.tar.bz2#43afe5ab04e35e17ba28649471dd7364
https://conda.anaconda.org/conda-forge/noarch/distlib-0.3.7-pyhd8ed1ab_0.conda#12d8aae6994f342618443a8f05c652a0
https://conda.anaconda.org/conda-forge/noarch/exceptiongroup-1.1.3-pyhd8ed1ab_0.conda#e6518222753f519e911e83136d2158d9
https://conda.anaconda.org/conda-forge/noarch/execnet-2.0.2-pyhd8ed1ab_0.conda#67de0d8241e1060a479e3c37793e26f9
https://conda.anaconda.org/conda-forge/noarch/executing-1.2.0-pyhd8ed1ab_0.tar.bz2#4c1bc140e2be5c8ba6e3acab99e25c50
https://conda.anaconda.org/conda-forge/noarch/filelock-3.12.4-pyhd8ed1ab_0.conda#5173d4b8267a0699a43d73231e0b6596
https://conda.anaconda.org/conda-forge/win-64/freetype-2.12.1-hdaf720e_2.conda#3761b23693f768dc75a8fd0a73ca053f
https://conda.anaconda.org/conda-forge/win-64/frozenlist-1.4.0-py310h8d17308_1.conda#4ad4c9ab9b20024e89e74e77250777f7
https://conda.anaconda.org/conda-forge/noarch/fsspec-2023.6.0-pyh1a96a4e_0.conda#50ea2067ec92dfcc38b4f07992d7e235
https://conda.anaconda.org/conda-forge/win-64/greenlet-3.0.0-py310h00ffb61_1.conda#f140e54f0a0bd9c90323314b07cbd3b1
https://conda.anaconda.org/conda-forge/win-64/hdf4-4.2.15-h1b1b6ef_5.tar.bz2#bfb6a2d82ef9a30455cc0900d89eed20
https://conda.anaconda.org/conda-forge/noarch/humanize-4.8.0-pyhd8ed1ab_0.conda#b2c77117a80f01b626026778824320bb
https://conda.anaconda.org/conda-forge/noarch/idna-3.4-pyhd8ed1ab_0.tar.bz2#34272b248891bddccc64479f9a7fffed
https://conda.anaconda.org/conda-forge/noarch/iniconfig-2.0.0-pyhd8ed1ab_0.conda#f800d2da156d08e289b14e87e43c1ae5
https://conda.anaconda.org/conda-forge/noarch/jupyterlab_widgets-3.0.9-pyhd8ed1ab_0.conda#8370e0a9dc443f9b45a23fd30e7a6b3b
https://conda.anaconda.org/conda-forge/win-64/kiwisolver-1.4.5-py310h232114e_1.conda#a340ed8a9c513e2782cb7feb3cfe665d
https://conda.anaconda.org/conda-forge/win-64/libcurl-8.1.2-h68f0423_0.conda#94b9b7d0e882461fdb72d8d4e7441746
https://conda.anaconda.org/conda-forge/win-64/libglib-2.78.0-he8f3873_0.conda#25f5b3502a82ac425c72c3bc0efbecb5
https://conda.anaconda.org/conda-forge/win-64/libgrpc-1.56.2-hea2d5f7_1.conda#706baf79d5928afd39e7b747dc43b5ae
https://conda.anaconda.org/conda-forge/win-64/libhwloc-2.9.1-h51c2c0f_0.conda#8ec5920f3ed67faa0264a36c0b533ed0
https://conda.anaconda.org/conda-forge/win-64/libpq-15.3-ha9684e8_0.conda#15a2162dddc641e0a398ed5067690e9d
https://conda.anaconda.org/conda-forge/win-64/libthrift-0.18.1-h06f6336_2.conda#42fedb9a585ce5821ed223cd0ceb43c4
https://conda.anaconda.org/conda-forge/win-64/libtiff-4.5.0-hf8721a0_2.conda#2e003e276cc1375192569c96afd3d984
https://conda.anaconda.org/conda-forge/noarch/locket-1.0.0-pyhd8ed1ab_0.tar.bz2#91e27ef3d05cc772ce627e51cff111c4
https://conda.anaconda.org/conda-forge/win-64/lz4-4.3.2-py310hbbb2075_1.conda#1e854437a9ab4f32a0b0eb4ca8fcca52
https://conda.anaconda.org/conda-forge/win-64/markupsafe-2.1.3-py310h8d17308_1.conda#8bb26993f6787d08908136ce07894bf0
https://conda.anaconda.org/conda-forge/noarch/mdurl-0.1.0-pyhd8ed1ab_0.tar.bz2#f8dab71fdc13b1bf29a01248b156d268
https://conda.anaconda.org/conda-forge/noarch/more-itertools-10.1.0-pyhd8ed1ab_0.conda#8549fafed0351bbfaa1ddaa15fdf9b4e
https://conda.anaconda.org/conda-forge/win-64/msgpack-python-1.0.6-py310h232114e_0.conda#55ffac33eaacd437cf24eb031184744f
https://conda.anaconda.org/conda-forge/win-64/multidict-6.0.4-py310h8d17308_1.conda#efdd30867042c82de3feb73f1603b00a
https://conda.anaconda.org/conda-forge/noarch/munch-4.0.0-pyhd8ed1ab_0.conda#376b32e8f9d3eacbd625f37d39bd507d
https://conda.anaconda.org/conda-forge/noarch/munkres-1.1.4-pyh9f0ad1d_0.tar.bz2#2ba8498c1018c1e9c61eb99b973dfe19
https://conda.anaconda.org/conda-forge/noarch/mypy_extensions-1.0.0-pyha770c72_0.conda#4eccaeba205f0aed9ac3a9ea58568ca3
https://conda.anaconda.org/conda-forge/noarch/nest-asyncio-1.5.8-pyhd8ed1ab_0.conda#a4f0e4519bc50eee4f53f689be9607f7
https://conda.anaconda.org/conda-forge/noarch/networkx-3.2-pyhd8ed1ab_1.conda#522039fb968d6d0a10e872e6f3856f53
https://conda.anaconda.org/conda-forge/win-64/orc-1.9.0-hf2b8f0d_1.conda#2d5dfd05e0d6673662f21342caed3d0f
https://conda.anaconda.org/conda-forge/noarch/packaging-23.2-pyhd8ed1ab_0.conda#79002079284aa895f883c6b7f3f88fd6
https://conda.anaconda.org/conda-forge/noarch/parso-0.8.3-pyhd8ed1ab_0.tar.bz2#17a565a0c3899244e938cdf417e7b094
https://conda.anaconda.org/conda-forge/noarch/parsy-2.1-pyhd8ed1ab_0.conda#0423aa726dfb35b9a236ea3d572b8b74
https://conda.anaconda.org/conda-forge/noarch/pathspec-0.11.2-pyhd8ed1ab_0.conda#e41debb259e68490e3ab81e46b639ab6
https://conda.anaconda.org/conda-forge/noarch/pickleshare-0.7.5-py_1003.tar.bz2#415f0ebb6198cc2801c73438a9fb5761
https://conda.anaconda.org/conda-forge/noarch/pkgutil-resolve-name-1.3.10-pyhd8ed1ab_1.conda#405678b942f2481cecdb3e010f4925d9
https://conda.anaconda.org/conda-forge/noarch/pluggy-1.3.0-pyhd8ed1ab_0.conda#2390bd10bed1f3fdc7a537fb5a447d8d
https://conda.anaconda.org/conda-forge/noarch/pprintpp-0.4.0-pyhd8ed1ab_5.conda#3c9f3f3f7e0a9f0b2fd9d0e2064729ba
https://conda.anaconda.org/conda-forge/win-64/psutil-5.9.5-py310h8d17308_1.conda#bd83570cfe0ce9ccc46c9c55b0aab666
https://conda.anaconda.org/conda-forge/win-64/pthread-stubs-0.4-hcd874cb_1001.tar.bz2#a1f820480193ea83582b13249a7e7bd9
https://conda.anaconda.org/conda-forge/noarch/pure-sasl-0.6.2-pyhd8ed1ab_0.tar.bz2#ac695eecf21ab48093bc33fd60b4102d
https://conda.anaconda.org/conda-forge/noarch/pure_eval-0.2.2-pyhd8ed1ab_0.tar.bz2#6784285c7e55cb7212efabc79e4c2883
https://conda.anaconda.org/conda-forge/noarch/py-cpuinfo-9.0.0-pyhd8ed1ab_0.tar.bz2#6f6d42b894118f8378fce11887ccdaff
https://conda.anaconda.org/conda-forge/noarch/py4j-0.10.9.7-pyhd8ed1ab_0.tar.bz2#0f01a52cf858aef86632a8ab08011c0c
https://conda.anaconda.org/conda-forge/noarch/pyasn1-0.5.0-pyhd8ed1ab_0.conda#4b1c0db24e212190be1969b0aa490ad8
https://conda.anaconda.org/conda-forge/noarch/pycparser-2.21-pyhd8ed1ab_0.tar.bz2#076becd9e05608f8dc72757d5f3a91ff
https://conda.anaconda.org/conda-forge/win-64/pycryptodomex-3.19.0-py310h8d17308_1.conda#e37fbae8675850845711a503c3945859
https://conda.anaconda.org/conda-forge/noarch/pygments-2.16.1-pyhd8ed1ab_0.conda#40e5cb18165466773619e5c963f00a7b
https://conda.anaconda.org/conda-forge/win-64/pyinstrument-4.6.0-py310h8d17308_1.conda#fba113ba2fceca59d3c8d127d503181c
https://conda.anaconda.org/conda-forge/noarch/pyjwt-2.8.0-pyhd8ed1ab_0.conda#912c0194f898fdb783021fd25f913c31
https://conda.anaconda.org/conda-forge/win-64/pymssql-2.2.9-py310h00ffb61_0.conda#f5aa71c99bcf0c7bca906d56d6536ba9
https://conda.anaconda.org/conda-forge/noarch/pymysql-1.1.0-pyhd8ed1ab_0.conda#9f470663de99381f1a27fa30b01e0c42
https://conda.anaconda.org/conda-forge/noarch/pyparsing-3.1.1-pyhd8ed1ab_0.conda#176f7d56f0cfe9008bdf1bccd7de02fb
https://conda.anaconda.org/conda-forge/win-64/python-duckdb-0.9.1-py310h00ffb61_0.conda#18142196dad7e0029a5ab808f9004761
https://conda.anaconda.org/conda-forge/noarch/python-fastjsonschema-2.18.1-pyhd8ed1ab_0.conda#305141cff54af2f90e089d868fffce28
https://conda.anaconda.org/conda-forge/noarch/python-tzdata-2023.3-pyhd8ed1ab_0.conda#2590495f608a63625e165915fb4e2e34
https://conda.anaconda.org/conda-forge/win-64/python-xxhash-3.4.1-py310h8d17308_0.conda#15581b19657fb002d2c7c4ae7642806d
https://conda.anaconda.org/conda-forge/noarch/pytz-2023.3.post1-pyhd8ed1ab_0.conda#c93346b446cd08c169d843ae5fc0da97
https://conda.anaconda.org/conda-forge/win-64/pywin32-306-py310h00ffb61_2.conda#a65056c5f52aa83455577958872e4776
https://conda.anaconda.org/conda-forge/win-64/pyyaml-6.0.1-py310h8d17308_1.conda#ce279186f68d0f12812dc9955ea909a4
https://conda.anaconda.org/conda-forge/win-64/pyzmq-25.1.1-py310hcd737a0_1.conda#d7e1c25f58cc2e30bc0d9d008810dad6
https://conda.anaconda.org/conda-forge/win-64/regex-2023.10.3-py310h8d17308_0.conda#27142b3da89753d24862340bc0d4f0ab
https://conda.anaconda.org/conda-forge/win-64/rpds-py-0.10.6-py310h87d50f1_0.conda#97b168f58652c59e954611962e47cd5c
https://conda.anaconda.org/conda-forge/win-64/rtree-1.1.0-py310h1cbd46b_0.conda#66471e0d41d1b9b269912fe219f7da35
https://conda.anaconda.org/conda-forge/win-64/ruff-0.1.0-py310h298983d_0.conda#bf162257a525598d8005c986fe9d0989
https://conda.anaconda.org/conda-forge/noarch/setuptools-68.2.2-pyhd8ed1ab_0.conda#fc2166155db840c634a1291a5c35a709
https://conda.anaconda.org/conda-forge/noarch/six-1.16.0-pyh6c4a22f_0.tar.bz2#e5f25f8dbc060e9a8d912e432202afc2
https://conda.anaconda.org/conda-forge/noarch/sortedcontainers-2.4.0-pyhd8ed1ab_0.tar.bz2#6d6552722448103793743dabfbda532d
https://conda.anaconda.org/conda-forge/noarch/sqlglot-18.15.0-pyhd8ed1ab_0.conda#b6e42ef8b7d8f3e0583089a2f35e1320
https://conda.anaconda.org/conda-forge/noarch/stdlib-list-0.8.0-pyhd8ed1ab_0.tar.bz2#dd6044fdb8a51ad246c7d3864b9fdeca
https://conda.anaconda.org/conda-forge/noarch/tabulate-0.9.0-pyhd8ed1ab_1.tar.bz2#4759805cce2d914c38472f70bf4d8bcb
https://conda.anaconda.org/conda-forge/noarch/tblib-2.0.0-pyhd8ed1ab_0.conda#f5580336fe091d46f9a2ea97da044550
https://conda.anaconda.org/conda-forge/noarch/tenacity-8.2.3-pyhd8ed1ab_0.conda#1482e77f87c6a702a7e05ef22c9b197b
https://conda.anaconda.org/conda-forge/noarch/threadpoolctl-3.2.0-pyha21a80b_0.conda#978d03388b62173b8e6f79162cf52b86
https://conda.anaconda.org/conda-forge/noarch/toml-0.10.2-pyhd8ed1ab_0.tar.bz2#f832c45a477c78bebd107098db465095
https://conda.anaconda.org/conda-forge/noarch/tomli-2.0.1-pyhd8ed1ab_0.tar.bz2#5844808ffab9ebdb694585b50ba02a96
https://conda.anaconda.org/conda-forge/noarch/tomlkit-0.12.1-pyha770c72_0.conda#62f5b331c53d73e2f6c4c130b53518a0
https://conda.anaconda.org/conda-forge/noarch/toolz-0.12.0-pyhd8ed1ab_0.tar.bz2#92facfec94bc02d6ccf42e7173831a36
https://conda.anaconda.org/conda-forge/win-64/tornado-6.3.3-py310h8d17308_1.conda#0d14d73d94d679e2fa753ea8c7f75926
https://conda.anaconda.org/conda-forge/noarch/traitlets-5.11.2-pyhd8ed1ab_0.conda#bd3f90f7551e1cffb1f402880eb2cef1
https://conda.anaconda.org/conda-forge/noarch/typing_extensions-4.8.0-pyha770c72_0.conda#5b1be40a26d10a06f6d4f1f9e19fa0c7
https://conda.anaconda.org/conda-forge/win-64/unicodedata2-15.1.0-py310h8d17308_0.conda#f9f25aeb0eed2dd8c770f137c45da3c2
https://conda.anaconda.org/conda-forge/noarch/wheel-0.41.2-pyhd8ed1ab_0.conda#1ccd092478b3e0ee10d7a891adbf8a4f
https://conda.anaconda.org/conda-forge/noarch/widgetsnbextension-4.0.9-pyhd8ed1ab_0.conda#82617d07b2f5f5a96296d3c19684b37a
https://conda.anaconda.org/conda-forge/noarch/win_inet_pton-1.1.0-pyhd8ed1ab_6.tar.bz2#30878ecc4bd36e8deeea1e3c151b2e0b
https://conda.anaconda.org/conda-forge/win-64/xorg-kbproto-1.0.7-hcd874cb_1002.tar.bz2#8d11c1dac4756ca57e78c1bfe173bba4
https://conda.anaconda.org/conda-forge/win-64/xorg-libice-1.0.10-hcd874cb_0.tar.bz2#8f45beee385cb67e42d6732bdb1b6a40
https://conda.anaconda.org/conda-forge/win-64/xorg-libxau-1.0.11-hcd874cb_0.conda#c46ba8712093cb0114404ae8a7582e1a
https://conda.anaconda.org/conda-forge/win-64/xorg-libxdmcp-1.1.3-hcd874cb_0.tar.bz2#46878ebb6b9cbd8afcf8088d7ef00ece
https://conda.anaconda.org/conda-forge/win-64/xorg-xextproto-7.3.0-hcd874cb_1003.conda#6e6c2639620e436bddb7c040cd4f3adb
https://conda.anaconda.org/conda-forge/win-64/xorg-xproto-7.0.31-hcd874cb_1007.tar.bz2#88f3c65d2ad13826a9e0b162063be023
https://conda.anaconda.org/conda-forge/noarch/xyzservices-2023.10.0-pyhd8ed1ab_0.conda#9c6fe7db9c9133ade38b9a5011103243
https://conda.anaconda.org/conda-forge/noarch/zict-3.0.0-pyhd8ed1ab_0.conda#cf30c2c15b82aacb07f9c09e28ff2275
https://conda.anaconda.org/conda-forge/noarch/zipp-3.17.0-pyhd8ed1ab_0.conda#2e4d6bc0b14e10f895fc6791a7d9b26a
https://conda.anaconda.org/conda-forge/noarch/aiosignal-1.3.1-pyhd8ed1ab_0.tar.bz2#d1e1eb7e21a9e2c74279d87dafb68156
https://conda.anaconda.org/conda-forge/noarch/asttokens-2.4.0-pyhd8ed1ab_0.conda#056f04e51dd63337e8d7c425c18c86f1
https://conda.anaconda.org/conda-forge/win-64/aws-c-event-stream-0.3.1-had47b81_1.conda#d28e6d856f375d1522fe536be225f301
https://conda.anaconda.org/conda-forge/win-64/aws-c-http-0.7.11-h72ba615_0.conda#52eb0edd90c62d8989d40f2a3b08c049
https://conda.anaconda.org/conda-forge/noarch/backports.functools_lru_cache-1.6.5-pyhd8ed1ab_0.conda#6b1b907661838a75d067a22f87996b2e
https://conda.anaconda.org/conda-forge/noarch/bidict-0.22.1-pyhd8ed1ab_0.conda#2b69d5cbd3d301c9ceee2cfbf9fc87b7
https://conda.anaconda.org/conda-forge/win-64/brotli-1.0.9-hcfcfb64_9.conda#5275e2634840f6d156934a16b7c0c813
https://conda.anaconda.org/conda-forge/win-64/cffi-1.16.0-py310h8d17308_0.conda#b4bcce1a7ea1164e6dcea6c4f00d962b
https://conda.anaconda.org/conda-forge/win-64/cfitsio-4.2.0-h9ebe7e4_0.conda#cccd314cbeea4f2f70f73c763d9660e8
https://conda.anaconda.org/conda-forge/noarch/click-8.1.7-win_pyh7428d3b_0.conda#3549ecbceb6cd77b91a105511b7d0786
https://conda.anaconda.org/conda-forge/noarch/comm-0.1.4-pyhd8ed1ab_0.conda#c8eaca39e2b6abae1fc96acc929ae939
https://conda.anaconda.org/conda-forge/win-64/coverage-7.3.2-py310h8d17308_0.conda#262bccdaf31082d0458aa45e47a66088
https://conda.anaconda.org/conda-forge/win-64/curl-8.1.2-h68f0423_0.conda#fc67d347f9eaa7922fd7bc26bfa5419b
https://conda.anaconda.org/conda-forge/win-64/cytoolz-0.12.2-py310h8d17308_1.conda#c58d57f0e0da299d55a888bd463dd275
https://conda.anaconda.org/conda-forge/win-64/fastavro-1.8.4-py310h8d17308_0.conda#13258c40b9c33303775c92a887ed58fc
https://conda.anaconda.org/conda-forge/win-64/fontconfig-2.14.2-hbde0cde_0.conda#08767992f1a4f1336a257af1241034bd
https://conda.anaconda.org/conda-forge/win-64/grpcio-1.56.2-py310hb84602e_1.conda#9a0b9fafd6453839c986d8d876ce202a
https://conda.anaconda.org/conda-forge/win-64/gts-0.7.6-h6b5321d_4.conda#a41f14768d5e377426ad60c613f2923b
https://conda.anaconda.org/conda-forge/win-64/hdf5-1.12.2-nompi_h57737ce_101.conda#3e2b84f2f7bcf6915d1baa21e5b1a862
https://conda.anaconda.org/conda-forge/noarch/importlib-metadata-6.8.0-pyha770c72_0.conda#4e9f59a060c3be52bc4ddc46ee9b6946
https://conda.anaconda.org/conda-forge/noarch/importlib_resources-6.1.0-pyhd8ed1ab_0.conda#48b0d98e0c0ec810d3ccc2a0926c8c0e
https://conda.anaconda.org/conda-forge/noarch/jedi-0.19.1-pyhd8ed1ab_0.conda#81a3be0b2023e1ea8555781f0ad904a2
https://conda.anaconda.org/conda-forge/noarch/jinja2-3.1.2-pyhd8ed1ab_1.tar.bz2#c8490ed5c70966d232fdd389d0dbed37
https://conda.anaconda.org/conda-forge/noarch/joblib-1.3.2-pyhd8ed1ab_0.conda#4da50d410f553db77e62ab62ffaa1abc
https://conda.anaconda.org/conda-forge/win-64/lcms2-2.15-ha5c8aab_0.conda#5ebe92728f44a8b2461410ffb3628c18
https://conda.anaconda.org/conda-forge/win-64/libgoogle-cloud-2.12.0-hbc1b25b_1.conda#204576c98cf2226c0423c6eeb387889e
https://conda.anaconda.org/conda-forge/win-64/libxcb-1.13-hcd874cb_1004.tar.bz2#a6d7fd030532378ecb6ba435cd9f8234
https://conda.anaconda.org/conda-forge/noarch/markdown-it-py-3.0.0-pyhd8ed1ab_0.conda#93a8e71256479c62074356ef6ebf501b
https://conda.anaconda.org/conda-forge/noarch/matplotlib-inline-0.1.6-pyhd8ed1ab_0.tar.bz2#b21613793fcc81d944c76c9f2864a7de
https://conda.anaconda.org/conda-forge/noarch/multipledispatch-0.6.0-py_0.tar.bz2#1073dc92c8f247d94ac14dd79ca0bbec
https://conda.anaconda.org/conda-forge/noarch/nodeenv-1.8.0-pyhd8ed1ab_0.conda#2a75b296096adabbabadd5e9782e5fcc
https://conda.anaconda.org/conda-forge/win-64/openjpeg-2.5.0-ha2aaf27_2.conda#db0490689232e8e38c312281df6f31a2
https://conda.anaconda.org/conda-forge/noarch/oscrypto-1.2.1-pyhd3deb0d_0.tar.bz2#a717f22c057a91fc7b4517f94dc5240e
https://conda.anaconda.org/conda-forge/noarch/partd-1.4.1-pyhd8ed1ab_0.conda#acf4b7c0bcd5fa3b0e05801c4d2accd6
https://conda.anaconda.org/conda-forge/noarch/pip-23.3-pyhd8ed1ab_0.conda#a06f102f59c8e3bb8b3e46e71c384709
https://conda.anaconda.org/conda-forge/noarch/plotly-5.17.0-pyhd8ed1ab_0.conda#76a0b213abcd3ffc1e8fa78804b69dc0
https://conda.anaconda.org/conda-forge/win-64/postgresql-15.3-hd87cd2b_0.conda#addf239257cdfe6f84c3b43482563462
https://conda.anaconda.org/conda-forge/win-64/proj-9.1.1-heca977f_2.conda#eb88b5bc4d13493971408c3131022aec
https://conda.anaconda.org/conda-forge/win-64/protobuf-4.23.3-py310ha3d488f_0.conda#a65f902a101c1ec7bedfe48b65756379
https://conda.anaconda.org/conda-forge/win-64/psycopg2-2.9.6-py310h709a2f1_0.conda#f945b0a145ca68bf84269e590607bd05
https://conda.anaconda.org/conda-forge/noarch/pyasn1-modules-0.3.0-pyhd8ed1ab_0.conda#26db749166cdca55e5ef1ffdc7767d0e
https://conda.anaconda.org/conda-forge/noarch/pydeps-1.12.17-pyhd8ed1ab_0.conda#12cbac66274ad6658f78fb71e798ddcb
https://conda.anaconda.org/conda-forge/noarch/pysocks-1.7.1-pyh0701188_6.tar.bz2#56cd9fe388baac0e90c7149cfac95b60
https://conda.anaconda.org/conda-forge/noarch/pytest-7.4.2-pyhd8ed1ab_0.conda#6dd662ff5ac9a783e5c940ce9f3fe649
https://conda.anaconda.org/conda-forge/noarch/python-dateutil-2.8.2-pyhd8ed1ab_0.tar.bz2#dd999d1cc9f79e67dbb855c8924c7984
https://conda.anaconda.org/conda-forge/noarch/pyu2f-0.1.5-pyhd8ed1ab_0.tar.bz2#caabbeaa83928d0c3e3949261daa18eb
https://conda.anaconda.org/conda-forge/noarch/referencing-0.30.2-pyhd8ed1ab_0.conda#a33161b983172ba6ef69d5fc850650cd
https://conda.anaconda.org/conda-forge/noarch/rsa-4.9-pyhd8ed1ab_0.tar.bz2#03bf410858b2cefc267316408a77c436
https://conda.anaconda.org/conda-forge/win-64/sqlalchemy-1.4.49-py310h8d17308_1.conda#0bab25f9f8fd62d9828a11294265217c
https://conda.anaconda.org/conda-forge/win-64/tbb-2021.9.0-h91493d7_0.conda#6aa3f1becefeaa00a4d2a79b2a478aee
https://conda.anaconda.org/conda-forge/win-64/thrift-0.16.0-py310h00ffb61_2.tar.bz2#ba9249abad1b29625aabbe34e85a7930
https://conda.anaconda.org/conda-forge/noarch/tqdm-4.66.1-pyhd8ed1ab_0.conda#03c97908b976498dcae97eb4e4f3149c
https://conda.anaconda.org/conda-forge/noarch/typing-extensions-4.8.0-hd8ed1ab_0.conda#384462e63262a527bda564fa2d9126c0
https://conda.anaconda.org/conda-forge/win-64/tzlocal-5.1-py310h5588dad_0.conda#226b9de5148bfd1b7213d3e58cc4fe72
https://conda.anaconda.org/conda-forge/noarch/werkzeug-3.0.0-pyhd8ed1ab_0.conda#52819df4ed72d46e60a18df5bec86e31
https://conda.anaconda.org/conda-forge/win-64/xorg-libsm-1.2.3-hcd874cb_1000.tar.bz2#76a765e735668a9922da3d58e746a7a6
https://conda.anaconda.org/conda-forge/win-64/yarl-1.9.2-py310h8d17308_1.conda#f769f18c6d8ef228c7069d70de2591e7
https://conda.anaconda.org/conda-forge/noarch/async-timeout-4.0.3-pyhd8ed1ab_0.conda#3ce482ec3066e6d809dbbb1d1679f215
https://conda.anaconda.org/conda-forge/win-64/aws-c-auth-0.7.0-h6f3c987_2.conda#51bbe4665bff04871708e71e72e2f66b
https://conda.anaconda.org/conda-forge/win-64/aws-c-mqtt-0.8.14-h4941efa_2.conda#2a8e5da1ab9c808c363ea50311318619
https://conda.anaconda.org/conda-forge/noarch/branca-0.6.0-pyhd8ed1ab_0.tar.bz2#f4cc65697763ef8c2f7555f1ec355a6b
https://conda.anaconda.org/conda-forge/win-64/cairo-1.16.0-hd694305_1014.tar.bz2#91f08ed9ff25a969ddd06237454dae0d
https://conda.anaconda.org/conda-forge/noarch/click-plugins-1.1.1-py_0.tar.bz2#4fd2c6b53934bd7d96d1f3fdaf99b79f
https://conda.anaconda.org/conda-forge/noarch/cligj-0.7.2-pyhd8ed1ab_1.tar.bz2#a29b7c141d6b2de4bb67788a5f107734
https://conda.anaconda.org/conda-forge/win-64/cryptography-41.0.4-py310h6e82f81_0.conda#4138acd74a0543956258eeafa2f5aa12
https://conda.anaconda.org/conda-forge/noarch/duckdb-engine-0.9.2-pyhd8ed1ab_0.conda#024706adcb27485a08376496f9b0493e
https://conda.anaconda.org/conda-forge/noarch/dunamai-1.19.0-pyhd8ed1ab_0.conda#91c171d32e52dcc8ef3a356bed422fdd
https://conda.anaconda.org/conda-forge/win-64/fonttools-4.43.1-py310h8d17308_0.conda#bf7aeb6342332abb73154d09305c15b2
https://conda.anaconda.org/conda-forge/noarch/geoalchemy2-0.13.3-pyhd8ed1ab_0.conda#6d333809e06cbf1dcb5ead2dd3baab63
https://conda.anaconda.org/conda-forge/win-64/geotiff-1.7.1-hc256dc0_6.conda#d147f5504f1b29faa112aa72e9c59599
https://conda.anaconda.org/conda-forge/win-64/google-crc32c-1.1.2-py310ha7be474_5.conda#41e64e823b28331bc169a259c7744257
https://conda.anaconda.org/conda-forge/noarch/googleapis-common-protos-1.61.0-pyhd8ed1ab_0.conda#f315d7fdc1905dcc2e18a1c7bed22fa9
https://conda.anaconda.org/conda-forge/noarch/hypothesis-6.88.1-pyha770c72_0.conda#dcbb167115eb740cfbd38cc209702548
https://conda.anaconda.org/conda-forge/noarch/importlib-resources-6.1.0-pyhd8ed1ab_0.conda#6a62c2cc25376a0d050b3d1d221c3ee9
https://conda.anaconda.org/conda-forge/noarch/importlib_metadata-6.8.0-hd8ed1ab_0.conda#b279b07ce18058034e5b3606ba103a8b
https://conda.anaconda.org/conda-forge/noarch/jsonschema-specifications-2023.7.1-pyhd8ed1ab_0.conda#7c27ea1bdbe520bb830dcadd59f55cbf
https://conda.anaconda.org/conda-forge/win-64/kealib-1.5.0-h61be68b_0.conda#59e439387b2ca19699b8ce1f077ebe0a
https://conda.anaconda.org/conda-forge/win-64/libnetcdf-4.9.1-nompi_hc41bf00_101.conda#cc79e202db8167cfc78ce4edfcf43c17
https://conda.anaconda.org/conda-forge/win-64/libspatialite-5.0.1-hfdcade0_23.conda#7661a11b21d23f6f21648a787045b825
https://conda.anaconda.org/conda-forge/win-64/mkl-2023.2.0-h6a75c08_50496.conda#03da367d935ecf4d3e4005cf705d0e21
https://conda.anaconda.org/conda-forge/win-64/pillow-9.4.0-py310hdbb7713_1.conda#79fd90da956353feaf83e1fcd9e8ec15
https://conda.anaconda.org/conda-forge/noarch/platformdirs-3.8.1-pyhd8ed1ab_0.conda#e76070baecfaca6ecdb5fbd5af7c9309
https://conda.anaconda.org/conda-forge/noarch/proto-plus-1.22.3-pyhd8ed1ab_0.conda#5accead0a4f3b2287e1ae1992f7b614f
https://conda.anaconda.org/conda-forge/win-64/pyproj-3.5.0-py310hcdd211a_0.conda#92ba22588345454f5d0ba6399b217eb6
https://conda.anaconda.org/conda-forge/noarch/pytest-benchmark-4.0.0-pyhd8ed1ab_0.tar.bz2#8c3168375e2ac100c17b133f4e2eb536
https://conda.anaconda.org/conda-forge/noarch/pytest-cov-4.1.0-pyhd8ed1ab_0.conda#06eb685a3a0b146347a58dda979485da
https://conda.anaconda.org/conda-forge/noarch/pytest-httpserver-1.0.8-pyhd8ed1ab_0.conda#4122e7ddce19494a55a799225be343ab
https://conda.anaconda.org/conda-forge/noarch/pytest-mock-3.11.1-pyhd8ed1ab_0.conda#fcd2531bc3e492657aeb042349aeaf8a
https://conda.anaconda.org/conda-forge/noarch/pytest-randomly-3.15.0-pyhd8ed1ab_0.conda#203b5d3f85a47940f7ec6b6e1747786e
https://conda.anaconda.org/conda-forge/noarch/pytest-repeat-0.9.2-pyhd8ed1ab_0.conda#2adb83b12c1c57dc515b153405feb6c9
https://conda.anaconda.org/conda-forge/noarch/pytest-snapshot-0.9.0-pyhd8ed1ab_0.conda#fe1008ddb91eed708d93ac866ef80a7c
https://conda.anaconda.org/conda-forge/noarch/pytest-xdist-3.3.1-pyhd8ed1ab_0.conda#816073bb54ef59f33f0f26c14f88311b
https://conda.anaconda.org/conda-forge/noarch/rich-13.6.0-pyhd8ed1ab_0.conda#3ca4829f40710f581ca1d76bc907e99f
https://conda.anaconda.org/conda-forge/noarch/sqlalchemy-views-0.3.2-pyhd8ed1ab_0.conda#8a0884a535e9ef935bbd977e575e8115
https://conda.anaconda.org/conda-forge/noarch/stack_data-0.6.2-pyhd8ed1ab_0.conda#e7df0fdd404616638df5ece6e69ba7af
https://conda.anaconda.org/conda-forge/noarch/thrift_sasl-0.4.3-pyhd8ed1ab_2.tar.bz2#0340a97c4990a5bb5ecf1a27fef9f9c3
https://conda.anaconda.org/conda-forge/win-64/tiledb-2.13.2-h3132609_0.conda#07426c5e1301448738f66686548d41ff
https://conda.anaconda.org/conda-forge/win-64/ukkonen-1.0.1-py310h232114e_4.conda#e20a6c916b53274a2af59810b23d1f4c
https://conda.anaconda.org/conda-forge/noarch/urllib3-1.26.17-pyhd8ed1ab_0.conda#3b94800e11804555e40971c97fd3e801
https://conda.anaconda.org/conda-forge/noarch/wcwidth-0.2.8-pyhd8ed1ab_0.conda#367386d2575a0e62412448eda1012efd
https://conda.anaconda.org/conda-forge/win-64/xorg-libx11-1.8.4-hcd874cb_0.conda#ebdb02b455647e13fa697da89d9bdf84
https://conda.anaconda.org/conda-forge/win-64/zstandard-0.21.0-py310h0009e47_1.conda#80823e87f545619c549e738c21d88425
https://conda.anaconda.org/conda-forge/win-64/aiohttp-3.8.6-py310h8d17308_1.conda#e1361de6fbefdd7b5c8ca47a3699b0c8
https://conda.anaconda.org/conda-forge/win-64/aws-c-s3-0.3.13-he04eaa7_2.conda#f68af24bfb6d2e461e7445fd71b78362
https://conda.anaconda.org/conda-forge/win-64/black-23.10.0-py310h5588dad_0.conda#13a48c8148e24283ac97e358617611d0
https://conda.anaconda.org/conda-forge/win-64/clickhouse-connect-0.6.16-py310h8d17308_0.conda#02072154df83c128d73ea1ba28c0f331
https://conda.anaconda.org/conda-forge/noarch/dask-core-2023.10.0-pyhd8ed1ab_0.conda#6b415b2cd4a106b8eb1632be126ede81
https://conda.anaconda.org/conda-forge/noarch/google-resumable-media-2.6.0-pyhd8ed1ab_0.conda#74fd9d08866e60fc412abc8dd7c5486c
https://conda.anaconda.org/conda-forge/noarch/grpcio-status-1.56.2-pyhd8ed1ab_0.conda#99848ebe90a1ff29eadcd5f64eda1c1f
https://conda.anaconda.org/conda-forge/win-64/harfbuzz-6.0.0-he256f1b_0.conda#15422d4ff786ed835173cfb8e6735679
https://conda.anaconda.org/conda-forge/noarch/identify-2.5.30-pyhd8ed1ab_0.conda#b7a2e3bb89bda8c69839485c20aabadf
https://conda.anaconda.org/conda-forge/noarch/impyla-0.18.0-pyhd8ed1ab_0.tar.bz2#851fd5b28a65b6be38db252706f43d6b
https://conda.anaconda.org/conda-forge/noarch/jsonschema-4.19.1-pyhd8ed1ab_0.conda#78aff5d2af74e6537c1ca73017f01f4f
https://conda.anaconda.org/conda-forge/win-64/jupyter_core-5.4.0-py310h5588dad_0.conda#880175618e6ae8c1cd9de09459062a72
https://conda.anaconda.org/conda-forge/win-64/libblas-3.9.0-19_win64_mkl.conda#4f8a1a63cfbf74bc7b2813d9c6c205be
https://conda.anaconda.org/conda-forge/noarch/oauthlib-3.2.2-pyhd8ed1ab_0.tar.bz2#8f882b197fd9c4941a787926baea4868
https://conda.anaconda.org/conda-forge/win-64/oracledb-1.4.2-py310h8d17308_0.conda#1c0aff5067b05dadd0f184f295f27b3e
https://conda.anaconda.org/conda-forge/noarch/poetry-dynamic-versioning-1.1.0-pyhd8ed1ab_0.conda#adc87a4b4754805ad7dacdc00fca8047
https://conda.anaconda.org/conda-forge/win-64/poppler-23.03.0-h183ae7b_0.conda#0908fe0f0432ac13c3411822c68da81d
https://conda.anaconda.org/conda-forge/noarch/prompt-toolkit-3.0.39-pyha770c72_0.conda#a4986c6bb5b0d05a38855b0880a5f425
https://conda.anaconda.org/conda-forge/noarch/pyopenssl-23.2.0-pyhd8ed1ab_1.conda#34f7d568bf59d18e3fef8c405cbece21
https://conda.anaconda.org/conda-forge/noarch/pytest-clarity-1.0.1-pyhd8ed1ab_0.tar.bz2#76a7925032ca23744cf6c7a9fc0ef243
https://conda.anaconda.org/conda-forge/noarch/requests-2.31.0-pyhd8ed1ab_0.conda#a30144e4156cdbb236f99ebb49828f8b
https://conda.anaconda.org/conda-forge/noarch/virtualenv-20.24.1-pyhd8ed1ab_0.conda#428f6c7385636d72191cb4fa0e489503
https://conda.anaconda.org/conda-forge/win-64/xorg-libxext-1.3.4-hcd874cb_2.conda#2aa695ac3c56193fd8d526e3b511e021
https://conda.anaconda.org/conda-forge/win-64/xorg-libxt-1.3.0-hcd874cb_0.conda#f7db1a67cd97a9bd0f59ee6997a77159
https://conda.anaconda.org/conda-forge/win-64/aws-crt-cpp-0.20.3-h247a981_4.conda#1a05ce280e41b3c5eaf7e9e37e30a9b9
https://conda.anaconda.org/conda-forge/noarch/blackdoc-0.3.8-pyhd8ed1ab_0.tar.bz2#c03749cb0d5874fd5b9c1620a3d230c4
https://conda.anaconda.org/conda-forge/noarch/distributed-2023.10.0-pyhd8ed1ab_0.conda#3ecca3ba0a497f06e697777464a2cae9
https://conda.anaconda.org/conda-forge/noarch/google-auth-2.23.3-pyhca7485f_0.conda#79faaf9cd0e5114c19253552d8d92872
https://conda.anaconda.org/conda-forge/noarch/jupyter_client-8.4.0-pyhd8ed1ab_0.conda#554496685357ab0d69676cab8e8fb594
https://conda.anaconda.org/conda-forge/win-64/libcblas-3.9.0-19_win64_mkl.conda#1b9ede5cff953aa1a5f4d9f8ec644972
https://conda.anaconda.org/conda-forge/win-64/libgdal-3.6.2-h221c0cb_9.conda#88c3283cd62901b1d33e51a15f8e981d
https://conda.anaconda.org/conda-forge/win-64/liblapack-3.9.0-19_win64_mkl.conda#574e6e8bcc85df2885eb2a87d31ae005
https://conda.anaconda.org/conda-forge/noarch/nbformat-5.9.2-pyhd8ed1ab_0.conda#61ba076de6530d9301a0053b02f093d2
https://conda.anaconda.org/conda-forge/win-64/pango-1.50.14-hdffb7b3_0.conda#a613f324e0f213238baec720d5c4ed00
https://conda.anaconda.org/conda-forge/noarch/pre-commit-3.5.0-pyha770c72_0.conda#964e3d762e427661c59263435a14c492
https://conda.anaconda.org/conda-forge/noarch/prompt_toolkit-3.0.39-hd8ed1ab_0.conda#4bbbe67d5df19db30f04b8e344dc9976
https://conda.anaconda.org/conda-forge/noarch/requests-oauthlib-1.3.1-pyhd8ed1ab_0.tar.bz2#61b279f051eef9c89d58f4d813e75e04
https://conda.anaconda.org/conda-forge/noarch/trino-python-client-0.327.0-pyhd8ed1ab_0.conda#023257cc7986a37c4e4458b6fad9b46e
https://conda.anaconda.org/conda-forge/win-64/xorg-libxpm-3.5.16-hcd874cb_0.conda#e74445e2a4ad70fc358ae2bf87c20f41
https://conda.anaconda.org/conda-forge/win-64/aws-sdk-cpp-1.10.57-h1a0519f_17.conda#db79b1324ee48b8441fda946d15f180a
https://conda.anaconda.org/conda-forge/noarch/google-api-core-2.12.0-pyhd8ed1ab_0.conda#f978eac45a312816fffd61eb65f5ed0e
https://conda.anaconda.org/conda-forge/noarch/google-auth-oauthlib-1.1.0-pyhd8ed1ab_0.conda#ffa1e2fd52bc00ec0fc5680a2f4bd167
https://conda.anaconda.org/conda-forge/noarch/ipython-8.16.1-pyh5737063_0.conda#1f0a208b45d0bf8d1cf09d2f2b549ab5
https://conda.anaconda.org/conda-forge/win-64/libgd-2.3.3-hf5a96e7_4.conda#07f0bd616b51dbd898cabf14646cdf5d
https://conda.anaconda.org/conda-forge/noarch/nbclient-0.8.0-pyhd8ed1ab_0.conda#e78da91cf428faaf05701ce8cc8f2f9b
https://conda.anaconda.org/conda-forge/win-64/numpy-1.26.0-py310hf667824_0.conda#a4f8b5a677ba150fcc10a1265bb0554a
https://conda.anaconda.org/conda-forge/win-64/contourpy-1.1.1-py310h232114e_1.conda#7062335928a7ca43c0163656637f96ff
https://conda.anaconda.org/conda-forge/noarch/folium-0.14.0-pyhd8ed1ab_0.conda#48c8bb19df0d0268f1a9d30ffc56c5b0
https://conda.anaconda.org/conda-forge/win-64/gdal-3.6.2-py310h644bc08_9.conda#78e1cc7339050d48a915a06846b13b40
https://conda.anaconda.org/conda-forge/noarch/google-api-core-grpc-2.12.0-hd8ed1ab_0.conda#e6c3e5a6d24a669937f57b39d8a7b18d
https://conda.anaconda.org/conda-forge/noarch/google-cloud-core-2.3.3-pyhd8ed1ab_0.conda#a26b1fa8555cc1d2f0f7ff9985303e66
https://conda.anaconda.org/conda-forge/win-64/graphviz-8.1.0-h51cb2cd_0.conda#9210fb205efeb651d866bcd4eef3733d
https://conda.anaconda.org/conda-forge/noarch/ipykernel-6.25.2-pyh60829e3_0.conda#387f16a39a2e57bff9de9bc0216baa09
https://conda.anaconda.org/conda-forge/noarch/ipywidgets-8.1.1-pyhd8ed1ab_0.conda#2605fae5ee27100e5f10037baebf4d41
https://conda.anaconda.org/conda-forge/win-64/libarrow-12.0.1-h0578746_5_cpu.conda#09883cd325bb5af5944ce8aac9b292d8
https://conda.anaconda.org/conda-forge/win-64/pandas-2.0.3-py310h1c4a608_1.conda#9fb6d4a7414daf2aa66ddfa14d568fd0
https://conda.anaconda.org/conda-forge/win-64/polars-0.19.3-py310he0a9947_1.conda#e9b3cdd7f19195b1975a4b02ce96a093
https://conda.anaconda.org/conda-forge/noarch/pydata-google-auth-1.8.2-pyhd8ed1ab_0.conda#20c47c6bae7d5665c87379ca4da905d9
https://conda.anaconda.org/conda-forge/win-64/scipy-1.11.3-py310hf667824_1.conda#1325302e74eb18b8666f53559844bf44
https://conda.anaconda.org/conda-forge/win-64/shapely-1.8.5-py310h8c82734_2.tar.bz2#76b4d1b25e5ba9d036700b6a0da8cdbc
https://conda.anaconda.org/conda-forge/noarch/altair-5.1.2-pyhd8ed1ab_0.conda#94f6558bed7e125d6115f4a6b70966d4
https://conda.anaconda.org/conda-forge/noarch/bokeh-3.3.0-pyhd8ed1ab_0.conda#5d6ff9d18f0b611a7dc131f4a7444c2e
https://conda.anaconda.org/conda-forge/win-64/fiona-1.9.1-py310h4a685fe_0.conda#7a62281f141df79bf2f1248d2873567b
https://conda.anaconda.org/conda-forge/noarch/geopandas-base-0.14.0-pyha770c72_1.conda#614a383c5f4350e0606689f54c6497b1
https://conda.anaconda.org/conda-forge/noarch/google-cloud-bigquery-core-3.12.0-pyhd8ed1ab_0.conda#9becd972556b2173031c10fbfa63a418
https://conda.anaconda.org/conda-forge/noarch/google-cloud-bigquery-storage-core-2.22.0-pyh1a96a4e_0.conda#0869ea717d694cac0fbcd494a6f987c9
https://conda.anaconda.org/conda-forge/noarch/google-cloud-storage-2.12.0-pyhca7485f_0.conda#fea9a0827d3285450ea0c4d4b78b2664
https://conda.anaconda.org/conda-forge/win-64/matplotlib-base-3.8.0-py310hc9baf74_2.conda#e9ab5874e978375481a3a138a2254c8b
https://conda.anaconda.org/conda-forge/noarch/patsy-0.5.3-pyhd8ed1ab_0.tar.bz2#50ef6b29b1fb0768ca82c5aeb4fb2d96
https://conda.anaconda.org/conda-forge/noarch/pins-0.8.3-pyhd8ed1ab_0.conda#4583655de5729afbe6af47df620934ab
https://conda.anaconda.org/conda-forge/win-64/pyarrow-12.0.1-py310hd1a9178_5_cpu.conda#a6b8c9767f324dfcf40c41e71ad55c9f
https://conda.anaconda.org/conda-forge/noarch/pydruid-0.6.5-pyhd8ed1ab_1.conda#1e74e13099c2b9adef3c457f6841299b
https://conda.anaconda.org/conda-forge/noarch/python-graphviz-0.20.1-pyh22cad53_0.tar.bz2#196447bc6fd769c3eb2d51de1aa866a5
https://conda.anaconda.org/conda-forge/win-64/scikit-learn-1.3.1-py310hfd2573f_1.conda#1ea9602317f62e5fc1d38534a5f422de
https://conda.anaconda.org/conda-forge/noarch/dask-2023.10.0-pyhd8ed1ab_0.conda#0c85f5482dd283c2b9ca68d331edb471
https://conda.anaconda.org/conda-forge/win-64/datafusion-31.0.0-py310h32a15e0_1.conda#074990c5877307362fcda5b7eeaf6723
https://conda.anaconda.org/conda-forge/noarch/db-dtypes-1.1.1-pyhd8ed1ab_0.conda#457a360baa01b5d8f2fcbe4c8f356633
https://conda.anaconda.org/conda-forge/noarch/google-cloud-bigquery-storage-2.22.0-pyh1a96a4e_0.conda#14a5213a076993679239aa0f07334ecd
https://conda.anaconda.org/conda-forge/noarch/mapclassify-2.6.1-pyhd8ed1ab_0.conda#6aceae1ad4f16cf7b73ee04189947f98
https://conda.anaconda.org/conda-forge/noarch/mizani-0.9.3-pyhd8ed1ab_0.conda#c2f48e8c9afa38581c1d8244b6e8327c
https://conda.anaconda.org/conda-forge/win-64/pyarrow-tests-12.0.1-py310hd1a9178_5_cpu.conda#a1d94fd133602229ce1a4ecce8d60774
https://conda.anaconda.org/conda-forge/noarch/pyspark-3.5.0-pyhd8ed1ab_0.conda#3b21d41045c94f1ec76c16f50f25810d
https://conda.anaconda.org/conda-forge/win-64/snowflake-connector-python-3.2.1-py310hb400963_0.conda#c814105044f92d78820092aeec3ff823
https://conda.anaconda.org/conda-forge/win-64/statsmodels-0.14.0-py310h3e78b6c_2.conda#df9a857184b2d54b1e808a73f3793045
https://conda.anaconda.org/conda-forge/noarch/geopandas-0.14.0-pyhd8ed1ab_1.conda#d3617cddba7ea3dd3234d28faa3bc3b4
https://conda.anaconda.org/conda-forge/noarch/plotnine-0.12.3-pyhd8ed1ab_0.conda#33a9b1b5b5afd7d88073fdfbe98c8ebc
https://conda.anaconda.org/conda-forge/noarch/snowflake-sqlalchemy-1.5.0-pyhd8ed1ab_0.conda#748ec4d194a6de2807db0fac1c87326b
https://conda.anaconda.org/conda-forge/noarch/google-cloud-bigquery-3.12.0-pyhd8ed1ab_0.conda#0e23929ae4ef343182dd2dbc4c81fd3a
# pip annotated-types @ https://files.pythonhosted.org/packages/28/78/d31230046e58c207284c6b2c4e8d96e6d3cb4e52354721b944d3e1ee4aa5/annotated_types-0.6.0-py3-none-any.whl#sha256=0641064de18ba7a25dee8f96403ebc39113d0cb953a01429249d5c7564666a43
# pip beartype @ https://files.pythonhosted.org/packages/db/45/1ce97ca4f24bc704514f19cfebbbeec22c367f165e02775ca73c0175fc01/beartype-0.16.3-py3-none-any.whl#sha256=dc7b3fd28d4998771b4ff8eb41eccb70aa665a8dd505b8db43ba03c191450dd6
# pip watchdog @ https://files.pythonhosted.org/packages/9b/6e/ce8d124d03cd3f2941365d9c81d62e3afe43f2dc7e6e86274fa9c2ec2d5b/watchdog-3.0.0-py3-none-win_amd64.whl#sha256=4c9956d27be0bb08fc5f30d9d0179a855436e655f046d288e2bcc11adfae893c
# pip griffe @ https://files.pythonhosted.org/packages/e2/97/7465661d39f8fbbc927300e3d97aac968e603c97828b773d31899ace601b/griffe-0.32.3-py3-none-any.whl#sha256=d9471934225818bf8f309822f70451cc6abb4b24e59e0bb27402a45f9412510f
# pip plum-dispatch @ https://files.pythonhosted.org/packages/45/07/95c6be6710207f4a2c83023f59889a86c58282c8367aa49a907e9e6deb57/plum_dispatch-2.2.2-py3-none-any.whl#sha256=d7ee415bd166ffa90eaa4b24d7c9dc7ca6f8875750586001e7c9baff706223bd
# pip pyarrow @ https://files.pythonhosted.org/packages/4b/fa/a63a021de7e672c5287d4bea4a5493729b266959663e0f4c7ce5059dd0fc/pyarrow-12.0.0-cp310-cp310-win_amd64.whl#sha256=3d1733b1ea086b3c101427d0e57e2be3eb964686e83c2363862a887bb5c41fa8
# pip pydantic-core @ https://files.pythonhosted.org/packages/45/49/1a11586e2e4bc052581cc7f9d3090c23fb49c2572536dd26004764603959/pydantic_core-2.10.1-cp310-none-win_amd64.whl#sha256=0880e239827b4b5b3e2ce05e6b766a7414e5f5aedc4523be6b68cfbc7f61c5d0
# pip shapely @ https://files.pythonhosted.org/packages/28/32/c404f6d5566025b9d94eef0cc21039b0a4c10a392bad2f81edf778b3c2bc/shapely-2.0.2-cp310-cp310-win_amd64.whl#sha256=34eac2337cbd67650248761b140d2535855d21b969d76d76123317882d3a0c1a
# pip sphobjinv @ https://files.pythonhosted.org/packages/89/d2/4642eb80e3c5a9a00bf8a2ae5cb9390aadfd2a491f161d26a014afa63c4a/sphobjinv-2.3.1-py3-none-any.whl#sha256=f3efe68bb0ba6e32cb50df064fe6349b8f94681589b400dea753a2860dd576b5
# pip deltalake @ https://files.pythonhosted.org/packages/c8/7f/eeb46e327751f7c4f33937192fbaa1b416532737f7463f37383f7634fe57/deltalake-0.12.0-cp37-abi3-win_amd64.whl#sha256=efdf81a5b3adc4c0de45a635e4a60e69654faf7bafa1bb4c1f4c7841a4f36edc
# pip pydantic @ https://files.pythonhosted.org/packages/73/66/0a72c9fcde42e5650c8d8d5c5c1873b9a3893018020c77ca8eb62708b923/pydantic-2.4.2-py3-none-any.whl#sha256=bc3ddf669d234f4220e6e1c4d96b061abe0998185a8d7855c0126782b7abc8c1
# pip quartodoc @ https://files.pythonhosted.org/packages/b4/6a/de207b38a201c2a606292c749eeda885f263a58afc22b1530150eb1285d8/quartodoc-0.6.4-py3-none-any.whl#sha256=20a890b268829257663720a819bf966109de741ccc10414bdd5c228365d5b30a
