# Generated by conda-lock.
# platform: linux-64
# input_hash: a96944f58c858ab8513b8cfc23fbd05d848810dd101ab0a9cac79ed082b5c3c7
@EXPLICIT
https://conda.anaconda.org/conda-forge/linux-64/_libgcc_mutex-0.1-conda_forge.tar.bz2#d7c89558ba9fa0495403155b64376d81
https://conda.anaconda.org/conda-forge/linux-64/ca-certificates-2021.10.8-ha878542_0.tar.bz2#575611b8a84f45960e87722eeb51fa26
https://conda.anaconda.org/conda-forge/noarch/font-ttf-dejavu-sans-mono-2.37-hab24e00_0.tar.bz2#0c96522c6bdaed4b1566d11387caaf45
https://conda.anaconda.org/conda-forge/noarch/font-ttf-inconsolata-3.000-h77eed37_0.tar.bz2#34893075a5c9e55cdafac56607368fc6
https://conda.anaconda.org/conda-forge/noarch/font-ttf-source-code-pro-2.038-h77eed37_0.tar.bz2#4d59c254e01d9cde7957100457e2d5fb
https://conda.anaconda.org/conda-forge/noarch/font-ttf-ubuntu-0.83-hab24e00_0.tar.bz2#19410c3df09dfb12d1206132a1d357c5
https://conda.anaconda.org/conda-forge/linux-64/ld_impl_linux-64-2.36.1-hea4e1c9_2.tar.bz2#bd4f2e711b39af170e7ff15163fe87ee
https://conda.anaconda.org/conda-forge/linux-64/libgfortran5-11.2.0-h5c6108e_11.tar.bz2#2dcb18a9a0fa31f4f29e5a9b3eade394
https://conda.anaconda.org/conda-forge/linux-64/libstdcxx-ng-11.2.0-he4da1e4_11.tar.bz2#0bf83958e788f1e75ba26154cb702afe
https://conda.anaconda.org/conda-forge/linux-64/pandoc-2.14.2-h7f98852_0.tar.bz2#036a4ef13793d1bd771090b49c4c2550
https://conda.anaconda.org/conda-forge/noarch/poppler-data-0.4.11-hd8ed1ab_0.tar.bz2#abc27381c4f005da588cffa1f76403ee
https://conda.anaconda.org/conda-forge/noarch/tzdata-2021d-he74cb21_0.tar.bz2#e77b56f22b2b151a068395e77568a105
https://conda.anaconda.org/conda-forge/noarch/fonts-conda-forge-1-0.tar.bz2#f766549260d6815b0c52253f1fb1bb29
https://conda.anaconda.org/conda-forge/linux-64/libgfortran-ng-11.2.0-h69a702a_11.tar.bz2#4ea2f9f83b617a7682e8aa05dcb37c6a
https://conda.anaconda.org/conda-forge/linux-64/libgomp-11.2.0-h1d223b6_11.tar.bz2#1d16527c76842bf9c41e9399d39d8097
https://conda.anaconda.org/conda-forge/linux-64/_openmp_mutex-4.5-1_gnu.tar.bz2#561e277319a41d4f24f5c05a9ef63c04
https://conda.anaconda.org/conda-forge/noarch/fonts-conda-ecosystem-1-0.tar.bz2#fee5683a3f04bd15cbd8318b096a27ab
https://conda.anaconda.org/conda-forge/linux-64/libgcc-ng-11.2.0-h1d223b6_11.tar.bz2#e3495f4f93cfd6b68021cbe2b5844cd5
https://conda.anaconda.org/conda-forge/linux-64/abseil-cpp-20210324.2-h9c3ff4c_0.tar.bz2#baa652d7d0da41d757a31d00b4ae2c38
https://conda.anaconda.org/conda-forge/linux-64/aws-c-common-0.6.2-h7f98852_0.tar.bz2#ce69a062b3080485b760378841240634
https://conda.anaconda.org/conda-forge/linux-64/blosc-1.21.0-h9c3ff4c_0.tar.bz2#5e815e5126c6f7e34ab4496fa1b48dca
https://conda.anaconda.org/conda-forge/linux-64/bzip2-1.0.8-h7f98852_4.tar.bz2#a1fd65c7ccbf10880423d82bca54eb54
https://conda.anaconda.org/conda-forge/linux-64/c-ares-1.17.2-h7f98852_0.tar.bz2#a25871010e5104556045aa01850fbddf
https://conda.anaconda.org/conda-forge/linux-64/expat-2.4.1-h9c3ff4c_0.tar.bz2#16054ef3cb3ec5d8d29d08772662f65d
https://conda.anaconda.org/conda-forge/linux-64/freexl-1.0.6-h7f98852_0.tar.bz2#fb707484f02b122edec5fe3d1f3f552f
https://conda.anaconda.org/conda-forge/linux-64/geos-3.9.1-h9c3ff4c_2.tar.bz2#b9a6d9422aed3ad84ec6ccee9bfcaa0f
https://conda.anaconda.org/conda-forge/linux-64/gflags-2.2.2-he1b5a44_1004.tar.bz2#cddaf2c63ea4a5901cf09524c490ecdc
https://conda.anaconda.org/conda-forge/linux-64/giflib-5.2.1-h36c2ea0_2.tar.bz2#626e68ae9cc5912d6adb79d318cf962d
https://conda.anaconda.org/conda-forge/linux-64/icu-68.1-h58526e2_0.tar.bz2#fc7a4271dc2a7f4fd78cd63695baf7c3
https://conda.anaconda.org/conda-forge/linux-64/jbig-2.1-h7f98852_2003.tar.bz2#1aa0cee79792fa97b7ff4545110b60bf
https://conda.anaconda.org/conda-forge/linux-64/jpeg-9d-h36c2ea0_0.tar.bz2#ea02ce6037dbe81803ae6123e5ba1568
https://conda.anaconda.org/conda-forge/linux-64/json-c-0.15-h98cffda_0.tar.bz2#f32d45a88e7462be446824654dbcf4a4
https://conda.anaconda.org/conda-forge/linux-64/lerc-3.0-h9c3ff4c_0.tar.bz2#7fcefde484980d23f0ec24c11e314d2e
https://conda.anaconda.org/conda-forge/linux-64/libbrotlicommon-1.0.9-h7f98852_5.tar.bz2#5d270722c33227ae39729426e9ef2d9a
https://conda.anaconda.org/conda-forge/linux-64/libdeflate-1.8-h7f98852_0.tar.bz2#91d22aefa665265e8e31988b15145c8a
https://conda.anaconda.org/conda-forge/linux-64/libev-4.33-h516909a_1.tar.bz2#6f8720dff19e17ce5d48cfe7f3d2f0a3
https://conda.anaconda.org/conda-forge/linux-64/libffi-3.4.2-h9c3ff4c_4.tar.bz2#dea515312db9d4788e52c2edfc657635
https://conda.anaconda.org/conda-forge/linux-64/libiconv-1.16-h516909a_0.tar.bz2#5c0f338a513a2943c659ae619fca9211
https://conda.anaconda.org/conda-forge/linux-64/libnsl-2.0.0-h7f98852_0.tar.bz2#39b1328babf85c7c3a61636d9cd50206
https://conda.anaconda.org/conda-forge/linux-64/libopenblas-0.3.18-pthreads_h8fe5266_0.tar.bz2#41532e4448c0cce086d6570f95e4e12e
https://conda.anaconda.org/conda-forge/linux-64/libsodium-1.0.18-h36c2ea0_1.tar.bz2#c3788462a6fbddafdb413a9f9053e58d
https://conda.anaconda.org/conda-forge/linux-64/libspatialindex-1.9.3-h9c3ff4c_4.tar.bz2#d87fbe9c0ff589e802ff13872980bfd9
https://conda.anaconda.org/conda-forge/linux-64/libutf8proc-2.6.1-h7f98852_0.tar.bz2#fd037e965074069cbd94b600a84c27b8
https://conda.anaconda.org/conda-forge/linux-64/libuuid-2.32.1-h7f98852_1000.tar.bz2#772d69f030955d9646d3d0eaf21d859d
https://conda.anaconda.org/conda-forge/linux-64/libwebp-base-1.2.1-h7f98852_0.tar.bz2#90607c4c0247f04ec98b48997de71c1a
https://conda.anaconda.org/conda-forge/linux-64/libzlib-1.2.11-h36c2ea0_1013.tar.bz2#dcddf696ff5dfcab567100d691678e18
https://conda.anaconda.org/conda-forge/linux-64/lz4-c-1.9.3-h9c3ff4c_1.tar.bz2#fbe97e8fa6f275d7c76a09e795adc3e6
https://conda.anaconda.org/conda-forge/linux-64/lzo-2.10-h516909a_1000.tar.bz2#bb14fcb13341b81d5eb386423b9d2bac
https://conda.anaconda.org/conda-forge/linux-64/ncurses-6.2-h58526e2_4.tar.bz2#509f2a21c4a09214cd737a480dfd80c9
https://conda.anaconda.org/conda-forge/linux-64/nspr-4.30-h9c3ff4c_0.tar.bz2#e6dc1f8f6e0bcebe8e3d8a5bca258dbe
https://conda.anaconda.org/conda-forge/linux-64/openssl-1.1.1l-h7f98852_0.tar.bz2#de7b38a1542dbe6f41653a8ae71adc53
https://conda.anaconda.org/conda-forge/linux-64/pcre-8.45-h9c3ff4c_0.tar.bz2#c05d1820a6d34ff07aaaab7a9b7eddaa
https://conda.anaconda.org/conda-forge/linux-64/pixman-0.40.0-h36c2ea0_0.tar.bz2#660e72c82f2e75a6b3fe6a6e75c79f19
https://conda.anaconda.org/conda-forge/linux-64/pthread-stubs-0.4-h36c2ea0_1001.tar.bz2#22dad4df6e8630e8dff2428f6f6a7036
https://conda.anaconda.org/conda-forge/linux-64/re2-2021.09.01-h9c3ff4c_0.tar.bz2#740e608e7e6a503a8b98b1ba1ebe1791
https://conda.anaconda.org/conda-forge/linux-64/snappy-1.1.8-he1b5a44_3.tar.bz2#83f1dc295c711bdbaf97e1f3bedf2f52
https://conda.anaconda.org/conda-forge/linux-64/tzcode-2021d-h7f98852_0.tar.bz2#2a9463c0b541c6a7af5eb070feca9f0a
https://conda.anaconda.org/conda-forge/linux-64/xorg-kbproto-1.0.7-h7f98852_1002.tar.bz2#4b230e8381279d76131116660f5a241a
https://conda.anaconda.org/conda-forge/linux-64/xorg-libice-1.0.10-h7f98852_0.tar.bz2#d6b0b50b49eccfe0be0373be628be0f3
https://conda.anaconda.org/conda-forge/linux-64/xorg-libxau-1.0.9-h7f98852_0.tar.bz2#bf6f803a544f26ebbdc3bfff272eb179
https://conda.anaconda.org/conda-forge/linux-64/xorg-libxdmcp-1.1.3-h7f98852_0.tar.bz2#be93aabceefa2fac576e971aef407908
https://conda.anaconda.org/conda-forge/linux-64/xorg-renderproto-0.11.1-h7f98852_1002.tar.bz2#06feff3d2634e3097ce2fe681474b534
https://conda.anaconda.org/conda-forge/linux-64/xorg-xextproto-7.3.0-h7f98852_1002.tar.bz2#1e15f6ad85a7d743a2ac68dae6c82b98
https://conda.anaconda.org/conda-forge/linux-64/xorg-xproto-7.0.31-h7f98852_1007.tar.bz2#b4a4381d54784606820704f7b5f05a15
https://conda.anaconda.org/conda-forge/linux-64/xz-5.2.5-h516909a_1.tar.bz2#33f601066901f3e1a85af3522a8113f9
https://conda.anaconda.org/conda-forge/linux-64/yaml-0.2.5-h516909a_0.tar.bz2#03a530e925414902547cf48da7756db8
https://conda.anaconda.org/conda-forge/linux-64/aws-c-cal-0.5.11-h95a6274_0.tar.bz2#d4e7b241fb22dd3d7be1171f813d5da3
https://conda.anaconda.org/conda-forge/linux-64/aws-checksums-0.1.11-ha31a3da_7.tar.bz2#2fdb96aaab883abc0766ff76c0a34483
https://conda.anaconda.org/conda-forge/linux-64/gettext-0.19.8.1-h73d1719_1008.tar.bz2#af49250eca8e139378f8ff0ae9e57251
https://conda.anaconda.org/conda-forge/linux-64/glog-0.5.0-h48cff8f_0.tar.bz2#a574d6262c2f18ed60a686e1014a6700
https://conda.anaconda.org/conda-forge/linux-64/libblas-3.9.0-12_linux64_openblas.tar.bz2#4f93ba28c628a2c27cf39c055e6b219c
https://conda.anaconda.org/conda-forge/linux-64/libbrotlidec-1.0.9-h7f98852_5.tar.bz2#c34616b12f8350f63010e32bf181a772
https://conda.anaconda.org/conda-forge/linux-64/libbrotlienc-1.0.9-h7f98852_5.tar.bz2#0e5f9325bb831b5fb9c454ea248d4a2d
https://conda.anaconda.org/conda-forge/linux-64/libedit-3.1.20191231-he28a2e2_2.tar.bz2#4d331e44109e3f0e19b4cb8f9b82f3e1
https://conda.anaconda.org/conda-forge/linux-64/libevent-2.1.10-h9b69904_4.tar.bz2#390026683aef81db27ff1b8570ca1336
https://conda.anaconda.org/conda-forge/linux-64/librttopo-1.1.0-h1185371_6.tar.bz2#bdaaaa5a3984edea71596fc9cca74463
https://conda.anaconda.org/conda-forge/linux-64/libxcb-1.13-h7f98852_1003.tar.bz2#a9371e9e40aded194dcba1447606c9a1
https://conda.anaconda.org/conda-forge/linux-64/readline-8.1-h46c0cb4_0.tar.bz2#5788de3c8d7a7d64ac56c784c4ef48e6
https://conda.anaconda.org/conda-forge/linux-64/s2n-1.0.10-h9b69904_0.tar.bz2#9708c3ac26c20b4c4549cbe8fef937eb
https://conda.anaconda.org/conda-forge/linux-64/xerces-c-3.2.3-h9d8b166_3.tar.bz2#933cb0804fca6edcfb64332e93d86a1e
https://conda.anaconda.org/conda-forge/linux-64/xorg-libsm-1.2.3-hd9c2040_1000.tar.bz2#9e856f78d5c80d5a78f61e72d1d473a3
https://conda.anaconda.org/conda-forge/linux-64/zeromq-4.3.4-h9c3ff4c_1.tar.bz2#21743a8d2ea0c8cfbbf8fe489b0347df
https://conda.anaconda.org/conda-forge/linux-64/zlib-1.2.11-h36c2ea0_1013.tar.bz2#cf7190238072a41e9579e4476a6a60b8
https://conda.anaconda.org/conda-forge/linux-64/aws-c-io-0.10.5-hfb6a706_0.tar.bz2#47d6b88b0c42a8c9877f3993b49f052d
https://conda.anaconda.org/conda-forge/linux-64/hdf4-4.2.15-h10796ff_3.tar.bz2#21a8d66dc17f065023b33145c42652fe
https://conda.anaconda.org/conda-forge/linux-64/libcblas-3.9.0-12_linux64_openblas.tar.bz2#2e5082d4a9a18c21100e6ce5b6bcb4ec
https://conda.anaconda.org/conda-forge/linux-64/libglib-2.70.0-h174f98d_0.tar.bz2#7de5636fdf1c8cd6f60f99803cde0ee8
https://conda.anaconda.org/conda-forge/linux-64/liblapack-3.9.0-12_linux64_openblas.tar.bz2#9f401a6807a97e0c859d7522ae3d51ec
https://conda.anaconda.org/conda-forge/linux-64/libnghttp2-1.43.0-h812cca2_1.tar.bz2#d0a7846b7b3b8fb0d8b36904a53b8155
https://conda.anaconda.org/conda-forge/linux-64/libpng-1.6.37-h21135ba_2.tar.bz2#b6acf807307d033d4b7e758b4f44b036
https://conda.anaconda.org/conda-forge/linux-64/libprotobuf-3.18.1-h780b84a_0.tar.bz2#c3ad07d7c31c2ad207b1f4d36a451cee
https://conda.anaconda.org/conda-forge/linux-64/libssh2-1.10.0-ha56f1ee_2.tar.bz2#6ab4eaa11ff01801cffca0a27489dc04
https://conda.anaconda.org/conda-forge/linux-64/libthrift-0.15.0-he6d91bd_1.tar.bz2#97155bdbbd9a42d278981c1f958e06c0
https://conda.anaconda.org/conda-forge/linux-64/libxml2-2.9.12-h72842e0_0.tar.bz2#bd14fdf5b9ee5568056a40a6a2f41866
https://conda.anaconda.org/conda-forge/linux-64/libzip-1.8.0-h4de3113_1.tar.bz2#175a746a43d42c053b91aa765fbc197d
https://conda.anaconda.org/conda-forge/linux-64/sqlite-3.36.0-h9cd32fc_2.tar.bz2#3588c2c6cb9f9bcc65b544ab1c715d60
https://conda.anaconda.org/conda-forge/linux-64/tk-8.6.11-h27826a3_1.tar.bz2#84e76fb280e735fec1efd2d21fd9cb27
https://conda.anaconda.org/conda-forge/linux-64/xorg-libx11-1.7.2-h7f98852_0.tar.bz2#12a61e640b8894504326aadafccbb790
https://conda.anaconda.org/conda-forge/linux-64/zstd-1.5.0-ha95c52a_0.tar.bz2#b56f94865e2de36abf054e7bfa499034
https://conda.anaconda.org/conda-forge/linux-64/aws-c-event-stream-0.2.7-h3541f99_13.tar.bz2#39768ba0fe69c241d54703a7f5e3119f
https://conda.anaconda.org/conda-forge/linux-64/boost-cpp-1.74.0-h312852a_4.tar.bz2#22ee6de84c28eb7bd76802cf071c5d25
https://conda.anaconda.org/conda-forge/linux-64/freetype-2.10.4-h0708190_1.tar.bz2#4a06f2ac2e5bfae7b6b245171c3f07aa
https://conda.anaconda.org/conda-forge/linux-64/grpc-cpp-1.40.0-h05f19cf_2.tar.bz2#f06542f14cb3d2a983f2135c83f155d5
https://conda.anaconda.org/conda-forge/linux-64/krb5-1.19.2-hcc1bbae_2.tar.bz2#2094cf6b08a571cecf7fa332152e6461
https://conda.anaconda.org/conda-forge/linux-64/libtiff-4.3.0-h6f004c6_2.tar.bz2#34fda41ca84e67232888c9a885903055
https://conda.anaconda.org/conda-forge/linux-64/nss-3.69-hb5efdd6_1.tar.bz2#e34e1e9afe9af8fc2a046f62226b2877
https://conda.anaconda.org/conda-forge/linux-64/orc-1.7.0-h68e2c4e_0.tar.bz2#4d425f517070b0b68bb9d7f12ec2dbb9
https://conda.anaconda.org/conda-forge/linux-64/python-3.7.10-hb7a2778_104_cpython.tar.bz2#c699388f44638164b2cfbf7da3fc86b4
https://conda.anaconda.org/conda-forge/linux-64/tiledb-2.3.4-he87e0bf_0.tar.bz2#fc60915b52f99c5eba16c858a54f32e7
https://conda.anaconda.org/conda-forge/linux-64/xorg-libxext-1.3.4-h7f98852_1.tar.bz2#536cc5db4d0a3ba0630541aec064b5e4
https://conda.anaconda.org/conda-forge/linux-64/xorg-libxrender-0.9.10-h7f98852_1003.tar.bz2#f59c1242cc1dd93e72c2ee2b360979eb
https://conda.anaconda.org/conda-forge/noarch/alabaster-0.7.12-py_0.tar.bz2#2489a97287f90176ecdc3ca982b4b0a0
https://conda.anaconda.org/conda-forge/noarch/async_generator-1.10-py_0.tar.bz2#d56c596e61b1c4952acf0a9920856c12
https://conda.anaconda.org/conda-forge/noarch/attrs-21.2.0-pyhd8ed1ab_0.tar.bz2#d2e1c7f388ac403df7079b411c37cc50
https://conda.anaconda.org/conda-forge/noarch/backcall-0.2.0-pyh9f0ad1d_0.tar.bz2#6006a6d08a3fa99268a2681c7fb55213
https://conda.anaconda.org/conda-forge/noarch/backports-1.0-py_2.tar.bz2#0da16b293affa6ac31812376f8eb79dd
https://conda.anaconda.org/conda-forge/noarch/cached_property-1.5.2-pyha770c72_1.tar.bz2#576d629e47797577ab0f1b351297ef4a
https://conda.anaconda.org/conda-forge/noarch/charset-normalizer-2.0.0-pyhd8ed1ab_0.tar.bz2#4a57e24d5b759893615c05926b7b5fb9
https://conda.anaconda.org/conda-forge/noarch/cloudpickle-2.0.0-pyhd8ed1ab_0.tar.bz2#3a8fc8b627d5fb6af827e126a10a86c6
https://conda.anaconda.org/conda-forge/noarch/colorama-0.4.4-pyh9f0ad1d_0.tar.bz2#c08b4c1326b880ed44f3ffb04803332f
https://conda.anaconda.org/conda-forge/noarch/dataclasses-0.8-pyhc8e2a94_3.tar.bz2#a362b2124b06aad102e2ee4581acee7d
https://conda.anaconda.org/conda-forge/noarch/decorator-5.1.0-pyhd8ed1ab_0.tar.bz2#71b13ba2e0efcff45646f05d619534b0
https://conda.anaconda.org/conda-forge/noarch/defusedxml-0.7.1-pyhd8ed1ab_0.tar.bz2#961b3a227b437d82ad7054484cfa71b2
https://conda.anaconda.org/conda-forge/noarch/docopt-0.6.2-py_1.tar.bz2#a9ed63e45579cfef026a916af2bc27c9
https://conda.anaconda.org/conda-forge/noarch/execnet-1.9.0-pyhd8ed1ab_0.tar.bz2#0e521f7a5e60d508b121d38b04874fb2
https://conda.anaconda.org/conda-forge/linux-64/fontconfig-2.13.1-hba837de_1005.tar.bz2#fd3611672eb91bc9d24fd6fb970037eb
https://conda.anaconda.org/conda-forge/noarch/fsspec-2021.10.1-pyhd8ed1ab_0.tar.bz2#bd1317fcfc2899cd4fd1a0f9cbca805c
https://conda.anaconda.org/conda-forge/noarch/idna-3.1-pyhd3deb0d_0.tar.bz2#9c9aea4b8391264477df484f798562d0
https://conda.anaconda.org/conda-forge/noarch/imagesize-1.2.0-py_0.tar.bz2#5879bd2c4b399a5072468e5fe587bf1b
https://conda.anaconda.org/conda-forge/noarch/iniconfig-1.1.1-pyh9f0ad1d_0.tar.bz2#39161f81cc5e5ca45b8226fbb06c6905
https://conda.anaconda.org/conda-forge/noarch/ipython_genutils-0.2.0-py_1.tar.bz2#5071c982548b3a20caf70462f04f5287
https://conda.anaconda.org/conda-forge/linux-64/lcms2-2.12-hddcbb42_0.tar.bz2#797117394a4aa588de6d741b06fad80f
https://conda.anaconda.org/conda-forge/linux-64/libcurl-7.79.1-h2574ce0_1.tar.bz2#7df45d44314d8ed15453dbe9f6c125db
https://conda.anaconda.org/conda-forge/linux-64/libkml-1.3.0-h238a007_1014.tar.bz2#abd8e196ad04781818acef26cc451d66
https://conda.anaconda.org/conda-forge/linux-64/libpq-13.3-hd57d9b9_1.tar.bz2#159b5a1e2ba2cc3eaee6e4f077fd623c
https://conda.anaconda.org/conda-forge/noarch/locket-0.2.0-py_2.tar.bz2#709e8671651c7ec3d1ad07800339ff1d
https://conda.anaconda.org/conda-forge/noarch/mccabe-0.6.1-py_1.tar.bz2#a326cb400c1ccd91789f3e7d02124d61
https://conda.anaconda.org/conda-forge/noarch/more-itertools-8.10.0-pyhd8ed1ab_0.tar.bz2#24a4379cfc9ba76a7ad238e5c32a6c68
https://conda.anaconda.org/conda-forge/noarch/nest-asyncio-1.5.1-pyhd8ed1ab_0.tar.bz2#47a51a5b8f9cc41004c8d7bd88b62447
https://conda.anaconda.org/conda-forge/noarch/olefile-0.46-pyh9f0ad1d_1.tar.bz2#0b2e68acc8c78c8cc392b90983481f58
https://conda.anaconda.org/conda-forge/linux-64/openjpeg-2.4.0-hb52868f_1.tar.bz2#b7ad78ad2e9ee155f59e6428406ee824
https://conda.anaconda.org/conda-forge/noarch/pandocfilters-1.5.0-pyhd8ed1ab_0.tar.bz2#457c2c8c08e54905d6954e79cb5b5db9
https://conda.anaconda.org/conda-forge/noarch/parso-0.8.2-pyhd8ed1ab_0.tar.bz2#fb40b157bd62b457a1cc82527b63f0b0
https://conda.anaconda.org/conda-forge/noarch/parsy-1.3.0-pyhd8ed1ab_0.tar.bz2#94cd1a4bfe56d25b4e441c46e630b147
https://conda.anaconda.org/conda-forge/noarch/pathspec-0.9.0-pyhd8ed1ab_0.tar.bz2#f93dc0ccbc0a8472624165f6e256c7d1
https://conda.anaconda.org/conda-forge/noarch/platformdirs-2.3.0-pyhd8ed1ab_0.tar.bz2#7bc119135be2a43e1701432399d8c28a
https://conda.anaconda.org/conda-forge/noarch/ptyprocess-0.7.0-pyhd3deb0d_0.tar.bz2#359eeb6536da0e687af562ed265ec263
https://conda.anaconda.org/conda-forge/noarch/pure-sasl-0.6.2-pyhd8ed1ab_0.tar.bz2#ac695eecf21ab48093bc33fd60b4102d
https://conda.anaconda.org/conda-forge/noarch/py-1.10.0-pyhd3deb0d_0.tar.bz2#88ca1328ecc79a070214aa24911bace8
https://conda.anaconda.org/conda-forge/noarch/py4j-0.10.9.2-pyhd8ed1ab_0.tar.bz2#755fbc97dc38ac169ba18fd28cacbc77
https://conda.anaconda.org/conda-forge/noarch/pycodestyle-2.8.0-pyhd8ed1ab_0.tar.bz2#f2532eee272d45b1283ea4869d71f044
https://conda.anaconda.org/conda-forge/noarch/pycparser-2.20-pyh9f0ad1d_2.tar.bz2#aa798d50ffd182a0f6f31478c7f434f6
https://conda.anaconda.org/conda-forge/noarch/pyflakes-2.4.0-pyhd8ed1ab_0.tar.bz2#1aa3ecd37d0694e2ea5fef48da75371e
https://conda.anaconda.org/conda-forge/noarch/pymysql-1.0.2-pyhd8ed1ab_0.tar.bz2#6b3c16769e390b5b60729d2eb46b8144
https://conda.anaconda.org/conda-forge/noarch/pyparsing-2.4.7-pyh9f0ad1d_0.tar.bz2#626c4f20d5bf06dcec9cf2eaa31725c7
https://conda.anaconda.org/conda-forge/noarch/python-tzdata-2021.2.post0-pyhd8ed1ab_0.tar.bz2#46ce641a1346b285fd15d6a2115bbc27
https://conda.anaconda.org/conda-forge/linux-64/python_abi-3.7-2_cp37m.tar.bz2#afff88bf9a7048da740c70aeb8cdbb82
https://conda.anaconda.org/conda-forge/noarch/pytz-2021.3-pyhd8ed1ab_0.tar.bz2#7e4f811bff46a5a6a7e0094921389395
https://conda.anaconda.org/conda-forge/noarch/semantic_version-2.6.0-py_0.tar.bz2#f9d12aa48fc359993754ecedb53f1b1a
https://conda.anaconda.org/conda-forge/noarch/sgmllib3k-1.0.0-pyh9f0ad1d_0.tar.bz2#e741c12e1b51e1885b1b38f2180ac38f
https://conda.anaconda.org/conda-forge/noarch/six-1.16.0-pyh6c4a22f_0.tar.bz2#e5f25f8dbc060e9a8d912e432202afc2
https://conda.anaconda.org/conda-forge/noarch/snowballstemmer-2.1.0-pyhd8ed1ab_0.tar.bz2#f1d64c0cf0eedf655a96ccdc1573c05a
https://conda.anaconda.org/conda-forge/noarch/sphinxcontrib-applehelp-1.0.2-py_0.tar.bz2#20b2eaeaeea4ef9a9a0d99770620fd09
https://conda.anaconda.org/conda-forge/noarch/sphinxcontrib-devhelp-1.0.2-py_0.tar.bz2#68e01cac9d38d0e717cd5c87bc3d2cc9
https://conda.anaconda.org/conda-forge/noarch/sphinxcontrib-htmlhelp-2.0.0-pyhd8ed1ab_0.tar.bz2#77dad82eb9c8c1525ff7953e0756d708
https://conda.anaconda.org/conda-forge/noarch/sphinxcontrib-jsmath-1.0.1-py_0.tar.bz2#67cd9d9c0382d37479b4d306c369a2d4
https://conda.anaconda.org/conda-forge/noarch/sphinxcontrib-qthelp-1.0.3-py_0.tar.bz2#d01180388e6d1838c3e1ad029590aa7a
https://conda.anaconda.org/conda-forge/noarch/sphinxcontrib-serializinghtml-1.1.5-pyhd8ed1ab_0.tar.bz2#60e630285f44af05767dcb7f473ee03f
https://conda.anaconda.org/conda-forge/noarch/testpath-0.5.0-pyhd8ed1ab_0.tar.bz2#53b57d6a468bebc7cef1253b177a5e9e
https://conda.anaconda.org/conda-forge/noarch/threadpoolctl-3.0.0-pyh8a188c0_0.tar.bz2#bc3c2909c20635e854f5e533c436cbad
https://conda.anaconda.org/conda-forge/noarch/toml-0.10.2-pyhd8ed1ab_0.tar.bz2#f832c45a477c78bebd107098db465095
https://conda.anaconda.org/conda-forge/noarch/tomli-1.2.1-pyhd8ed1ab_0.tar.bz2#ea475017070fa78c7e988be634e1322c
https://conda.anaconda.org/conda-forge/noarch/toolz-0.11.1-py_0.tar.bz2#d1e66b58cb00b3817ad9f05eec098c00
https://conda.anaconda.org/conda-forge/noarch/traitlets-5.1.0-pyhd8ed1ab_0.tar.bz2#f6ba1dcaac382d318901f44c0eb3dcb8
https://conda.anaconda.org/conda-forge/noarch/typing_extensions-3.10.0.2-pyha770c72_0.tar.bz2#85dfd487a244bbe2cf7019ce8a39b5bc
https://conda.anaconda.org/conda-forge/noarch/webencodings-0.5.1-py_1.tar.bz2#3563be4c5611a44210d9ba0c16113136
https://conda.anaconda.org/conda-forge/noarch/wheel-0.37.0-pyhd8ed1ab_1.tar.bz2#3aa2c3e25dd361b453d010388b9cdff1
https://conda.anaconda.org/conda-forge/noarch/xyzservices-2021.10.0-pyhd8ed1ab_0.tar.bz2#cd7c1397fc3fc1702b7c3d461adf901b
https://conda.anaconda.org/conda-forge/noarch/zipp-3.6.0-pyhd8ed1ab_0.tar.bz2#855e2c4622f5eb50a4f6f7167b9ba17a
https://conda.anaconda.org/conda-forge/linux-64/aws-sdk-cpp-1.8.186-hb4091e7_3.tar.bz2#3c08d9ee5cb4fe57774405a429f12351
https://conda.anaconda.org/conda-forge/noarch/babel-2.9.1-pyh44b312d_0.tar.bz2#74136ed39bfea0832d338df1e58d013e
https://conda.anaconda.org/conda-forge/linux-64/backports.zoneinfo-0.2.1-py37h5e8e339_4.tar.bz2#949605e10f7cd572e2647a8a2d7d2916
https://conda.anaconda.org/conda-forge/linux-64/bitarray-2.3.4-py37h5e8e339_1.tar.bz2#96b2295df0feb27415d27ee1767d48d5
https://conda.anaconda.org/conda-forge/linux-64/cairo-1.16.0-h6cf1ce9_1008.tar.bz2#a43fb47d15e116f8be4be7e6b17ab59f
https://conda.anaconda.org/conda-forge/linux-64/certifi-2021.10.8-py37h89c1867_0.tar.bz2#68f7c0ceab251ba01bca307c064afaa6
https://conda.anaconda.org/conda-forge/linux-64/cffi-1.14.6-py37h036bc23_1.tar.bz2#43cbbebef925c942310d814502323c63
https://conda.anaconda.org/conda-forge/linux-64/cfitsio-3.470-hb418390_7.tar.bz2#5bda2e5ca5edb0c207c3ec76f57f8ecc
https://conda.anaconda.org/conda-forge/linux-64/chardet-4.0.0-py37h89c1867_1.tar.bz2#f4fbd4721b80f0d6b53b3a3374914068
https://conda.anaconda.org/conda-forge/linux-64/coverage-6.0.2-py37h5e8e339_0.tar.bz2#af8c647615290da3124ec80186fbcc29
https://conda.anaconda.org/conda-forge/linux-64/curl-7.79.1-h2574ce0_1.tar.bz2#3696bc993fbd6b316df13ea18b397b92
https://conda.anaconda.org/conda-forge/noarch/cycler-0.10.0-py_2.tar.bz2#f6d7c7e6d8f42cbbec7e07a8d879f91c
https://conda.anaconda.org/conda-forge/linux-64/cytoolz-0.11.0-py37h5e8e339_3.tar.bz2#2e89a6f3baf5eeb13763f61ea3d0601f
https://conda.anaconda.org/conda-forge/linux-64/debugpy-1.4.1-py37hcd2ae1e_0.tar.bz2#2fe9a412db79e302782f7ed9e18c02dd
https://conda.anaconda.org/conda-forge/linux-64/docutils-0.17.1-py37h89c1867_0.tar.bz2#3bc9bd36604f0a20407529816e64ae70
https://conda.anaconda.org/conda-forge/linux-64/entrypoints-0.3-py37hc8dfbb8_1002.tar.bz2#1d8fad3ab1118f88aada03a56efa93d8
https://conda.anaconda.org/conda-forge/linux-64/fastavro-1.4.5-py37h5e8e339_0.tar.bz2#bc00fd31cc6e22b1d7bc84509d9d2889
https://conda.anaconda.org/conda-forge/noarch/feedparser-6.0.8-pyhd8ed1ab_0.tar.bz2#aec61f51a85df0e61192be8486e87d58
https://conda.anaconda.org/conda-forge/linux-64/hdf5-1.12.1-nompi_h2750804_101.tar.bz2#5c442e5109bc9758a9bbc5256753507c
https://conda.anaconda.org/conda-forge/linux-64/importlib-metadata-4.8.1-py37h89c1867_0.tar.bz2#6c71b2b82c7e5908e1077b932632b6cf
https://conda.anaconda.org/conda-forge/linux-64/jedi-0.18.0-py37h89c1867_2.tar.bz2#5e95b453f199caec4dd1bf6002ae0ce2
https://conda.anaconda.org/conda-forge/linux-64/jupyter_core-4.8.1-py37h89c1867_0.tar.bz2#7fd03e4247346d69702ad89c726c96fe
https://conda.anaconda.org/conda-forge/linux-64/kiwisolver-1.3.2-py37h2527ec5_0.tar.bz2#48edccac5dc91a809dc6f8fd20623738
https://conda.anaconda.org/conda-forge/linux-64/markupsafe-2.0.1-py37h5e8e339_0.tar.bz2#90ad307f6997784664de956e09ec689e
https://conda.anaconda.org/conda-forge/noarch/matplotlib-inline-0.1.3-pyhd8ed1ab_0.tar.bz2#be3bfd435802d2c768c6b2439f325f3d
https://conda.anaconda.org/conda-forge/linux-64/mistune-0.8.4-py37h5e8e339_1004.tar.bz2#2a5b3879a9268d1cad576f36a6b41349
https://conda.anaconda.org/conda-forge/linux-64/mock-4.0.3-py37h89c1867_1.tar.bz2#b45c06a416e3f3f74fab9b7b5964c17a
https://conda.anaconda.org/conda-forge/noarch/multipledispatch-0.6.0-py_0.tar.bz2#1073dc92c8f247d94ac14dd79ca0bbec
https://conda.anaconda.org/conda-forge/linux-64/mypy_extensions-0.4.3-py37h89c1867_3.tar.bz2#b604f0897a7a207bddd7d05bf3284752
https://conda.anaconda.org/conda-forge/linux-64/numpy-1.21.2-py37h31617e3_0.tar.bz2#c7e452d6e97ebbf447fa3d6ea8d59f02
https://conda.anaconda.org/conda-forge/noarch/packaging-21.0-pyhd8ed1ab_0.tar.bz2#45cfb8e482b5cce8f07c87e0e19a592c
https://conda.anaconda.org/conda-forge/noarch/partd-1.2.0-pyhd8ed1ab_0.tar.bz2#0c32f563d7f22e3a34c95cad8cc95651
https://conda.anaconda.org/conda-forge/linux-64/pexpect-4.8.0-py37hc8dfbb8_1.tar.bz2#fda2ad946f9f5b7ce3531cc34ab262e9
https://conda.anaconda.org/conda-forge/linux-64/pickleshare-0.7.5-py37hc8dfbb8_1002.tar.bz2#14ce4d7ec7d9a22007168539135bc6d5
https://conda.anaconda.org/conda-forge/linux-64/pillow-8.3.2-py37h0f21c89_0.tar.bz2#3030abb07f3ada98d1a3de363cfbe192
https://conda.anaconda.org/conda-forge/linux-64/postgresql-13.3-h2510834_1.tar.bz2#0797ff678ba49b7c2cafe25216df5a75
https://conda.anaconda.org/conda-forge/linux-64/proj-8.1.1-h277dcde_2.tar.bz2#f2dd8fd358ceab06812fafc0ffe109b1
https://conda.anaconda.org/conda-forge/linux-64/psutil-5.8.0-py37h5e8e339_1.tar.bz2#2923250371b05e798f3732531cdb5300
https://conda.anaconda.org/conda-forge/linux-64/psycopg2-2.9.1-py37h5e8e339_0.tar.bz2#8ffbd8675bb44c947b26138f2d44dc62
https://conda.anaconda.org/conda-forge/noarch/pydocstyle-6.1.1-pyhd8ed1ab_0.tar.bz2#e417954a987d382b3142886726ab3aad
https://conda.anaconda.org/conda-forge/linux-64/pykerberos-1.2.1-py37hba6306b_5.tar.bz2#878e8bece1a07c96e640acc79b7e6822
https://conda.anaconda.org/conda-forge/linux-64/pyrsistent-0.17.3-py37h5e8e339_2.tar.bz2#829e0a0279d711a7b5aa67fe18c73672
https://conda.anaconda.org/conda-forge/linux-64/pysocks-1.7.1-py37h89c1867_3.tar.bz2#bd069d59ee91a2e26552cd7bb4c64032
https://conda.anaconda.org/conda-forge/noarch/python-dateutil-2.8.2-pyhd8ed1ab_0.tar.bz2#dd999d1cc9f79e67dbb855c8924c7984
https://conda.anaconda.org/conda-forge/linux-64/pyyaml-6.0-py37h5e8e339_0.tar.bz2#31708594a6bbdd7af9d15e7b247ba155
https://conda.anaconda.org/conda-forge/linux-64/pyzmq-22.3.0-py37h336d617_0.tar.bz2#def88a6d73bb6a7c95418e341708f599
https://conda.anaconda.org/conda-forge/linux-64/regex-2021.10.8-py37h5e8e339_0.tar.bz2#4cc6f28cc994e30b429e1553591eecc8
https://conda.anaconda.org/conda-forge/linux-64/rtree-0.9.7-py37h0b55af0_2.tar.bz2#23e57b4357525a52c9cef36ac74495eb
https://conda.anaconda.org/conda-forge/linux-64/setuptools-58.2.0-py37h89c1867_0.tar.bz2#df8adba0800b87a9232e801c70ec14d9
https://conda.anaconda.org/conda-forge/linux-64/sqlalchemy-1.3.23-py37h5e8e339_0.tar.bz2#a44874c02cf4967a3052009bf31bb3da
https://conda.anaconda.org/conda-forge/linux-64/thrift-0.14.0-py37hcd2ae1e_0.tar.bz2#fb972c73df2b63b70da8b4df7a3dae5c
https://conda.anaconda.org/conda-forge/linux-64/tornado-6.1-py37h5e8e339_1.tar.bz2#92449128c4639feae48d731ef2186099
https://conda.anaconda.org/conda-forge/linux-64/typed-ast-1.4.3-py37h5e8e339_0.tar.bz2#0e8dc105f8cf0a2a6456f7a18f34a712
https://conda.anaconda.org/conda-forge/linux-64/arrow-cpp-5.0.0-py37head6c39_8_cpu.tar.bz2#52aacccbed54535c979829498dfe6d05
https://conda.anaconda.org/conda-forge/linux-64/asv-0.4.2-py37hcd2ae1e_2.tar.bz2#a539a23d322e3976dda4af86e59b31ce
https://conda.anaconda.org/conda-forge/noarch/backports.functools_lru_cache-1.6.4-pyhd8ed1ab_0.tar.bz2#c5b3edc62d6309088f4970b3eaaa65a6
https://conda.anaconda.org/conda-forge/noarch/bleach-4.1.0-pyhd8ed1ab_0.tar.bz2#4a2104c7b22c222bd0fe03aaef12862c
https://conda.anaconda.org/conda-forge/linux-64/brotlipy-0.7.0-py37h5e8e339_1001.tar.bz2#871eed4ba322e7b3f200956a096b34e7
https://conda.anaconda.org/conda-forge/linux-64/click-8.0.3-py37h89c1867_0.tar.bz2#bb19ed0d0094ad2bb4ae53868cf7b3d1
https://conda.anaconda.org/conda-forge/linux-64/cryptography-35.0.0-py37h5d9358c_0.tar.bz2#1b1b0adc6647e497ff5ea96e8194c472
https://conda.anaconda.org/conda-forge/noarch/dask-core-2021.9.1-pyhd8ed1ab_0.tar.bz2#d38922a4d6c96adef5ea38aad3965855
https://conda.anaconda.org/conda-forge/noarch/flake8-4.0.1-pyhd8ed1ab_0.tar.bz2#8345403a7a0c5d95bb686fb8257c8638
https://conda.anaconda.org/conda-forge/noarch/geoalchemy2-0.6.3-py_0.tar.bz2#1ea49d7c1392265e007a8b2f8de0713b
https://conda.anaconda.org/conda-forge/linux-64/geotiff-1.7.0-hcfb7246_3.tar.bz2#2ee4c7dbcb8a40aaa1f3fe6eee4b2f3e
https://conda.anaconda.org/conda-forge/noarch/importlib_metadata-4.8.1-hd8ed1ab_0.tar.bz2#ce811c521c3a02d7c8ace1cfbd2a0bcd
https://conda.anaconda.org/conda-forge/noarch/isort-5.9.3-pyhd8ed1ab_0.tar.bz2#1d4edd3ed982e6c03ae1788dfb87d907
https://conda.anaconda.org/conda-forge/noarch/jinja2-3.0.2-pyhd8ed1ab_0.tar.bz2#63bce5b7963c5f50273bd86a57b82272
https://conda.anaconda.org/conda-forge/noarch/joblib-1.1.0-pyhd8ed1ab_0.tar.bz2#07d1b5c8cde14d95998fd4767e1e62d2
https://conda.anaconda.org/conda-forge/noarch/jsonschema-4.1.0-pyhd8ed1ab_0.tar.bz2#927b99367c1323748cb259c19f93e1eb
https://conda.anaconda.org/conda-forge/noarch/jupyter_client-7.0.6-pyhd8ed1ab_0.tar.bz2#bad4522cf4a022cb5500969ad67c3342
https://conda.anaconda.org/conda-forge/linux-64/kealib-1.4.14-h87e4c3c_3.tar.bz2#41bf142f90ede16fa293161cbeff0335
https://conda.anaconda.org/conda-forge/linux-64/libdap4-3.20.6-hd7c4107_2.tar.bz2#c265ae57e3acdc891f3e2b93cf6784f5
https://conda.anaconda.org/conda-forge/linux-64/libnetcdf-4.8.1-nompi_hb3fd0d9_101.tar.bz2#f51a2170153d740fd9324534e71cd8a0
https://conda.anaconda.org/conda-forge/linux-64/libspatialite-5.0.1-h8796b1e_9.tar.bz2#f36ac553f78bdec672ee6e4b05818ef0
https://conda.anaconda.org/conda-forge/noarch/markdown-3.3.4-pyhd8ed1ab_0.tar.bz2#b8054f74fbed2b282f032219f114421a
https://conda.anaconda.org/conda-forge/linux-64/matplotlib-base-3.4.3-py37h1058ff1_1.tar.bz2#a67dbcb27809c5bc08dd72a257cfde46
https://conda.anaconda.org/conda-forge/noarch/munch-2.5.0-py_0.tar.bz2#31d9e9be500e25ff0050bc9f57a6bcd7
https://conda.anaconda.org/conda-forge/linux-64/mypy-0.910-py37h5e8e339_0.tar.bz2#e29e50bbe4003710a5e952b32c5b769f
https://conda.anaconda.org/conda-forge/noarch/networkx-2.5-py_0.tar.bz2#d836ad8453c22192357707026ca21653
https://conda.anaconda.org/conda-forge/linux-64/numexpr-2.7.3-py37he8f5f7f_0.tar.bz2#ad02911dc8d4b7bee16f686cc406a39d
https://conda.anaconda.org/conda-forge/linux-64/pandas-1.3.4-py37he8f5f7f_0.tar.bz2#7f8fce7c0c3b49732f442f898c26d039
https://conda.anaconda.org/conda-forge/noarch/pip-21.3-pyhd8ed1ab_0.tar.bz2#88e8601cd6bdb2d7725e2c7ceb28286a
https://conda.anaconda.org/conda-forge/linux-64/poppler-21.09.0-ha39eefc_3.tar.bz2#12d3af7e7a70f8c6e4f8b34a1217d4d2
https://conda.anaconda.org/conda-forge/noarch/pygments-2.10.0-pyhd8ed1ab_0.tar.bz2#32bcce837f1316f1c3208118b6c5e5fc
https://conda.anaconda.org/conda-forge/linux-64/pynacl-1.4.0-py37h5e8e339_2.tar.bz2#806329e909d98398373dfbc3fb978319
https://conda.anaconda.org/conda-forge/linux-64/pyproj-3.2.1-py37hd495510_2.tar.bz2#0252c7180744a6fc12a7ab94458e434e
https://conda.anaconda.org/conda-forge/linux-64/pytz-deprecation-shim-0.1.0.post0-py37h89c1867_0.tar.bz2#fc108a7dbb412078439c96ca2ba584a9
https://conda.anaconda.org/conda-forge/linux-64/scipy-1.7.1-py37hf2a6cf1_0.tar.bz2#b727e3ad6b8821c7d75442d2f61c3113
https://conda.anaconda.org/conda-forge/linux-64/shapely-1.7.1-py37h48c49eb_5.tar.bz2#847d8008e86b949a53f03e78b752b755
https://conda.anaconda.org/conda-forge/noarch/thrift_sasl-0.4.3-pyhd8ed1ab_1.tar.bz2#6b4de64c72e1128f3290a1a06a03190d
https://conda.anaconda.org/conda-forge/noarch/argcomplete-1.12.3-pyhd8ed1ab_2.tar.bz2#b8152341fc3fc9880c6e1b9d188974e5
https://conda.anaconda.org/conda-forge/linux-64/bcrypt-3.2.0-py37h5e8e339_1.tar.bz2#a4b1a84607ed57e9c0ec7c349634c366
https://conda.anaconda.org/conda-forge/noarch/black-21.9b0-pyhd8ed1ab_1.tar.bz2#e5c67c8b879d4abcee559838b1920fba
https://conda.anaconda.org/conda-forge/noarch/branca-0.4.2-pyhd8ed1ab_0.tar.bz2#836c975d3ae4f21c3cd047c10b15a7cf
https://conda.anaconda.org/conda-forge/noarch/click-plugins-1.1.1-py_0.tar.bz2#4fd2c6b53934bd7d96d1f3fdaf99b79f
https://conda.anaconda.org/conda-forge/noarch/cligj-0.7.2-pyhd8ed1ab_1.tar.bz2#a29b7c141d6b2de4bb67788a5f107734
https://conda.anaconda.org/conda-forge/noarch/geopandas-base-0.10.2-pyha770c72_0.tar.bz2#50c65c070517621d4d27756ba2431e13
https://conda.anaconda.org/conda-forge/noarch/impyla-0.17.0-pyhd8ed1ab_2.tar.bz2#6c2b6b92dacfa3e9fb974849c16b6e80
https://conda.anaconda.org/conda-forge/noarch/jupyterlab_pygments-0.1.2-pyh9f0ad1d_0.tar.bz2#2cbd910890bb328e8959246a1e16fac7
https://conda.anaconda.org/conda-forge/linux-64/libgdal-3.3.2-h9c9eb65_4.tar.bz2#44ffa214396733c9214a1e685789ed80
https://conda.anaconda.org/conda-forge/noarch/nbformat-5.1.3-pyhd8ed1ab_0.tar.bz2#bafa5df6d4f8db69a4d197b4657127e7
https://conda.anaconda.org/conda-forge/linux-64/parquet-cpp-1.5.1-1.tar.bz2#f88f83428aa93efac1eb00980f8e15d3
https://conda.anaconda.org/conda-forge/linux-64/pluggy-1.0.0-py37h89c1867_1.tar.bz2#2c324500485c395e5b3f1bf0ea2acaaa
https://conda.anaconda.org/conda-forge/noarch/pyopenssl-21.0.0-pyhd8ed1ab_0.tar.bz2#8c49efecb7dca466e18b06015e8c88ce
https://conda.anaconda.org/conda-forge/noarch/pysuerga-0.1.0-pyhd8ed1ab_0.tar.bz2#c14dadb7b1d221b8c069174d80b186a4
https://conda.anaconda.org/conda-forge/linux-64/pytables-3.6.1-py37h5dea08b_4.tar.bz2#49d3913ad6bf2d706f5bd5f913318c27
https://conda.anaconda.org/conda-forge/linux-64/scikit-learn-1.0-py37hf0f1638_1.tar.bz2#f3fd426bf6a1374025a1b7e7c5389669
https://conda.anaconda.org/conda-forge/linux-64/tzlocal-4.0.1-py37h89c1867_0.tar.bz2#70329173617bcfd37402b24587018682
https://conda.anaconda.org/conda-forge/noarch/wcwidth-0.2.5-pyh9f0ad1d_2.tar.bz2#5266fcd697043c59621fda522b3d78ee
https://conda.anaconda.org/conda-forge/linux-64/clickhouse-driver-0.2.2-py37h5e8e339_0.tar.bz2#306250a80157735f1e5bf1c75eb1a3c4
https://conda.anaconda.org/conda-forge/linux-64/gdal-3.3.2-py37hd5a0ba4_4.tar.bz2#8eec8aaa4703fbe26a2b35bd52aed40e
https://conda.anaconda.org/conda-forge/noarch/mapclassify-2.4.3-pyhd8ed1ab_0.tar.bz2#908bbfb54da154042c5cbda77b37a3d1
https://conda.anaconda.org/conda-forge/noarch/nbclient-0.5.4-pyhd8ed1ab_0.tar.bz2#66ea0ea89e4f657a8b85fa5bdfce60ac
https://conda.anaconda.org/conda-forge/noarch/paramiko-2.8.0-pyhd8ed1ab_0.tar.bz2#c82c9a9849026cc61ad43dcc99afe160
https://conda.anaconda.org/conda-forge/noarch/prompt-toolkit-3.0.20-pyha770c72_0.tar.bz2#98a90e847b48fc14b2d5b12e4884e8d4
https://conda.anaconda.org/conda-forge/linux-64/pyarrow-5.0.0-py37h58331f5_8_cpu.tar.bz2#0d7691a495d787dc109ceaefa7cc70b2
https://conda.anaconda.org/conda-forge/linux-64/pytest-6.2.5-py37h89c1867_0.tar.bz2#64bc9e9fa6b4e9ea8e685e67ced6c8b0
https://conda.anaconda.org/conda-forge/noarch/urllib3-1.26.7-pyhd8ed1ab_0.tar.bz2#be75bab4820a56f77ba1a3fc9139c36a
https://conda.anaconda.org/conda-forge/linux-64/fiona-1.8.20-py37hb7e2723_2.tar.bz2#17cacc7f5af8748ffdeb010cac6da659
https://conda.anaconda.org/conda-forge/linux-64/ipython-7.28.0-py37h6531663_0.tar.bz2#2a75abe115faed053577f8b680a90f46
https://conda.anaconda.org/conda-forge/linux-64/nbconvert-6.2.0-py37h89c1867_0.tar.bz2#fe0641b2e2e50d4309e2a3165388311c
https://conda.anaconda.org/conda-forge/noarch/plumbum-1.7.0-pyhd8ed1ab_0.tar.bz2#24ec49bf5c2e2cd98cda1a17c8d443f3
https://conda.anaconda.org/conda-forge/noarch/pyspark-3.2.0-pyh6c4a22f_0.tar.bz2#4964a9b503b85205ca5376d9a43dd4d5
https://conda.anaconda.org/conda-forge/noarch/pytest-cov-3.0.0-pyhd8ed1ab_0.tar.bz2#0f7cac11bb696b62d378bde725bfc3eb
https://conda.anaconda.org/conda-forge/noarch/pytest-forked-1.3.0-pyhd3deb0d_0.tar.bz2#2d103cf417c949e689278a5836c452cb
https://conda.anaconda.org/conda-forge/noarch/pytest-mock-3.6.1-pyhd8ed1ab_0.tar.bz2#95d022e1556adb78274d59bdf0939608
https://conda.anaconda.org/conda-forge/noarch/pytest-randomly-3.10.1-pyhd8ed1ab_0.tar.bz2#dfbf07034d5baee9c0b830efb6874202
https://conda.anaconda.org/conda-forge/noarch/requests-2.26.0-pyhd8ed1ab_0.tar.bz2#0ed2ccbde6db9dd5789068eb7194463f
https://conda.anaconda.org/conda-forge/noarch/clickhouse-sqlalchemy-0.1.4-py_0.tar.bz2#eefe6c41dc23b97fc216348bf8f0b969
https://conda.anaconda.org/conda-forge/noarch/folium-0.12.0-pyhd8ed1ab_1.tar.bz2#91945fa06d1d7a5a8914f32785388478
https://conda.anaconda.org/conda-forge/linux-64/ipykernel-6.4.1-py37h6531663_0.tar.bz2#6d07659dabaeadc3b575dfd041852f19
https://conda.anaconda.org/conda-forge/noarch/pytest-xdist-2.4.0-pyhd8ed1ab_0.tar.bz2#ff7ce4f4c4a5e9a7825d4a7f045f0f1a
https://conda.anaconda.org/conda-forge/linux-64/requests-kerberos-0.12.0-py37h89c1867_2.tar.bz2#a7a133db0c8ea3560c79ea5ee58a23ae
https://conda.anaconda.org/conda-forge/noarch/sphinx-4.2.0-pyh6c4a22f_0.tar.bz2#ea5c6881a11a0d9c4d04f1ebae87bb34
https://conda.anaconda.org/conda-forge/noarch/geopandas-0.10.2-pyhd8ed1ab_0.tar.bz2#6097c661f844076a5885f1a96809a131
https://conda.anaconda.org/conda-forge/noarch/nbsphinx-0.8.7-pyhd8ed1ab_0.tar.bz2#679a7e888a2daa3f5bccc0577ba8288c
https://conda.anaconda.org/conda-forge/noarch/python-hdfs-2.6.0-pyhd8ed1ab_0.tar.bz2#6d826168a0cdc0ac13c33ae6a5bc4b43
https://conda.anaconda.org/conda-forge/noarch/sphinx-releases-1.6.3-pyhd8ed1ab_1.tar.bz2#a7de55e5052c22aaa3e0f334390054bf
https://conda.anaconda.org/conda-forge/noarch/sphinx_rtd_theme-1.0.0-pyhd8ed1ab_0.tar.bz2#9f633f2f2869184e31acfeae95b24345
