# Generated by conda-lock.
# platform: osx-64
# input_hash: 8d90a5faceb30f969db28c9dc17c7c17ab20045757c5d8ad4d0b27097b5f9d6c
@EXPLICIT
https://conda.anaconda.org/conda-forge/osx-64/aws-c-common-0.6.2-h0d85af4_0.tar.bz2#0f72a3415c40ead80c978fec230f49ee
https://conda.anaconda.org/conda-forge/osx-64/bzip2-1.0.8-h0d85af4_4.tar.bz2#37edc4e6304ca87316e160f5ca0bd1b5
https://conda.anaconda.org/conda-forge/osx-64/c-ares-1.17.2-h0d85af4_0.tar.bz2#133e6624e8c549a83f5350847d3e0a43
https://conda.anaconda.org/conda-forge/osx-64/ca-certificates-2021.10.8-h033912b_0.tar.bz2#bb82d0243db9882b509702ecb69e38f0
https://conda.anaconda.org/conda-forge/noarch/font-ttf-dejavu-sans-mono-2.37-hab24e00_0.tar.bz2#0c96522c6bdaed4b1566d11387caaf45
https://conda.anaconda.org/conda-forge/noarch/font-ttf-inconsolata-3.000-h77eed37_0.tar.bz2#34893075a5c9e55cdafac56607368fc6
https://conda.anaconda.org/conda-forge/noarch/font-ttf-source-code-pro-2.038-h77eed37_0.tar.bz2#4d59c254e01d9cde7957100457e2d5fb
https://conda.anaconda.org/conda-forge/noarch/font-ttf-ubuntu-0.83-hab24e00_0.tar.bz2#19410c3df09dfb12d1206132a1d357c5
https://conda.anaconda.org/conda-forge/osx-64/freexl-1.0.6-h0d85af4_0.tar.bz2#077e147086c0a8ca19071e312a5d12e0
https://conda.anaconda.org/conda-forge/osx-64/giflib-5.2.1-hbcb3906_2.tar.bz2#be8f747c37e4d7e346c133e641966750
https://conda.anaconda.org/conda-forge/osx-64/jbig-2.1-h0d85af4_2003.tar.bz2#4d76d11d3a256931926099498aa3565b
https://conda.anaconda.org/conda-forge/osx-64/jpeg-9d-hbcb3906_0.tar.bz2#ff6fba028f282f94ceb10597d58a56e8
https://conda.anaconda.org/conda-forge/osx-64/json-c-0.15-hcb556a6_0.tar.bz2#be82ba36a7d6ffa646c7c2f510727736
https://conda.anaconda.org/conda-forge/osx-64/libbrotlicommon-1.0.9-h0d85af4_5.tar.bz2#6960869602b2c5c7846dcec3449990cc
https://conda.anaconda.org/conda-forge/osx-64/libcxx-12.0.1-habf9029_0.tar.bz2#49c188a7f9c7c9ddabafc80cc5625bb7
https://conda.anaconda.org/conda-forge/osx-64/libdeflate-1.8-h0d85af4_0.tar.bz2#0c233c9a12552ee43d1e3f477f2a54ee
https://conda.anaconda.org/conda-forge/osx-64/libev-4.33-haf1e3a3_1.tar.bz2#79dc2be110b2a3d1e97ec21f691c50ad
https://conda.anaconda.org/conda-forge/osx-64/libiconv-1.16-haf1e3a3_0.tar.bz2#c5fab167412a52e491c8e11453ae016f
https://conda.anaconda.org/conda-forge/osx-64/libsodium-1.0.18-hbcb3906_1.tar.bz2#24632c09ed931af617fe6d5292919cab
https://conda.anaconda.org/conda-forge/osx-64/libutf8proc-2.6.1-h35c211d_0.tar.bz2#32c996bd8524fd71ba77c65242906850
https://conda.anaconda.org/conda-forge/osx-64/libwebp-base-1.2.1-h0d85af4_0.tar.bz2#8c6f05a6655b7911c62910343ba806d1
https://conda.anaconda.org/conda-forge/osx-64/libzlib-1.2.11-h9173be1_1013.tar.bz2#a3a6a53beaa92c5cfe52ee3a198e78cc
https://conda.anaconda.org/conda-forge/osx-64/llvm-openmp-12.0.1-hda6cdc1_1.tar.bz2#35b1fd6ed9f0f1c68583dc9c9f672513
https://conda.anaconda.org/conda-forge/osx-64/ncurses-6.2-h2e338ed_4.tar.bz2#9cef1910395d1543527583e73dba30f1
https://conda.anaconda.org/conda-forge/osx-64/pandoc-2.14.2-h0d85af4_0.tar.bz2#b6f58ad8350fb4b5630debe4f89dea0b
https://conda.anaconda.org/conda-forge/osx-64/pixman-0.40.0-hbcb3906_0.tar.bz2#09a583a6f172715be21d93aaa1b42d71
https://conda.anaconda.org/conda-forge/noarch/poppler-data-0.4.11-hd8ed1ab_0.tar.bz2#abc27381c4f005da588cffa1f76403ee
https://conda.anaconda.org/conda-forge/osx-64/tzcode-2021d-h0d85af4_0.tar.bz2#958f461d0e0a2aaf9a5c653a46746773
https://conda.anaconda.org/conda-forge/noarch/tzdata-2021d-he74cb21_0.tar.bz2#e77b56f22b2b151a068395e77568a105
https://conda.anaconda.org/conda-forge/osx-64/xz-5.2.5-haf1e3a3_1.tar.bz2#41116deb499e9bc58048c297d6403ce6
https://conda.anaconda.org/conda-forge/osx-64/yaml-0.2.5-haf1e3a3_0.tar.bz2#84c2fc186995c25a43e86ed708065572
https://conda.anaconda.org/conda-forge/osx-64/abseil-cpp-20210324.2-he49afe7_0.tar.bz2#7ada5c1455955c8fee7c8ee3beace5f4
https://conda.anaconda.org/conda-forge/osx-64/aws-checksums-0.1.11-h0010a65_7.tar.bz2#c86bc781dc7b3ba4e6130ffb14da0d6b
https://conda.anaconda.org/conda-forge/osx-64/blosc-1.21.0-he49afe7_0.tar.bz2#95ea0559c188b34a888d42545c580268
https://conda.anaconda.org/conda-forge/osx-64/expat-2.4.1-he49afe7_0.tar.bz2#61d8ae52fc518342e6e0891f2d2c4104
https://conda.anaconda.org/conda-forge/noarch/fonts-conda-forge-1-0.tar.bz2#f766549260d6815b0c52253f1fb1bb29
https://conda.anaconda.org/conda-forge/osx-64/geos-3.9.1-he49afe7_2.tar.bz2#bd87b3078f6c10345cab62f3f8a6a04e
https://conda.anaconda.org/conda-forge/osx-64/gflags-2.2.2-hb1e8313_1004.tar.bz2#3f59cc77a929537e42120faf104e0d16
https://conda.anaconda.org/conda-forge/osx-64/icu-68.1-h74dc148_0.tar.bz2#e4e7f8580abd1275ea2250fe606b66ac
https://conda.anaconda.org/conda-forge/osx-64/lerc-3.0-he49afe7_0.tar.bz2#a1d21f85e4b0d5e27a88ecab5e3961da
https://conda.anaconda.org/conda-forge/osx-64/libbrotlidec-1.0.9-h0d85af4_5.tar.bz2#9b2731519a0a951f6a0e530813c13153
https://conda.anaconda.org/conda-forge/osx-64/libbrotlienc-1.0.9-h0d85af4_5.tar.bz2#f8a82c09a3de542a7d7ce7c7eaefcf98
https://conda.anaconda.org/conda-forge/osx-64/libedit-3.1.20191231-h0678c8f_2.tar.bz2#6016a8a1d0e63cac3de2c352cd40208b
https://conda.anaconda.org/conda-forge/osx-64/libffi-3.4.2-he49afe7_4.tar.bz2#48225bf0af2dafda90351a29deb33d13
https://conda.anaconda.org/conda-forge/osx-64/libgfortran5-9.3.0-h6c81a4c_23.tar.bz2#a6956ceb628b14594613cefee5127a7a
https://conda.anaconda.org/conda-forge/osx-64/libspatialindex-1.9.3-he49afe7_4.tar.bz2#b1c13764417c32fa87fac733caa82a64
https://conda.anaconda.org/conda-forge/osx-64/lz4-c-1.9.3-he49afe7_1.tar.bz2#05c08241b66631c00ca4f9e0b75320bc
https://conda.anaconda.org/conda-forge/osx-64/nspr-4.30-hcd9eead_0.tar.bz2#47c2bc33545b08de4d808fca615178c6
https://conda.anaconda.org/conda-forge/osx-64/openssl-1.1.1l-h0d85af4_0.tar.bz2#f7bcdbb7a5dae97030eee20b884b1f8a
https://conda.anaconda.org/conda-forge/osx-64/pcre-8.45-he49afe7_0.tar.bz2#0526850419e04ac003bc0b65a78dc4cc
https://conda.anaconda.org/conda-forge/osx-64/re2-2021.09.01-he49afe7_0.tar.bz2#533878cbb52088422e3deb3904ccb3ed
https://conda.anaconda.org/conda-forge/osx-64/readline-8.1-h05e3726_0.tar.bz2#2832e9b6a7caa7cb192fcda6cfcd8871
https://conda.anaconda.org/conda-forge/osx-64/snappy-1.1.8-hb1e8313_3.tar.bz2#73b65b3935375b56deb96f6794ed721e
https://conda.anaconda.org/conda-forge/osx-64/zeromq-4.3.4-he49afe7_1.tar.bz2#1972d732b123ed04b60fd21e94f0b178
https://conda.anaconda.org/conda-forge/osx-64/zlib-1.2.11-h9173be1_1013.tar.bz2#cf985617d679990418c380099620b01a
https://conda.anaconda.org/conda-forge/osx-64/aws-c-cal-0.5.11-hd2e2f4b_0.tar.bz2#09bd616bd04399d208dc06b909a5e1c0
https://conda.anaconda.org/conda-forge/noarch/fonts-conda-ecosystem-1-0.tar.bz2#fee5683a3f04bd15cbd8318b096a27ab
https://conda.anaconda.org/conda-forge/osx-64/gettext-0.19.8.1-hd1a6beb_1008.tar.bz2#28c370fc39becf486601d9e491a5e184
https://conda.anaconda.org/conda-forge/osx-64/glog-0.5.0-h25b26a9_0.tar.bz2#b2553b0a3fa0b47e8f8c4095be26fdc5
https://conda.anaconda.org/conda-forge/osx-64/hdf4-4.2.15-hefd3b78_3.tar.bz2#07bbe01a1cabdb9ec0d35524e09f4db4
https://conda.anaconda.org/conda-forge/osx-64/libevent-2.1.10-h815e4d9_4.tar.bz2#adc6c89498c5f6fe5ba874d8259e7eeb
https://conda.anaconda.org/conda-forge/osx-64/libgfortran-5.0.0-9_3_0_h6c81a4c_23.tar.bz2#60f48cef2d50674e0428c5579b6c3f66
https://conda.anaconda.org/conda-forge/osx-64/libnghttp2-1.43.0-h6f36284_1.tar.bz2#8489d081927ce544b21a64c9e1c254ee
https://conda.anaconda.org/conda-forge/osx-64/libpng-1.6.37-h7cec526_2.tar.bz2#9e52521faba2b53269672628d34e1513
https://conda.anaconda.org/conda-forge/osx-64/libprotobuf-3.18.1-hcf210ce_0.tar.bz2#2d787d9621224ccc09bc85ce9fc0aead
https://conda.anaconda.org/conda-forge/osx-64/librttopo-1.1.0-h5413771_6.tar.bz2#d9872d8a6a79a806cda67821b61dcfad
https://conda.anaconda.org/conda-forge/osx-64/libssh2-1.10.0-h52ee1ee_2.tar.bz2#8c8f3804e8e252b47443cfe8e40eddf9
https://conda.anaconda.org/conda-forge/osx-64/libxml2-2.9.12-h93ec3fd_0.tar.bz2#3bb7e5cd72ee6520ce6e26600a1283db
https://conda.anaconda.org/conda-forge/osx-64/libzip-1.8.0-h8b0c345_1.tar.bz2#1ff78fbf800b6b86b09ef7d7e3b1f94e
https://conda.anaconda.org/conda-forge/osx-64/sqlite-3.36.0-h23a322b_2.tar.bz2#9683f769193cd3148dc1fbeb59093921
https://conda.anaconda.org/conda-forge/osx-64/tk-8.6.11-h5dbffcc_1.tar.bz2#e35b11155bd70facee39dfdec7368ad0
https://conda.anaconda.org/conda-forge/osx-64/xerces-c-3.2.3-h379762d_3.tar.bz2#6ccb9a3fa3e1115f0a19af9a31f0131f
https://conda.anaconda.org/conda-forge/osx-64/zstd-1.5.0-h582d3a0_0.tar.bz2#96a04eeb0146059f0c2d63491f77d6d0
https://conda.anaconda.org/conda-forge/osx-64/aws-c-io-0.10.5-h35aa462_0.tar.bz2#2647690fb7719e72da8a547c2c845708
https://conda.anaconda.org/conda-forge/osx-64/boost-cpp-1.74.0-hff03dee_4.tar.bz2#7c49bc0e1d27a21ef936d27b4a849370
https://conda.anaconda.org/conda-forge/osx-64/freetype-2.10.4-h4cff582_1.tar.bz2#5a136a432c6062362cd7990c514bd8d6
https://conda.anaconda.org/conda-forge/osx-64/grpc-cpp-1.40.0-h8fdf118_2.tar.bz2#185c3e560d61b05179aadd563903baf1
https://conda.anaconda.org/conda-forge/osx-64/krb5-1.19.2-hcfbf3a7_2.tar.bz2#ca27ac57462b96f074f41d994b74da56
https://conda.anaconda.org/conda-forge/osx-64/libglib-2.70.0-hf1fb8c0_0.tar.bz2#af426e93d02fe2acc2dddf3b2a9a65b5
https://conda.anaconda.org/conda-forge/osx-64/libopenblas-0.3.18-openmp_h3351f45_0.tar.bz2#a0636ed965924977a848fd0d0258cf17
https://conda.anaconda.org/conda-forge/osx-64/libthrift-0.15.0-hab56fdc_1.tar.bz2#eb324eaedfe67a037fab3eaf352a5175
https://conda.anaconda.org/conda-forge/osx-64/libtiff-4.3.0-hd146c10_2.tar.bz2#f83e9c7a6f2458e85a267df87cd57ca1
https://conda.anaconda.org/conda-forge/osx-64/nss-3.69-h31e2bf1_1.tar.bz2#c77bda040b822c13d84dc54a959afbe1
https://conda.anaconda.org/conda-forge/osx-64/orc-1.7.0-hf163092_0.tar.bz2#bd701ea0811c02c70944d6b0f1136241
https://conda.anaconda.org/conda-forge/osx-64/python-3.9.7-h1248fe1_3_cpython.tar.bz2#dccba020ae27c945e61df410a779ec18
https://conda.anaconda.org/conda-forge/osx-64/tiledb-2.3.4-h8370e7a_0.tar.bz2#29dd3d5ef1d14ab12bb1a8766360f6b4
https://conda.anaconda.org/conda-forge/noarch/alabaster-0.7.12-py_0.tar.bz2#2489a97287f90176ecdc3ca982b4b0a0
https://conda.anaconda.org/conda-forge/noarch/async_generator-1.10-py_0.tar.bz2#d56c596e61b1c4952acf0a9920856c12
https://conda.anaconda.org/conda-forge/noarch/attrs-21.2.0-pyhd8ed1ab_0.tar.bz2#d2e1c7f388ac403df7079b411c37cc50
https://conda.anaconda.org/conda-forge/osx-64/aws-c-event-stream-0.2.7-hb9330a7_13.tar.bz2#d7319f5973bc93e63eb1b32dbb4d03b8
https://conda.anaconda.org/conda-forge/noarch/backcall-0.2.0-pyh9f0ad1d_0.tar.bz2#6006a6d08a3fa99268a2681c7fb55213
https://conda.anaconda.org/conda-forge/noarch/backports-1.0-py_2.tar.bz2#0da16b293affa6ac31812376f8eb79dd
https://conda.anaconda.org/conda-forge/noarch/cached_property-1.5.2-pyha770c72_1.tar.bz2#576d629e47797577ab0f1b351297ef4a
https://conda.anaconda.org/conda-forge/noarch/charset-normalizer-2.0.0-pyhd8ed1ab_0.tar.bz2#4a57e24d5b759893615c05926b7b5fb9
https://conda.anaconda.org/conda-forge/noarch/cloudpickle-2.0.0-pyhd8ed1ab_0.tar.bz2#3a8fc8b627d5fb6af827e126a10a86c6
https://conda.anaconda.org/conda-forge/noarch/colorama-0.4.4-pyh9f0ad1d_0.tar.bz2#c08b4c1326b880ed44f3ffb04803332f
https://conda.anaconda.org/conda-forge/noarch/dataclasses-0.8-pyhc8e2a94_3.tar.bz2#a362b2124b06aad102e2ee4581acee7d
https://conda.anaconda.org/conda-forge/noarch/decorator-5.1.0-pyhd8ed1ab_0.tar.bz2#71b13ba2e0efcff45646f05d619534b0
https://conda.anaconda.org/conda-forge/noarch/defusedxml-0.7.1-pyhd8ed1ab_0.tar.bz2#961b3a227b437d82ad7054484cfa71b2
https://conda.anaconda.org/conda-forge/noarch/docopt-0.6.2-py_1.tar.bz2#a9ed63e45579cfef026a916af2bc27c9
https://conda.anaconda.org/conda-forge/noarch/execnet-1.9.0-pyhd8ed1ab_0.tar.bz2#0e521f7a5e60d508b121d38b04874fb2
https://conda.anaconda.org/conda-forge/osx-64/fontconfig-2.13.1-h10f422b_1005.tar.bz2#95d7756fee0926aa2b6d111299c173f7
https://conda.anaconda.org/conda-forge/noarch/fsspec-2021.10.1-pyhd8ed1ab_0.tar.bz2#bd1317fcfc2899cd4fd1a0f9cbca805c
https://conda.anaconda.org/conda-forge/noarch/idna-3.1-pyhd3deb0d_0.tar.bz2#9c9aea4b8391264477df484f798562d0
https://conda.anaconda.org/conda-forge/noarch/imagesize-1.2.0-py_0.tar.bz2#5879bd2c4b399a5072468e5fe587bf1b
https://conda.anaconda.org/conda-forge/noarch/iniconfig-1.1.1-pyh9f0ad1d_0.tar.bz2#39161f81cc5e5ca45b8226fbb06c6905
https://conda.anaconda.org/conda-forge/noarch/ipython_genutils-0.2.0-py_1.tar.bz2#5071c982548b3a20caf70462f04f5287
https://conda.anaconda.org/conda-forge/osx-64/lcms2-2.12-h577c468_0.tar.bz2#abce77b852b73670e85e104746b0ea1b
https://conda.anaconda.org/conda-forge/osx-64/libblas-3.9.0-12_osx64_openblas.tar.bz2#3d38a706f06849a4b08f8a3f642bec93
https://conda.anaconda.org/conda-forge/osx-64/libcurl-7.79.1-hf45b732_1.tar.bz2#41b4362d0cfe1d2c06159ce24c2349e7
https://conda.anaconda.org/conda-forge/osx-64/libkml-1.3.0-h8fd9edb_1014.tar.bz2#10d981c033091fd139cb9914a495cc30
https://conda.anaconda.org/conda-forge/osx-64/libpq-13.3-hea3049e_1.tar.bz2#71b1a61d9e82e89438ac25217efa8c65
https://conda.anaconda.org/conda-forge/noarch/locket-0.2.0-py_2.tar.bz2#709e8671651c7ec3d1ad07800339ff1d
https://conda.anaconda.org/conda-forge/noarch/mccabe-0.6.1-py_1.tar.bz2#a326cb400c1ccd91789f3e7d02124d61
https://conda.anaconda.org/conda-forge/noarch/more-itertools-8.10.0-pyhd8ed1ab_0.tar.bz2#24a4379cfc9ba76a7ad238e5c32a6c68
https://conda.anaconda.org/conda-forge/noarch/nest-asyncio-1.5.1-pyhd8ed1ab_0.tar.bz2#47a51a5b8f9cc41004c8d7bd88b62447
https://conda.anaconda.org/conda-forge/noarch/olefile-0.46-pyh9f0ad1d_1.tar.bz2#0b2e68acc8c78c8cc392b90983481f58
https://conda.anaconda.org/conda-forge/osx-64/openjpeg-2.4.0-h6e7aa92_1.tar.bz2#c8cbb6d99f6467246ac26a139256e50f
https://conda.anaconda.org/conda-forge/noarch/pandocfilters-1.5.0-pyhd8ed1ab_0.tar.bz2#457c2c8c08e54905d6954e79cb5b5db9
https://conda.anaconda.org/conda-forge/noarch/parso-0.8.2-pyhd8ed1ab_0.tar.bz2#fb40b157bd62b457a1cc82527b63f0b0
https://conda.anaconda.org/conda-forge/noarch/parsy-1.3.0-pyhd8ed1ab_0.tar.bz2#94cd1a4bfe56d25b4e441c46e630b147
https://conda.anaconda.org/conda-forge/noarch/pathspec-0.9.0-pyhd8ed1ab_0.tar.bz2#f93dc0ccbc0a8472624165f6e256c7d1
https://conda.anaconda.org/conda-forge/noarch/platformdirs-2.3.0-pyhd8ed1ab_0.tar.bz2#7bc119135be2a43e1701432399d8c28a
https://conda.anaconda.org/conda-forge/noarch/ptyprocess-0.7.0-pyhd3deb0d_0.tar.bz2#359eeb6536da0e687af562ed265ec263
https://conda.anaconda.org/conda-forge/noarch/pure-sasl-0.6.2-pyhd8ed1ab_0.tar.bz2#ac695eecf21ab48093bc33fd60b4102d
https://conda.anaconda.org/conda-forge/noarch/py-1.10.0-pyhd3deb0d_0.tar.bz2#88ca1328ecc79a070214aa24911bace8
https://conda.anaconda.org/conda-forge/noarch/py4j-0.10.9.2-pyhd8ed1ab_0.tar.bz2#755fbc97dc38ac169ba18fd28cacbc77
https://conda.anaconda.org/conda-forge/noarch/pycodestyle-2.8.0-pyhd8ed1ab_0.tar.bz2#f2532eee272d45b1283ea4869d71f044
https://conda.anaconda.org/conda-forge/noarch/pycparser-2.20-pyh9f0ad1d_2.tar.bz2#aa798d50ffd182a0f6f31478c7f434f6
https://conda.anaconda.org/conda-forge/noarch/pyflakes-2.4.0-pyhd8ed1ab_0.tar.bz2#1aa3ecd37d0694e2ea5fef48da75371e
https://conda.anaconda.org/conda-forge/noarch/pymysql-1.0.2-pyhd8ed1ab_0.tar.bz2#6b3c16769e390b5b60729d2eb46b8144
https://conda.anaconda.org/conda-forge/noarch/pyparsing-2.4.7-pyh9f0ad1d_0.tar.bz2#626c4f20d5bf06dcec9cf2eaa31725c7
https://conda.anaconda.org/conda-forge/noarch/python-tzdata-2021.4-pyhd8ed1ab_0.tar.bz2#f522577cec8926d3fba5c2803ae7e1d6
https://conda.anaconda.org/conda-forge/osx-64/python_abi-3.9-2_cp39.tar.bz2#262f557ee8ca777fe2190956038024cd
https://conda.anaconda.org/conda-forge/noarch/pytz-2021.3-pyhd8ed1ab_0.tar.bz2#7e4f811bff46a5a6a7e0094921389395
https://conda.anaconda.org/conda-forge/noarch/semantic_version-2.6.0-py_0.tar.bz2#f9d12aa48fc359993754ecedb53f1b1a
https://conda.anaconda.org/conda-forge/noarch/sgmllib3k-1.0.0-pyh9f0ad1d_0.tar.bz2#e741c12e1b51e1885b1b38f2180ac38f
https://conda.anaconda.org/conda-forge/noarch/six-1.16.0-pyh6c4a22f_0.tar.bz2#e5f25f8dbc060e9a8d912e432202afc2
https://conda.anaconda.org/conda-forge/noarch/snowballstemmer-2.1.0-pyhd8ed1ab_0.tar.bz2#f1d64c0cf0eedf655a96ccdc1573c05a
https://conda.anaconda.org/conda-forge/noarch/sphinxcontrib-applehelp-1.0.2-py_0.tar.bz2#20b2eaeaeea4ef9a9a0d99770620fd09
https://conda.anaconda.org/conda-forge/noarch/sphinxcontrib-devhelp-1.0.2-py_0.tar.bz2#68e01cac9d38d0e717cd5c87bc3d2cc9
https://conda.anaconda.org/conda-forge/noarch/sphinxcontrib-htmlhelp-2.0.0-pyhd8ed1ab_0.tar.bz2#77dad82eb9c8c1525ff7953e0756d708
https://conda.anaconda.org/conda-forge/noarch/sphinxcontrib-jsmath-1.0.1-py_0.tar.bz2#67cd9d9c0382d37479b4d306c369a2d4
https://conda.anaconda.org/conda-forge/noarch/sphinxcontrib-qthelp-1.0.3-py_0.tar.bz2#d01180388e6d1838c3e1ad029590aa7a
https://conda.anaconda.org/conda-forge/noarch/sphinxcontrib-serializinghtml-1.1.5-pyhd8ed1ab_0.tar.bz2#60e630285f44af05767dcb7f473ee03f
https://conda.anaconda.org/conda-forge/noarch/testpath-0.5.0-pyhd8ed1ab_0.tar.bz2#53b57d6a468bebc7cef1253b177a5e9e
https://conda.anaconda.org/conda-forge/noarch/threadpoolctl-3.0.0-pyh8a188c0_0.tar.bz2#bc3c2909c20635e854f5e533c436cbad
https://conda.anaconda.org/conda-forge/noarch/toml-0.10.2-pyhd8ed1ab_0.tar.bz2#f832c45a477c78bebd107098db465095
https://conda.anaconda.org/conda-forge/noarch/tomli-1.2.1-pyhd8ed1ab_0.tar.bz2#ea475017070fa78c7e988be634e1322c
https://conda.anaconda.org/conda-forge/noarch/toolz-0.11.1-py_0.tar.bz2#d1e66b58cb00b3817ad9f05eec098c00
https://conda.anaconda.org/conda-forge/noarch/traitlets-5.1.0-pyhd8ed1ab_0.tar.bz2#f6ba1dcaac382d318901f44c0eb3dcb8
https://conda.anaconda.org/conda-forge/noarch/typing_extensions-3.10.0.2-pyha770c72_0.tar.bz2#85dfd487a244bbe2cf7019ce8a39b5bc
https://conda.anaconda.org/conda-forge/noarch/webencodings-0.5.1-py_1.tar.bz2#3563be4c5611a44210d9ba0c16113136
https://conda.anaconda.org/conda-forge/noarch/wheel-0.37.0-pyhd8ed1ab_1.tar.bz2#3aa2c3e25dd361b453d010388b9cdff1
https://conda.anaconda.org/conda-forge/noarch/xyzservices-2021.10.0-pyhd8ed1ab_0.tar.bz2#cd7c1397fc3fc1702b7c3d461adf901b
https://conda.anaconda.org/conda-forge/noarch/zipp-3.6.0-pyhd8ed1ab_0.tar.bz2#855e2c4622f5eb50a4f6f7167b9ba17a
https://conda.anaconda.org/conda-forge/osx-64/appnope-0.1.2-py39h6e9494a_1.tar.bz2#d9b6464e55c4d9a7757c6294b8673400
https://conda.anaconda.org/conda-forge/osx-64/aws-sdk-cpp-1.8.186-h766a74d_3.tar.bz2#0dc120b4121d7aafc66a7ddcdd23bfd9
https://conda.anaconda.org/conda-forge/noarch/babel-2.9.1-pyh44b312d_0.tar.bz2#74136ed39bfea0832d338df1e58d013e
https://conda.anaconda.org/conda-forge/osx-64/bitarray-2.3.4-py39h89e85a6_1.tar.bz2#414e22d71727f5c9944d4f5e61609daa
https://conda.anaconda.org/conda-forge/osx-64/cairo-1.16.0-he43a7df_1008.tar.bz2#9a7c5be2c238f69157979bd1987bac82
https://conda.anaconda.org/conda-forge/osx-64/certifi-2021.10.8-py39h6e9494a_0.tar.bz2#d88f80a9b5f55ee407e357cf7f3d38eb
https://conda.anaconda.org/conda-forge/osx-64/cffi-1.14.6-py39he338e87_1.tar.bz2#aad4ef58510d3c4ea6537206df84c472
https://conda.anaconda.org/conda-forge/osx-64/cfitsio-3.470-h01dc385_7.tar.bz2#7f3e6254480eeccf854238807b1798d9
https://conda.anaconda.org/conda-forge/osx-64/chardet-4.0.0-py39h6e9494a_1.tar.bz2#f514d534fca0f9876720954703250c88
https://conda.anaconda.org/conda-forge/osx-64/click-8.0.3-py39h6e9494a_0.tar.bz2#0e3ec28e01cffdb7b0544370a01cf68f
https://conda.anaconda.org/conda-forge/osx-64/coverage-6.0.2-py39h89e85a6_0.tar.bz2#074b522890422cf45b8c8bf8f9275624
https://conda.anaconda.org/conda-forge/osx-64/curl-7.79.1-hf45b732_1.tar.bz2#9b3aff6825c9d9a33eb80450dee87385
https://conda.anaconda.org/conda-forge/noarch/cycler-0.10.0-py_2.tar.bz2#f6d7c7e6d8f42cbbec7e07a8d879f91c
https://conda.anaconda.org/conda-forge/osx-64/cytoolz-0.11.0-py39h89e85a6_3.tar.bz2#4fbd4d096419bfeb380c411a0553bd08
https://conda.anaconda.org/conda-forge/osx-64/debugpy-1.4.1-py39h9fcab8e_0.tar.bz2#9493313c359d78a3d7c82697c4f5916b
https://conda.anaconda.org/conda-forge/osx-64/docutils-0.17.1-py39h6e9494a_0.tar.bz2#9cfc92862daec20f50603acad7369867
https://conda.anaconda.org/conda-forge/osx-64/entrypoints-0.3-py39hde42818_1002.tar.bz2#fb8afe91904c7e3544dab6801b23436e
https://conda.anaconda.org/conda-forge/osx-64/fastavro-1.4.5-py39h89e85a6_0.tar.bz2#500c473cd983671b462b96852e16d16d
https://conda.anaconda.org/conda-forge/noarch/feedparser-6.0.8-pyhd8ed1ab_0.tar.bz2#aec61f51a85df0e61192be8486e87d58
https://conda.anaconda.org/conda-forge/osx-64/hdf5-1.12.1-nompi_h2f0ef1a_101.tar.bz2#908744559121537eebac33c6abf472b1
https://conda.anaconda.org/conda-forge/osx-64/importlib-metadata-4.8.1-py39h6e9494a_0.tar.bz2#93ea2b31449fd47d8ffebf336993ee95
https://conda.anaconda.org/conda-forge/osx-64/jedi-0.18.0-py39h6e9494a_2.tar.bz2#e744e49642242ea6ab59b56d11df9466
https://conda.anaconda.org/conda-forge/osx-64/jupyter_core-4.8.1-py39h6e9494a_0.tar.bz2#9a29bef4757f73ba84939cffdeca4614
https://conda.anaconda.org/conda-forge/osx-64/kiwisolver-1.3.2-py39hf018cea_0.tar.bz2#3b697488ee36335fb9a2b0cd5469dd0f
https://conda.anaconda.org/conda-forge/osx-64/libcblas-3.9.0-12_osx64_openblas.tar.bz2#0cb9afc4cfdc6e95aa38328fc1befa05
https://conda.anaconda.org/conda-forge/osx-64/liblapack-3.9.0-12_osx64_openblas.tar.bz2#ca35c8b85ced3a53059c7a001518cbae
https://conda.anaconda.org/conda-forge/osx-64/markupsafe-2.0.1-py39h89e85a6_0.tar.bz2#573ebdf373782a914d363f58da4edf20
https://conda.anaconda.org/conda-forge/noarch/matplotlib-inline-0.1.3-pyhd8ed1ab_0.tar.bz2#be3bfd435802d2c768c6b2439f325f3d
https://conda.anaconda.org/conda-forge/osx-64/mistune-0.8.4-py39h89e85a6_1004.tar.bz2#72b6344d22df075a39b79cff7c30dc7d
https://conda.anaconda.org/conda-forge/osx-64/mock-4.0.3-py39h6e9494a_1.tar.bz2#daae1b27f290961c8c0d6f70322518b3
https://conda.anaconda.org/conda-forge/noarch/multipledispatch-0.6.0-py_0.tar.bz2#1073dc92c8f247d94ac14dd79ca0bbec
https://conda.anaconda.org/conda-forge/osx-64/mypy_extensions-0.4.3-py39h6e9494a_3.tar.bz2#1161cfe7292bbab7f63f1271a2696753
https://conda.anaconda.org/conda-forge/noarch/packaging-21.0-pyhd8ed1ab_0.tar.bz2#45cfb8e482b5cce8f07c87e0e19a592c
https://conda.anaconda.org/conda-forge/noarch/partd-1.2.0-pyhd8ed1ab_0.tar.bz2#0c32f563d7f22e3a34c95cad8cc95651
https://conda.anaconda.org/conda-forge/noarch/pexpect-4.8.0-pyh9f0ad1d_2.tar.bz2#5909e7b978141dd80d28dbf9de627827
https://conda.anaconda.org/conda-forge/osx-64/pickleshare-0.7.5-py39hde42818_1002.tar.bz2#ea16ea8f9953518f231b76ca97acea9a
https://conda.anaconda.org/conda-forge/osx-64/pillow-8.3.2-py39he9bb72f_0.tar.bz2#7a26df2d9e936db41730082ec6f8e1a9
https://conda.anaconda.org/conda-forge/osx-64/pluggy-1.0.0-py39h6e9494a_1.tar.bz2#f2976dbdd1ffa72c07e83c4eccc387af
https://conda.anaconda.org/conda-forge/osx-64/postgresql-13.3-he8fe76e_1.tar.bz2#31d9f0951fd74a86fe93c10015402d6e
https://conda.anaconda.org/conda-forge/osx-64/proj-8.1.1-h1512c50_2.tar.bz2#054b095b6b9f52153ee7ac008c9c4819
https://conda.anaconda.org/conda-forge/osx-64/psutil-5.8.0-py39h89e85a6_1.tar.bz2#7bdf1a038c5aa4997a55e5e156e1c9db
https://conda.anaconda.org/conda-forge/osx-64/psycopg2-2.9.1-py39h9d1abf3_0.tar.bz2#0a28929470de33104ba60c8a4a329199
https://conda.anaconda.org/conda-forge/noarch/pydocstyle-6.1.1-pyhd8ed1ab_0.tar.bz2#e417954a987d382b3142886726ab3aad
https://conda.anaconda.org/conda-forge/osx-64/pykerberos-1.2.1-py39hb6f4df7_5.tar.bz2#1caa51e8d0fb198935e9466203d403bd
https://conda.anaconda.org/conda-forge/osx-64/pyrsistent-0.17.3-py39h89e85a6_2.tar.bz2#5be6b878edc3dee9c997675af8de1370
https://conda.anaconda.org/conda-forge/osx-64/pysocks-1.7.1-py39h6e9494a_3.tar.bz2#9badaee0fe9f61aa4794987f88e543fe
https://conda.anaconda.org/conda-forge/noarch/python-dateutil-2.8.2-pyhd8ed1ab_0.tar.bz2#dd999d1cc9f79e67dbb855c8924c7984
https://conda.anaconda.org/conda-forge/osx-64/pytz-deprecation-shim-0.1.0.post0-py39h6e9494a_0.tar.bz2#328e3a79c254b08be032748b6a3f9ae6
https://conda.anaconda.org/conda-forge/osx-64/pyyaml-6.0-py39h89e85a6_0.tar.bz2#ca4c000f9f5dbb3e7afe3b16afb1ffb6
https://conda.anaconda.org/conda-forge/osx-64/pyzmq-22.3.0-py39h7fec2f1_0.tar.bz2#217d1df82b042a7b2a7923e90f2d1cc9
https://conda.anaconda.org/conda-forge/osx-64/regex-2021.10.21-py39h89e85a6_0.tar.bz2#2841581281e67b0fa2a21e4ed281d7b3
https://conda.anaconda.org/conda-forge/osx-64/rtree-0.9.7-py39h7d0d40a_2.tar.bz2#5223820de7237b68aafbc30d0e7eb6e2
https://conda.anaconda.org/conda-forge/osx-64/setuptools-58.2.0-py39h6e9494a_0.tar.bz2#4d9b1eaffa413a918d9a7017232f02bd
https://conda.anaconda.org/conda-forge/osx-64/sqlalchemy-1.3.23-py39h4b0b724_0.tar.bz2#7473fdb4a50cd477f30438f11041bf6e
https://conda.anaconda.org/conda-forge/osx-64/thrift-0.14.0-py39h9fcab8e_0.tar.bz2#abefb92da37a9f4211039ef225dc2e42
https://conda.anaconda.org/conda-forge/osx-64/tornado-6.1-py39h89e85a6_1.tar.bz2#1850c930b8e1e47f50d287c86c53e714
https://conda.anaconda.org/conda-forge/osx-64/typed-ast-1.4.3-py39h89e85a6_0.tar.bz2#30e229a55f1b8dc7536b12f1dc14cf20
https://conda.anaconda.org/conda-forge/osx-64/asv-0.4.2-py39h9fcab8e_2.tar.bz2#0a80476ae9b8105ebb2359338f8f206a
https://conda.anaconda.org/conda-forge/noarch/backports.functools_lru_cache-1.6.4-pyhd8ed1ab_0.tar.bz2#c5b3edc62d6309088f4970b3eaaa65a6
https://conda.anaconda.org/conda-forge/noarch/black-21.9b0-pyhd8ed1ab_1.tar.bz2#e5c67c8b879d4abcee559838b1920fba
https://conda.anaconda.org/conda-forge/noarch/bleach-4.1.0-pyhd8ed1ab_0.tar.bz2#4a2104c7b22c222bd0fe03aaef12862c
https://conda.anaconda.org/conda-forge/osx-64/brotlipy-0.7.0-py39h89e85a6_1001.tar.bz2#5d6ca17baad072799574678334840c4d
https://conda.anaconda.org/conda-forge/noarch/click-plugins-1.1.1-py_0.tar.bz2#4fd2c6b53934bd7d96d1f3fdaf99b79f
https://conda.anaconda.org/conda-forge/noarch/cligj-0.7.2-pyhd8ed1ab_1.tar.bz2#a29b7c141d6b2de4bb67788a5f107734
https://conda.anaconda.org/conda-forge/osx-64/cryptography-35.0.0-py39heaea23e_0.tar.bz2#5cabed9e781576c588260eb915c42c11
https://conda.anaconda.org/conda-forge/noarch/dask-core-2021.9.1-pyhd8ed1ab_0.tar.bz2#d38922a4d6c96adef5ea38aad3965855
https://conda.anaconda.org/conda-forge/noarch/flake8-4.0.1-pyhd8ed1ab_0.tar.bz2#8345403a7a0c5d95bb686fb8257c8638
https://conda.anaconda.org/conda-forge/noarch/geoalchemy2-0.6.3-py_0.tar.bz2#1ea49d7c1392265e007a8b2f8de0713b
https://conda.anaconda.org/conda-forge/osx-64/geotiff-1.7.0-hb0faedc_3.tar.bz2#241226f19217d72909384ac3a58f199b
https://conda.anaconda.org/conda-forge/noarch/isort-5.9.3-pyhd8ed1ab_0.tar.bz2#1d4edd3ed982e6c03ae1788dfb87d907
https://conda.anaconda.org/conda-forge/noarch/jinja2-3.0.2-pyhd8ed1ab_0.tar.bz2#63bce5b7963c5f50273bd86a57b82272
https://conda.anaconda.org/conda-forge/noarch/joblib-1.1.0-pyhd8ed1ab_0.tar.bz2#07d1b5c8cde14d95998fd4767e1e62d2
https://conda.anaconda.org/conda-forge/noarch/jsonschema-4.1.2-pyhd8ed1ab_0.tar.bz2#94188756716d63117f09d546a30d43e7
https://conda.anaconda.org/conda-forge/noarch/jupyter_client-7.0.6-pyhd8ed1ab_0.tar.bz2#bad4522cf4a022cb5500969ad67c3342
https://conda.anaconda.org/conda-forge/osx-64/kealib-1.4.14-ha22a8b1_3.tar.bz2#9bf9c8c2443e60943eb84e256f3f7c6f
https://conda.anaconda.org/conda-forge/osx-64/libdap4-3.20.6-h3e144a0_2.tar.bz2#55e0706347eb18f3616808366236bcaa
https://conda.anaconda.org/conda-forge/osx-64/libnetcdf-4.8.1-nompi_h6609ca0_101.tar.bz2#8bb6071531fc82b4133f3a5280eefdfa
https://conda.anaconda.org/conda-forge/osx-64/libspatialite-5.0.1-hfc891e7_9.tar.bz2#61620f054ed2c164e6dd38fb6f3d519d
https://conda.anaconda.org/conda-forge/noarch/markdown-3.3.4-pyhd8ed1ab_0.tar.bz2#b8054f74fbed2b282f032219f114421a
https://conda.anaconda.org/conda-forge/noarch/munch-2.5.0-py_0.tar.bz2#31d9e9be500e25ff0050bc9f57a6bcd7
https://conda.anaconda.org/conda-forge/osx-64/mypy-0.910-py39h89e85a6_0.tar.bz2#ccf45e7a6d0c9ce791fa74f3e05964a4
https://conda.anaconda.org/conda-forge/noarch/networkx-2.5-py_0.tar.bz2#d836ad8453c22192357707026ca21653
https://conda.anaconda.org/conda-forge/osx-64/numpy-1.21.2-py39h7eed0ac_0.tar.bz2#d460f332a4d13cd2194eef96720f0030
https://conda.anaconda.org/conda-forge/noarch/pip-21.3-pyhd8ed1ab_0.tar.bz2#88e8601cd6bdb2d7725e2c7ceb28286a
https://conda.anaconda.org/conda-forge/osx-64/poppler-21.09.0-h9573804_3.tar.bz2#41ed60015272a6112fcf50255df9568e
https://conda.anaconda.org/conda-forge/noarch/pygments-2.10.0-pyhd8ed1ab_0.tar.bz2#32bcce837f1316f1c3208118b6c5e5fc
https://conda.anaconda.org/conda-forge/osx-64/pynacl-1.4.0-py39h89e85a6_2.tar.bz2#f32516d585a9573b020c49fd078c8802
https://conda.anaconda.org/conda-forge/osx-64/pyproj-3.2.1-py39h5ea97c7_2.tar.bz2#cfe70678c3bc07717b0d514823823f8b
https://conda.anaconda.org/conda-forge/osx-64/pytest-6.2.5-py39h6e9494a_0.tar.bz2#83f915ec18f367865339495fa3106366
https://conda.anaconda.org/conda-forge/noarch/thrift_sasl-0.4.3-pyhd8ed1ab_1.tar.bz2#6b4de64c72e1128f3290a1a06a03190d
https://conda.anaconda.org/conda-forge/osx-64/tzlocal-4.0.1-py39h6e9494a_0.tar.bz2#b0445d693c572f15e2c69a417d261474
https://conda.anaconda.org/conda-forge/osx-64/arrow-cpp-5.0.0-py39h7fc7d4f_8_cpu.tar.bz2#9b81d23210cf87e244fcb068d2897514
https://conda.anaconda.org/conda-forge/osx-64/bcrypt-3.2.0-py39h89e85a6_1.tar.bz2#86bea738c730f131d86fd3f93fe2d54f
https://conda.anaconda.org/conda-forge/noarch/branca-0.4.2-pyhd8ed1ab_0.tar.bz2#836c975d3ae4f21c3cd047c10b15a7cf
https://conda.anaconda.org/conda-forge/osx-64/clickhouse-driver-0.2.2-py39h89e85a6_0.tar.bz2#09e31df60b32335b0a99222b43d364e8
https://conda.anaconda.org/conda-forge/noarch/impyla-0.17.0-pyhd8ed1ab_2.tar.bz2#6c2b6b92dacfa3e9fb974849c16b6e80
https://conda.anaconda.org/conda-forge/noarch/jupyterlab_pygments-0.1.2-pyh9f0ad1d_0.tar.bz2#2cbd910890bb328e8959246a1e16fac7
https://conda.anaconda.org/conda-forge/osx-64/libgdal-3.3.2-h053b6da_4.tar.bz2#5d36eca3f9371cbb459ebf0089f20a58
https://conda.anaconda.org/conda-forge/osx-64/matplotlib-base-3.4.3-py39hb07454d_1.tar.bz2#0960513961a2ae5c786bd9d15929eb89
https://conda.anaconda.org/conda-forge/noarch/nbformat-5.1.3-pyhd8ed1ab_0.tar.bz2#bafa5df6d4f8db69a4d197b4657127e7
https://conda.anaconda.org/conda-forge/osx-64/numexpr-2.7.3-py39h4d6be9b_0.tar.bz2#bd6a2fafac6f4ab2c18bcf116f0df7b1
https://conda.anaconda.org/conda-forge/osx-64/pandas-1.3.4-py39h4d6be9b_0.tar.bz2#37831161b53abd456d3ffb4803ad4716
https://conda.anaconda.org/conda-forge/noarch/pyopenssl-21.0.0-pyhd8ed1ab_0.tar.bz2#8c49efecb7dca466e18b06015e8c88ce
https://conda.anaconda.org/conda-forge/noarch/pysuerga-0.1.0-pyhd8ed1ab_0.tar.bz2#c14dadb7b1d221b8c069174d80b186a4
https://conda.anaconda.org/conda-forge/noarch/pytest-cov-3.0.0-pyhd8ed1ab_0.tar.bz2#0f7cac11bb696b62d378bde725bfc3eb
https://conda.anaconda.org/conda-forge/noarch/pytest-forked-1.3.0-pyhd3deb0d_0.tar.bz2#2d103cf417c949e689278a5836c452cb
https://conda.anaconda.org/conda-forge/noarch/pytest-mock-3.6.1-pyhd8ed1ab_0.tar.bz2#95d022e1556adb78274d59bdf0939608
https://conda.anaconda.org/conda-forge/noarch/pytest-randomly-3.10.1-pyhd8ed1ab_0.tar.bz2#dfbf07034d5baee9c0b830efb6874202
https://conda.anaconda.org/conda-forge/osx-64/scipy-1.7.1-py39h056f1c0_0.tar.bz2#f896290de75576787a55ddd1dce19d84
https://conda.anaconda.org/conda-forge/osx-64/shapely-1.7.1-py39h1d9c377_5.tar.bz2#f8442b9f6f2506c3f3eda963bcd8587f
https://conda.anaconda.org/conda-forge/noarch/wcwidth-0.2.5-pyh9f0ad1d_2.tar.bz2#5266fcd697043c59621fda522b3d78ee
https://conda.anaconda.org/conda-forge/osx-64/gdal-3.3.2-py39h9e6e899_4.tar.bz2#9a1f49e9aaba1c1b6826d2023f158a87
https://conda.anaconda.org/conda-forge/noarch/geopandas-base-0.10.2-pyha770c72_0.tar.bz2#50c65c070517621d4d27756ba2431e13
https://conda.anaconda.org/conda-forge/noarch/nbclient-0.5.4-pyhd8ed1ab_0.tar.bz2#66ea0ea89e4f657a8b85fa5bdfce60ac
https://conda.anaconda.org/conda-forge/noarch/paramiko-2.8.0-pyhd8ed1ab_0.tar.bz2#c82c9a9849026cc61ad43dcc99afe160
https://conda.anaconda.org/conda-forge/osx-64/parquet-cpp-1.5.1-1.tar.bz2#cb0f604c9add56442f6cfdc76f1fec24
https://conda.anaconda.org/conda-forge/noarch/prompt-toolkit-3.0.20-pyha770c72_0.tar.bz2#98a90e847b48fc14b2d5b12e4884e8d4
https://conda.anaconda.org/conda-forge/osx-64/pytables-3.6.1-py39hfd850c7_4.tar.bz2#47e882b060f3d15a9542d75b171fa61f
https://conda.anaconda.org/conda-forge/noarch/pytest-xdist-2.4.0-pyhd8ed1ab_0.tar.bz2#ff7ce4f4c4a5e9a7825d4a7f045f0f1a
https://conda.anaconda.org/conda-forge/osx-64/scikit-learn-1.0-py39hd2caeff_1.tar.bz2#215b285c22d4f2d79cfb60b7b2c4d38e
https://conda.anaconda.org/conda-forge/noarch/urllib3-1.26.7-pyhd8ed1ab_0.tar.bz2#be75bab4820a56f77ba1a3fc9139c36a
https://conda.anaconda.org/conda-forge/osx-64/fiona-1.8.20-py39h10412eb_2.tar.bz2#02c723a97bc264361e7571eb6c6f53b4
https://conda.anaconda.org/conda-forge/osx-64/ipython-7.28.0-py39h71a6800_0.tar.bz2#65bad778cfcb4e00ca83121dae70098b
https://conda.anaconda.org/conda-forge/noarch/mapclassify-2.4.3-pyhd8ed1ab_0.tar.bz2#908bbfb54da154042c5cbda77b37a3d1
https://conda.anaconda.org/conda-forge/osx-64/nbconvert-6.2.0-py39h6e9494a_0.tar.bz2#70837f64a09e90ff21eddc352ff1da8f
https://conda.anaconda.org/conda-forge/noarch/plumbum-1.7.0-pyhd8ed1ab_0.tar.bz2#24ec49bf5c2e2cd98cda1a17c8d443f3
https://conda.anaconda.org/conda-forge/osx-64/pyarrow-5.0.0-py39hc3b5b9c_8_cpu.tar.bz2#7a82534f61b4326da1d4224f340e6ab8
https://conda.anaconda.org/conda-forge/noarch/requests-2.26.0-pyhd8ed1ab_0.tar.bz2#0ed2ccbde6db9dd5789068eb7194463f
https://conda.anaconda.org/conda-forge/noarch/clickhouse-sqlalchemy-0.1.4-py_0.tar.bz2#eefe6c41dc23b97fc216348bf8f0b969
https://conda.anaconda.org/conda-forge/noarch/folium-0.12.0-pyhd8ed1ab_1.tar.bz2#91945fa06d1d7a5a8914f32785388478
https://conda.anaconda.org/conda-forge/osx-64/ipykernel-6.4.2-py39h71a6800_0.tar.bz2#d6e3610d9e00b113867b38cceb0f801d
https://conda.anaconda.org/conda-forge/noarch/pyspark-3.2.0-pyh6c4a22f_0.tar.bz2#4964a9b503b85205ca5376d9a43dd4d5
https://conda.anaconda.org/conda-forge/osx-64/requests-kerberos-0.12.0-py39h6e9494a_2.tar.bz2#886152e5a5a2575270467550db4fd318
https://conda.anaconda.org/conda-forge/noarch/sphinx-4.2.0-pyh6c4a22f_0.tar.bz2#ea5c6881a11a0d9c4d04f1ebae87bb34
https://conda.anaconda.org/conda-forge/noarch/geopandas-0.10.2-pyhd8ed1ab_0.tar.bz2#6097c661f844076a5885f1a96809a131
https://conda.anaconda.org/conda-forge/noarch/nbsphinx-0.8.7-pyhd8ed1ab_0.tar.bz2#679a7e888a2daa3f5bccc0577ba8288c
https://conda.anaconda.org/conda-forge/noarch/python-hdfs-2.6.0-pyhd8ed1ab_0.tar.bz2#6d826168a0cdc0ac13c33ae6a5bc4b43
https://conda.anaconda.org/conda-forge/noarch/sphinx-releases-1.6.3-pyhd8ed1ab_1.tar.bz2#a7de55e5052c22aaa3e0f334390054bf
https://conda.anaconda.org/conda-forge/noarch/sphinx_rtd_theme-1.0.0-pyhd8ed1ab_0.tar.bz2#9f633f2f2869184e31acfeae95b24345
