# Generated by conda-lock.
# platform: win-64
# input_hash: 9690801c03cdd2cd9f9f26d56696f6124f8ebad952725043b8765e0d356f1e72
@EXPLICIT
https://conda.anaconda.org/conda-forge/win-64/ca-certificates-2022.5.18.1-h5b45459_0.tar.bz2#8fd522807e4af321181e74ae05f27ec8
https://conda.anaconda.org/conda-forge/noarch/font-ttf-dejavu-sans-mono-2.37-hab24e00_0.tar.bz2#0c96522c6bdaed4b1566d11387caaf45
https://conda.anaconda.org/conda-forge/noarch/font-ttf-inconsolata-3.000-h77eed37_0.tar.bz2#34893075a5c9e55cdafac56607368fc6
https://conda.anaconda.org/conda-forge/noarch/font-ttf-source-code-pro-2.038-h77eed37_0.tar.bz2#4d59c254e01d9cde7957100457e2d5fb
https://conda.anaconda.org/conda-forge/noarch/font-ttf-ubuntu-0.83-hab24e00_0.tar.bz2#19410c3df09dfb12d1206132a1d357c5
https://conda.anaconda.org/conda-forge/win-64/intel-openmp-2022.1.0-h57928b3_3787.tar.bz2#35dff2b6e944ce136a574c4c006cec28
https://conda.anaconda.org/conda-forge/win-64/msys2-conda-epoch-20160418-1.tar.bz2#b0309b72560df66f71a9d5e34a5efdfa
https://conda.anaconda.org/conda-forge/win-64/pandoc-2.18-h57928b3_0.tar.bz2#4ff67b92dd127fe12c8a3bf7b66f9003
https://conda.anaconda.org/conda-forge/noarch/poppler-data-0.4.11-hd8ed1ab_0.tar.bz2#abc27381c4f005da588cffa1f76403ee
https://conda.anaconda.org/conda-forge/noarch/tzdata-2022a-h191b570_0.tar.bz2#84be5301069417a2221187d2f435e0f7
https://conda.anaconda.org/conda-forge/win-64/ucrt-10.0.20348.0-h57928b3_0.tar.bz2#6d666b6ea8251231ff508062d1e41f9c
https://conda.anaconda.org/conda-forge/noarch/fonts-conda-forge-1-0.tar.bz2#f766549260d6815b0c52253f1fb1bb29
https://conda.anaconda.org/conda-forge/win-64/m2w64-gmp-6.1.0-2.tar.bz2#53a1c73e1e3d185516d7e3af177596d9
https://conda.anaconda.org/conda-forge/win-64/m2w64-libwinpthread-git-5.0.0.4634.697f757-2.tar.bz2#774130a326dee16f1ceb05cc687ee4f0
https://conda.anaconda.org/conda-forge/win-64/vs2015_runtime-14.29.30037-h902a5da_6.tar.bz2#33d07ebe91062743eabc9e53a60d18e1
https://conda.anaconda.org/conda-forge/noarch/fonts-conda-ecosystem-1-0.tar.bz2#fee5683a3f04bd15cbd8318b096a27ab
https://conda.anaconda.org/conda-forge/win-64/m2w64-gcc-libs-core-5.3.0-7.tar.bz2#4289d80fb4d272f1f3b56cfe87ac90bd
https://conda.anaconda.org/conda-forge/win-64/vc-14.2-hb210afc_6.tar.bz2#c2aecbc9b00ba6f352e27d3d61fd31fb
https://conda.anaconda.org/conda-forge/win-64/abseil-cpp-20210324.2-h0e60522_0.tar.bz2#b934e6206877352ca3d5ec587b48f6b9
https://conda.anaconda.org/conda-forge/win-64/aws-c-common-0.6.2-h8ffe710_0.tar.bz2#7eb3e6859d0da38fe0bff50391e7f9dc
https://conda.anaconda.org/conda-forge/win-64/bzip2-1.0.8-h8ffe710_4.tar.bz2#7c03c66026944073040cb19a4f3ec3c9
https://conda.anaconda.org/conda-forge/win-64/c-ares-1.18.1-h8ffe710_0.tar.bz2#6aa55bbdfe054ea36c1c99d3adace8d9
https://conda.anaconda.org/conda-forge/win-64/expat-2.4.8-h39d44d4_0.tar.bz2#f8e0f53713756c08456f50c9ce25748c
https://conda.anaconda.org/conda-forge/win-64/fribidi-1.0.10-h8d14728_0.tar.bz2#807e81d915f2bb2e49951648615241f6
https://conda.anaconda.org/conda-forge/win-64/geos-3.10.2-h39d44d4_0.tar.bz2#6aa1e30e27ca103193e7a206364ce4c4
https://conda.anaconda.org/conda-forge/win-64/getopt-win32-0.1-h8ffe710_0.tar.bz2#9ac4874e2958f18e01c386649208fe40
https://conda.anaconda.org/conda-forge/win-64/gflags-2.2.2-ha925a31_1004.tar.bz2#e9442160f56fa442d4ff3eb2e4cf0f22
https://conda.anaconda.org/conda-forge/win-64/graphite2-1.3.13-1000.tar.bz2#8fc0e04e5c852cadf2cad68b86a906ab
https://conda.anaconda.org/conda-forge/win-64/icu-69.1-h0e60522_0.tar.bz2#45c968f1fa02577ea15d12268f21c212
https://conda.anaconda.org/conda-forge/win-64/jpeg-9e-h8ffe710_1.tar.bz2#cda58df0a6d1165a82a0dfd59e9be5b0
https://conda.anaconda.org/conda-forge/win-64/lerc-3.0-h0e60522_0.tar.bz2#756c8b51a32758df2ed6cddcc7b7ed58
https://conda.anaconda.org/conda-forge/win-64/libbrotlicommon-1.0.9-h8ffe710_7.tar.bz2#e7b12a6cf353395dda7ed36b9041048b
https://conda.anaconda.org/conda-forge/win-64/libcrc32c-1.1.2-h0e60522_0.tar.bz2#cd4cc2d0c610c8cb5419ccc979f2d6ce
https://conda.anaconda.org/conda-forge/win-64/libdeflate-1.10-h8ffe710_0.tar.bz2#ad4246997621fdf913fe6f958bc16fd4
https://conda.anaconda.org/conda-forge/win-64/libffi-3.4.2-h8ffe710_5.tar.bz2#2c96d1b6915b408893f9472569dee135
https://conda.anaconda.org/conda-forge/win-64/libiconv-1.16-he774522_0.tar.bz2#bdfeadc9348e4d9fbe4821e81bf8f221
https://conda.anaconda.org/conda-forge/win-64/libsodium-1.0.18-h8d14728_1.tar.bz2#5c1fb45b5e2912c19098750ae8a32604
https://conda.anaconda.org/conda-forge/win-64/libspatialindex-1.9.3-h39d44d4_4.tar.bz2#51c172496e828258d04eba9971f2af1a
https://conda.anaconda.org/conda-forge/win-64/libutf8proc-2.7.0-hcb41399_0.tar.bz2#3e2d60bef3aaf62061fcb9e76464c32f
https://conda.anaconda.org/conda-forge/win-64/libwebp-base-1.2.2-h8ffe710_1.tar.bz2#24e23990217d3542fb821759a41d6ec2
https://conda.anaconda.org/conda-forge/win-64/libzlib-1.2.12-h8ffe710_0.tar.bz2#c3d49ce531c0b5bfe1a8c464ac3c709a
https://conda.anaconda.org/conda-forge/win-64/lz4-c-1.9.3-h8ffe710_1.tar.bz2#d12763533276560a931c1bd3df1adf63
https://conda.anaconda.org/conda-forge/win-64/m2w64-gcc-libgfortran-5.3.0-6.tar.bz2#066552ac6b907ec6d72c0ddab29050dc
https://conda.anaconda.org/conda-forge/win-64/openssl-1.1.1o-h8ffe710_0.tar.bz2#afd7ea72111c4cc1fe8101ae2a321bda
https://conda.anaconda.org/conda-forge/win-64/pcre-8.45-h0e60522_0.tar.bz2#3cd3948bb5de74ebef93b6be6d8cf0d5
https://conda.anaconda.org/conda-forge/win-64/pixman-0.40.0-h8ffe710_0.tar.bz2#32b45d3fcffddc84cc1a014a0b5f0d58
https://conda.anaconda.org/conda-forge/win-64/re2-2022.02.01-h0e60522_0.tar.bz2#f70188ff99a818e55d66f83329af555f
https://conda.anaconda.org/conda-forge/win-64/snappy-1.1.9-h82413e6_1.tar.bz2#47f94fe8037a17cc8c132c8da97f91f7
https://conda.anaconda.org/conda-forge/win-64/sqlite-3.38.5-h8ffe710_0.tar.bz2#9f9c961fc099c7c91a27f38890c42498
https://conda.anaconda.org/conda-forge/win-64/tbb-2021.5.0-h2d74725_1.tar.bz2#8f00f39dbd7deaba11410b0b6e7b2cb4
https://conda.anaconda.org/conda-forge/win-64/tk-8.6.12-h8ffe710_0.tar.bz2#c69a5047cc9291ae40afd4a1ad6f0c0f
https://conda.anaconda.org/conda-forge/win-64/xerces-c-3.2.3-h0e60522_4.tar.bz2#5b9439c54b1c10855f0652918cf70be2
https://conda.anaconda.org/conda-forge/win-64/xz-5.2.5-h62dcd97_1.tar.bz2#eabcbfedd14d7c18a514afca09ea0ebb
https://conda.anaconda.org/conda-forge/win-64/yaml-0.2.5-h8ffe710_2.tar.bz2#adbfb9f45d1004a26763652246a33764
https://conda.anaconda.org/conda-forge/win-64/aws-c-cal-0.5.11-he19cf47_0.tar.bz2#c8b314ff705e4de32640c748e5b9c8d2
https://conda.anaconda.org/conda-forge/win-64/aws-checksums-0.1.11-h1e232aa_7.tar.bz2#c9fde0c43dce1a8eecbef5368396742c
https://conda.anaconda.org/conda-forge/win-64/freexl-1.0.6-ha8e266a_0.tar.bz2#963523a1a1c8616392884d328b912ab8
https://conda.anaconda.org/conda-forge/win-64/gettext-0.19.8.1-ha2e2712_1008.tar.bz2#7097f745c7b794ce3e2a1ffe3195580f
https://conda.anaconda.org/conda-forge/win-64/glog-0.6.0-h4797de2_0.tar.bz2#fdc11ab9a621f009995e89f52bea3004
https://conda.anaconda.org/conda-forge/win-64/krb5-1.19.3-h1176d77_0.tar.bz2#2e0d447ab95d58d3ea1222121ec57f9f
https://conda.anaconda.org/conda-forge/win-64/libbrotlidec-1.0.9-h8ffe710_7.tar.bz2#ca57bf17ba92eed4ca2667a4c5df9343
https://conda.anaconda.org/conda-forge/win-64/libbrotlienc-1.0.9-h8ffe710_7.tar.bz2#75c0a84c7f22d57cda6aaf7205b4a27c
https://conda.anaconda.org/conda-forge/win-64/librttopo-1.1.0-hb1df466_9.tar.bz2#355ee4e3e3c7795e1b042ed45611074b
https://conda.anaconda.org/conda-forge/win-64/libthrift-0.16.0-h636ae23_1.tar.bz2#7dcf20eb16500122955183c309748ffd
https://conda.anaconda.org/conda-forge/win-64/libwebp-1.2.2-h57928b3_0.tar.bz2#80c0ce63cf8f69c5a5781ab7a9645942
https://conda.anaconda.org/conda-forge/win-64/m2w64-gcc-libs-5.3.0-7.tar.bz2#fe759119b8b3bfa720b8762c6fdc35de
https://conda.anaconda.org/conda-forge/win-64/mkl-2022.0.0-h0e2418a_796.tar.bz2#54baa34953c02445bfd6f566c45decbb
https://conda.anaconda.org/conda-forge/win-64/python-3.10.4-h9a09f29_0_cpython.tar.bz2#a1e44d6b98383869aeae35e71f4f33d5
https://conda.anaconda.org/conda-forge/win-64/zeromq-4.3.4-h0e60522_1.tar.bz2#e1aff0583dda5fb917eb3d2c1025aa80
https://conda.anaconda.org/conda-forge/win-64/zlib-1.2.12-h8ffe710_0.tar.bz2#d512bc564ba90eb83c4ae178d8c6fc72
https://conda.anaconda.org/conda-forge/win-64/zstd-1.5.2-h6255e5f_1.tar.bz2#90702967af600ea2e2c7f7968c0ce099
https://conda.anaconda.org/conda-forge/noarch/absolufy-imports-0.3.1-pyhd8ed1ab_0.tar.bz2#6cfab7bc82c2a20549163c93c890e9d6
https://conda.anaconda.org/conda-forge/noarch/atomicwrites-1.4.0-pyh9f0ad1d_0.tar.bz2#5e36230ffaf3b7bb599424592684ae53
https://conda.anaconda.org/conda-forge/noarch/atpublic-3.0.1-pyhd8ed1ab_0.tar.bz2#39904aaf8de88f03fe9c27286dc35681
https://conda.anaconda.org/conda-forge/noarch/attrs-21.4.0-pyhd8ed1ab_0.tar.bz2#f70280205d7044c8b8358c8de3190e5d
https://conda.anaconda.org/conda-forge/win-64/aws-c-io-0.10.5-h2fe331c_0.tar.bz2#d38ee034f93fb73f3f222d1be1e9c3a3
https://conda.anaconda.org/conda-forge/noarch/backcall-0.2.0-pyh9f0ad1d_0.tar.bz2#6006a6d08a3fa99268a2681c7fb55213
https://conda.anaconda.org/conda-forge/noarch/backports-1.0-py_2.tar.bz2#0da16b293affa6ac31812376f8eb79dd
https://conda.anaconda.org/conda-forge/win-64/blosc-1.21.1-h74325e0_3.tar.bz2#90e1e39de7864e0e48654c0beb83e170
https://conda.anaconda.org/conda-forge/win-64/boost-cpp-1.74.0-h9f4b32c_8.tar.bz2#44f135fe326c0f8bac7a82a320b6e3a7
https://conda.anaconda.org/conda-forge/win-64/brotli-bin-1.0.9-h8ffe710_7.tar.bz2#fd458f76be2068973734834202ac0352
https://conda.anaconda.org/conda-forge/noarch/cached_property-1.5.2-pyha770c72_1.tar.bz2#576d629e47797577ab0f1b351297ef4a
https://conda.anaconda.org/conda-forge/noarch/charset-normalizer-2.0.12-pyhd8ed1ab_0.tar.bz2#1f5b32dabae0f1893ae3283dac7f799e
https://conda.anaconda.org/conda-forge/noarch/cloudpickle-2.1.0-pyhd8ed1ab_0.tar.bz2#f7551a8a008dfad2b7ac9662dd124614
https://conda.anaconda.org/conda-forge/noarch/colorama-0.4.4-pyh9f0ad1d_0.tar.bz2#c08b4c1326b880ed44f3ffb04803332f
https://conda.anaconda.org/conda-forge/noarch/cycler-0.11.0-pyhd8ed1ab_0.tar.bz2#a50559fad0affdbb33729a68669ca1cb
https://conda.anaconda.org/conda-forge/noarch/dataclasses-0.8-pyhc8e2a94_3.tar.bz2#a362b2124b06aad102e2ee4581acee7d
https://conda.anaconda.org/conda-forge/noarch/decli-0.5.2-pyhd8ed1ab_0.tar.bz2#2ce5e4c006722934720db737b7a610e1
https://conda.anaconda.org/conda-forge/noarch/decorator-5.1.1-pyhd8ed1ab_0.tar.bz2#43afe5ab04e35e17ba28649471dd7364
https://conda.anaconda.org/conda-forge/noarch/defusedxml-0.7.1-pyhd8ed1ab_0.tar.bz2#961b3a227b437d82ad7054484cfa71b2
https://conda.anaconda.org/conda-forge/noarch/docstring_parser-0.13-pyhd8ed1ab_0.tar.bz2#ddf7087c65ef2c8a9d817edf7eaf5d0b
https://conda.anaconda.org/conda-forge/noarch/entrypoints-0.4-pyhd8ed1ab_0.tar.bz2#3cf04868fee0a029769bd41f4b2fbf2d
https://conda.anaconda.org/conda-forge/noarch/execnet-1.9.0-pyhd8ed1ab_0.tar.bz2#0e521f7a5e60d508b121d38b04874fb2
https://conda.anaconda.org/conda-forge/noarch/executing-0.8.3-pyhd8ed1ab_0.tar.bz2#8d70f4543c1f701b946f85e9f9a00800
https://conda.anaconda.org/conda-forge/noarch/fsspec-2022.5.0-pyhd8ed1ab_0.tar.bz2#db4ffc615663c66a9cc0869ce4d1092b
https://conda.anaconda.org/conda-forge/noarch/gprof2dot-2019.11.30-py_0.tar.bz2#9000d491cc90b7020b6422660d23cbe0
https://conda.anaconda.org/conda-forge/win-64/hdf4-4.2.15-h0e5069d_3.tar.bz2#e6391e0d78bc5ad6b56dbd8947e36152
https://conda.anaconda.org/conda-forge/noarch/heapdict-1.0.1-py_0.tar.bz2#77242bfb1e74a627fb06319b5a2d3b95
https://conda.anaconda.org/conda-forge/noarch/idna-3.3-pyhd8ed1ab_0.tar.bz2#40b50b8b030f5f2f22085c062ed013dd
https://conda.anaconda.org/conda-forge/noarch/iniconfig-1.1.1-pyh9f0ad1d_0.tar.bz2#39161f81cc5e5ca45b8226fbb06c6905
https://conda.anaconda.org/conda-forge/win-64/libblas-3.9.0-14_win64_mkl.tar.bz2#5166ac76c8e0607a2977cf3331ed37a9
https://conda.anaconda.org/conda-forge/win-64/libglib-2.70.2-h3be07f2_4.tar.bz2#355750a238b15920d75ec3c49554c3e3
https://conda.anaconda.org/conda-forge/win-64/libpng-1.6.37-h1d00b33_2.tar.bz2#005ddb14b8f876ed6a85b76dfc9892db
https://conda.anaconda.org/conda-forge/win-64/libpq-14.3-hfcc5ef8_0.tar.bz2#b213329bbb67a2134ddcf2dd6a019ca8
https://conda.anaconda.org/conda-forge/win-64/libprotobuf-3.19.4-h7755175_0.tar.bz2#d025126c3f4425b696ffaaa47f5320ee
https://conda.anaconda.org/conda-forge/win-64/libssh2-1.10.0-h680486a_2.tar.bz2#7c3dab9db46226852f9c4c163870e4e4
https://conda.anaconda.org/conda-forge/win-64/libtiff-4.3.0-hc4061b1_4.tar.bz2#020f381b80287ec09b44085989bc53fc
https://conda.anaconda.org/conda-forge/win-64/libxml2-2.9.14-hf5bbc77_0.tar.bz2#1209fe6f12e1c5e2807a6ec0fa9713f2
https://conda.anaconda.org/conda-forge/win-64/libzip-1.8.0-hfed4ece_1.tar.bz2#a4dafb3942842aeadf87601455a21879
https://conda.anaconda.org/conda-forge/noarch/locket-1.0.0-pyhd8ed1ab_0.tar.bz2#91e27ef3d05cc772ce627e51cff111c4
https://conda.anaconda.org/conda-forge/noarch/mccabe-0.6.1-py_1.tar.bz2#a326cb400c1ccd91789f3e7d02124d61
https://conda.anaconda.org/conda-forge/noarch/mdurl-0.1.0-pyhd8ed1ab_0.tar.bz2#f8dab71fdc13b1bf29a01248b156d268
https://conda.anaconda.org/conda-forge/noarch/mergedeep-1.3.4-pyhd8ed1ab_0.tar.bz2#1a160a3cab5cb6bd46264b52cd6f69a2
https://conda.anaconda.org/conda-forge/noarch/mkdocs-material-extensions-1.0.3-pyhd8ed1ab_2.tar.bz2#1e591e505aec642aa0b1c8282df7594a
https://conda.anaconda.org/conda-forge/noarch/munkres-1.1.4-pyh9f0ad1d_0.tar.bz2#2ba8498c1018c1e9c61eb99b973dfe19
https://conda.anaconda.org/conda-forge/noarch/nest-asyncio-1.5.5-pyhd8ed1ab_0.tar.bz2#dc36c992aec485c0efff619ed2e63957
https://conda.anaconda.org/conda-forge/noarch/networkx-2.8.2-pyhd8ed1ab_0.tar.bz2#fa13a75da1377a7a5a5df3299aea6893
https://conda.anaconda.org/conda-forge/noarch/pandocfilters-1.5.0-pyhd8ed1ab_0.tar.bz2#457c2c8c08e54905d6954e79cb5b5db9
https://conda.anaconda.org/conda-forge/noarch/parso-0.8.3-pyhd8ed1ab_0.tar.bz2#17a565a0c3899244e938cdf417e7b094
https://conda.anaconda.org/conda-forge/noarch/parsy-1.3.0-pyhd8ed1ab_0.tar.bz2#94cd1a4bfe56d25b4e441c46e630b147
https://conda.anaconda.org/conda-forge/noarch/pathspec-0.9.0-pyhd8ed1ab_0.tar.bz2#f93dc0ccbc0a8472624165f6e256c7d1
https://conda.anaconda.org/conda-forge/noarch/pickleshare-0.7.5-py_1003.tar.bz2#415f0ebb6198cc2801c73438a9fb5761
https://conda.anaconda.org/conda-forge/noarch/platformdirs-2.5.1-pyhd8ed1ab_0.tar.bz2#d5df87964a39f67c46a5448f4e78d9b6
https://conda.anaconda.org/conda-forge/win-64/pthread-stubs-0.4-hcd874cb_1001.tar.bz2#a1f820480193ea83582b13249a7e7bd9
https://conda.anaconda.org/conda-forge/noarch/pure-sasl-0.6.2-pyhd8ed1ab_0.tar.bz2#ac695eecf21ab48093bc33fd60b4102d
https://conda.anaconda.org/conda-forge/noarch/pure_eval-0.2.2-pyhd8ed1ab_0.tar.bz2#6784285c7e55cb7212efabc79e4c2883
https://conda.anaconda.org/conda-forge/noarch/py-1.11.0-pyh6c4a22f_0.tar.bz2#b4613d7e7a493916d867842a6a148054
https://conda.anaconda.org/conda-forge/noarch/py-cpuinfo-8.0.0-pyhd8ed1ab_0.tar.bz2#37a9a8874b2e62987f8dc2434688f3cf
https://conda.anaconda.org/conda-forge/noarch/py4j-0.10.9.3-pyhd8ed1ab_1.tar.bz2#be4e187a895d2ae834e050a14b025888
https://conda.anaconda.org/conda-forge/noarch/pycodestyle-2.8.0-pyhd8ed1ab_0.tar.bz2#f2532eee272d45b1283ea4869d71f044
https://conda.anaconda.org/conda-forge/noarch/pycparser-2.21-pyhd8ed1ab_0.tar.bz2#076becd9e05608f8dc72757d5f3a91ff
https://conda.anaconda.org/conda-forge/noarch/pyflakes-2.4.0-pyhd8ed1ab_0.tar.bz2#1aa3ecd37d0694e2ea5fef48da75371e
https://conda.anaconda.org/conda-forge/noarch/pymysql-1.0.2-pyhd8ed1ab_0.tar.bz2#6b3c16769e390b5b60729d2eb46b8144
https://conda.anaconda.org/conda-forge/noarch/pyparsing-3.0.9-pyhd8ed1ab_0.tar.bz2#e8fbc1b54b25f4b08281467bc13b70cc
https://conda.anaconda.org/conda-forge/noarch/python-fastjsonschema-2.15.3-pyhd8ed1ab_0.tar.bz2#fae309d1cc996da1f63de9d321e65e27
https://conda.anaconda.org/conda-forge/win-64/python_abi-3.10-2_cp310.tar.bz2#aaa900b98edb2e67106b461ff365ba57
https://conda.anaconda.org/conda-forge/noarch/pytz-2022.1-pyhd8ed1ab_0.tar.bz2#b87d66d6d3991d988fb31510c95a9267
https://conda.anaconda.org/conda-forge/noarch/six-1.16.0-pyh6c4a22f_0.tar.bz2#e5f25f8dbc060e9a8d912e432202afc2
https://conda.anaconda.org/conda-forge/noarch/smmap-3.0.5-pyh44b312d_0.tar.bz2#3a8dc70789709aa315325d5df06fb7e4
https://conda.anaconda.org/conda-forge/noarch/snowballstemmer-2.2.0-pyhd8ed1ab_0.tar.bz2#4d22a9315e78c6827f806065957d566e
https://conda.anaconda.org/conda-forge/noarch/sortedcontainers-2.4.0-pyhd8ed1ab_0.tar.bz2#6d6552722448103793743dabfbda532d
https://conda.anaconda.org/conda-forge/noarch/soupsieve-2.3.1-pyhd8ed1ab_0.tar.bz2#d821b295c4bd18ad27e1e19543a5784a
https://conda.anaconda.org/conda-forge/noarch/sqlparse-0.4.2-pyhd8ed1ab_0.tar.bz2#25ba7b3dfd098e438d621c888ebb0519
https://conda.anaconda.org/conda-forge/noarch/tabulate-0.8.9-pyhd8ed1ab_0.tar.bz2#ee657dbe69e892aeccde7cabb4edf261
https://conda.anaconda.org/conda-forge/noarch/tblib-1.7.0-pyhd8ed1ab_0.tar.bz2#3d4afc31302aa7be471feb6be048ed76
https://conda.anaconda.org/conda-forge/noarch/termcolor-1.1.0-py_2.tar.bz2#c7fd66fedfff76bfe477c6f33c96d83a
https://conda.anaconda.org/conda-forge/noarch/threadpoolctl-3.1.0-pyh8a188c0_0.tar.bz2#a2995ee828f65687ac5b1e71a2ab1e0c
https://conda.anaconda.org/conda-forge/noarch/tokenize-rt-4.2.1-pyhd8ed1ab_0.tar.bz2#8ced00b67bdd521c7c06ecf8e2c03ad5
https://conda.anaconda.org/conda-forge/noarch/toml-0.10.2-pyhd8ed1ab_0.tar.bz2#f832c45a477c78bebd107098db465095
https://conda.anaconda.org/conda-forge/noarch/tomli-2.0.1-pyhd8ed1ab_0.tar.bz2#5844808ffab9ebdb694585b50ba02a96
https://conda.anaconda.org/conda-forge/noarch/toolz-0.11.2-pyhd8ed1ab_0.tar.bz2#f348d1590550371edfac5ed3c1d44f7e
https://conda.anaconda.org/conda-forge/noarch/traitlets-5.2.2.post1-pyhd8ed1ab_0.tar.bz2#2b06b17ee111c3df688affbe3964a3b3
https://conda.anaconda.org/conda-forge/noarch/typing-3.10.0.0-pyhd8ed1ab_0.tar.bz2#e6573ac68718f17b9d4f5c8eda3190f2
https://conda.anaconda.org/conda-forge/noarch/typing_extensions-4.2.0-pyha770c72_1.tar.bz2#f0f7e024f94e23d3bfee0ab777bf335a
https://conda.anaconda.org/conda-forge/noarch/verspec-0.1.0-pyhd8ed1ab_0.tar.bz2#64ebfc29e8399f3eeaf17cb2bd04e770
https://conda.anaconda.org/conda-forge/noarch/webencodings-0.5.1-py_1.tar.bz2#3563be4c5611a44210d9ba0c16113136
https://conda.anaconda.org/conda-forge/win-64/xorg-kbproto-1.0.7-hcd874cb_1002.tar.bz2#8d11c1dac4756ca57e78c1bfe173bba4
https://conda.anaconda.org/conda-forge/win-64/xorg-libice-1.0.10-hcd874cb_0.tar.bz2#8f45beee385cb67e42d6732bdb1b6a40
https://conda.anaconda.org/conda-forge/win-64/xorg-libxau-1.0.9-hcd874cb_0.tar.bz2#9cef622e75683c17d05ae62d66e69e6c
https://conda.anaconda.org/conda-forge/win-64/xorg-libxdmcp-1.1.3-hcd874cb_0.tar.bz2#46878ebb6b9cbd8afcf8088d7ef00ece
https://conda.anaconda.org/conda-forge/win-64/xorg-xextproto-7.3.0-hcd874cb_1002.tar.bz2#4e2fb1b05e6f44190127b600b8f01645
https://conda.anaconda.org/conda-forge/win-64/xorg-xproto-7.0.31-hcd874cb_1007.tar.bz2#88f3c65d2ad13826a9e0b162063be023
https://conda.anaconda.org/conda-forge/noarch/xyzservices-2022.4.0-pyhd8ed1ab_0.tar.bz2#3bc94b37aeede5bae4c0ddaadc554e04
https://conda.anaconda.org/conda-forge/noarch/zipp-3.8.0-pyhd8ed1ab_0.tar.bz2#050b94cf4a8c760656e51d2d44e4632c
https://conda.anaconda.org/conda-forge/noarch/asttokens-2.0.5-pyhd8ed1ab_0.tar.bz2#74badce16f060701fee55c39332f5253
https://conda.anaconda.org/conda-forge/noarch/astunparse-1.6.3-pyhd8ed1ab_0.tar.bz2#000b6f68a0bfaba800ced7500c11780f
https://conda.anaconda.org/conda-forge/win-64/aws-c-event-stream-0.2.7-h70e1b0c_13.tar.bz2#c5946a20e3d686659e2173f4921160a7
https://conda.anaconda.org/conda-forge/noarch/babel-2.10.1-pyhd8ed1ab_0.tar.bz2#2ec70a4a964b696170d730466c668f60
https://conda.anaconda.org/conda-forge/noarch/beautifulsoup4-4.11.1-pyha770c72_0.tar.bz2#eeec8814bd97b2681f708bb127478d7d
https://conda.anaconda.org/conda-forge/win-64/bitarray-2.5.1-py310he2412df_0.tar.bz2#b1ce54f8ea0dc42157d38fa0ab5e1603
https://conda.anaconda.org/conda-forge/win-64/brotli-1.0.9-h8ffe710_7.tar.bz2#bdd3236d1f6962e8e6953276d12b7e5b
https://conda.anaconda.org/conda-forge/noarch/cached-property-1.5.2-hd8ed1ab_1.tar.bz2#9b347a7ec10940d3f7941ff6c460b551
https://conda.anaconda.org/conda-forge/win-64/certifi-2022.5.18.1-py310h5588dad_0.tar.bz2#7953bbe9c2fab2f3bce9b68e85c78b17
https://conda.anaconda.org/conda-forge/win-64/cffi-1.15.0-py310hcbf9ad4_0.tar.bz2#ffea8be6c3b061eb7361a8686af44861
https://conda.anaconda.org/conda-forge/win-64/click-8.1.3-py310h5588dad_0.tar.bz2#9d68311ef7daffb1f41e5ab2ac327515
https://conda.anaconda.org/conda-forge/win-64/coverage-6.4-py310he2412df_0.tar.bz2#41f0d94eaf4d498dd7d359ec48cbbba1
https://conda.anaconda.org/conda-forge/win-64/cytoolz-0.11.2-py310he2412df_2.tar.bz2#a7e741274e6aae913e2c20dc7b44a58b
https://conda.anaconda.org/conda-forge/win-64/debugpy-1.6.0-py310h8a704f9_0.tar.bz2#e360865200f4c8614cb6171e6b9db948
https://conda.anaconda.org/conda-forge/win-64/freetype-2.10.4-h546665d_1.tar.bz2#1215a2e49d23da91c28d97cff8de35ea
https://conda.anaconda.org/conda-forge/win-64/future-0.18.2-py310h5588dad_5.tar.bz2#8dd93f995ab30e813f50dc1727ae2367
https://conda.anaconda.org/conda-forge/noarch/gitdb-4.0.9-pyhd8ed1ab_0.tar.bz2#40fc6b14a45dee3a3fd9f302d026108e
https://conda.anaconda.org/conda-forge/win-64/greenlet-1.1.2-py310h8a704f9_2.tar.bz2#e1f6cfcf020c32e3a63e6583dbdeb867
https://conda.anaconda.org/conda-forge/win-64/grpc-cpp-1.43.2-he33f7c1_3.tar.bz2#f5d841b2cf4cfa7618a3d8af003f1f81
https://conda.anaconda.org/conda-forge/win-64/gts-0.7.6-h7c369d9_2.tar.bz2#509e4ea898407220d7bdbc6f8a02fe63
https://conda.anaconda.org/conda-forge/win-64/importlib-metadata-4.11.4-py310h5588dad_0.tar.bz2#16ef54587496fadabd26ba48ff221750
https://conda.anaconda.org/conda-forge/noarch/importlib_resources-5.7.1-pyhd8ed1ab_1.tar.bz2#56567286f9f9716bea44fe9301e1b34d
https://conda.anaconda.org/conda-forge/win-64/jedi-0.18.1-py310h5588dad_1.tar.bz2#89a5ea48d8c83a5ddf41f1aab3c21638
https://conda.anaconda.org/conda-forge/win-64/kiwisolver-1.4.2-py310h476a331_1.tar.bz2#bb82dc9ea996b6168f05bcd13eebb3ff
https://conda.anaconda.org/conda-forge/win-64/lcms2-2.12-h2a16943_0.tar.bz2#fee639c27301c4165b4d1f7e442de8a5
https://conda.anaconda.org/conda-forge/win-64/libcblas-3.9.0-14_win64_mkl.tar.bz2#b73477bd66b6efdcbcb8c7fb527794ae
https://conda.anaconda.org/conda-forge/win-64/libcurl-7.83.1-h789b8ee_0.tar.bz2#b70caa5b0251f09a47eeae9f8fc0f5b2
https://conda.anaconda.org/conda-forge/win-64/libkml-1.3.0-h9859afa_1014.tar.bz2#db1f77738473f157772146f003298cf7
https://conda.anaconda.org/conda-forge/win-64/liblapack-3.9.0-14_win64_mkl.tar.bz2#741ce71c5f5522fbec9508830b05cc32
https://conda.anaconda.org/conda-forge/win-64/libxcb-1.13-hcd874cb_1004.tar.bz2#a6d7fd030532378ecb6ba435cd9f8234
https://conda.anaconda.org/conda-forge/win-64/lz4-4.0.0-py310h7b86b54_2.tar.bz2#6b2000af6160ba5dc52580ec8e831460
https://conda.anaconda.org/conda-forge/noarch/markdown-it-py-2.1.0-pyhd8ed1ab_0.tar.bz2#d821ebc1ebe21d4cac2555278c2cd970
https://conda.anaconda.org/conda-forge/win-64/markupsafe-2.1.1-py310he2412df_1.tar.bz2#c33fd016ec3b4c3cb0e676fbd0b18953
https://conda.anaconda.org/conda-forge/noarch/matplotlib-inline-0.1.3-pyhd8ed1ab_0.tar.bz2#be3bfd435802d2c768c6b2439f325f3d
https://conda.anaconda.org/conda-forge/win-64/mistune-0.8.4-py310he2412df_1005.tar.bz2#b845e34a59732681cdd63f5c5d3456b4
https://conda.anaconda.org/conda-forge/win-64/msgpack-python-1.0.3-py310h476a331_1.tar.bz2#bb1894acab7024fc82aa4779998bda8a
https://conda.anaconda.org/conda-forge/noarch/multipledispatch-0.6.0-py_0.tar.bz2#1073dc92c8f247d94ac14dd79ca0bbec
https://conda.anaconda.org/conda-forge/win-64/mypy_extensions-0.4.3-py310h5588dad_5.tar.bz2#9d953469ad8d474380618f571be84e8c
https://conda.anaconda.org/conda-forge/win-64/openjpeg-2.4.0-hb211442_1.tar.bz2#0991d2e943e5ba7ec9b7b32eec14e2e3
https://conda.anaconda.org/conda-forge/noarch/packaging-21.3-pyhd8ed1ab_0.tar.bz2#71f1ab2de48613876becddd496371c85
https://conda.anaconda.org/conda-forge/noarch/partd-1.2.0-pyhd8ed1ab_0.tar.bz2#0c32f563d7f22e3a34c95cad8cc95651
https://conda.anaconda.org/conda-forge/win-64/pluggy-1.0.0-py310h5588dad_3.tar.bz2#48b66805d9d5b1d24fcb0d547471a0f0
https://conda.anaconda.org/conda-forge/win-64/postgresql-14.3-h1c22c4f_0.tar.bz2#26baac94fc525b45c4cd69477c7183ac
https://conda.anaconda.org/conda-forge/win-64/pprintpp-0.4.0-py310h5588dad_4.tar.bz2#ed2ae9702ac0b36d5265819a536913c1
https://conda.anaconda.org/conda-forge/win-64/psutil-5.9.1-py310he2412df_0.tar.bz2#a3522200c0314c650f0f0beb4d69d92c
https://conda.anaconda.org/conda-forge/win-64/psycopg2-2.9.3-py310hcbf9ad4_0.tar.bz2#151d71d580aba5b872393fda225710da
https://conda.anaconda.org/conda-forge/noarch/pydocstyle-6.1.1-pyhd8ed1ab_0.tar.bz2#e417954a987d382b3142886726ab3aad
https://conda.anaconda.org/conda-forge/win-64/pyrsistent-0.18.1-py310he2412df_1.tar.bz2#c9f9ed13bf78eda29170ca3f146b030c
https://conda.anaconda.org/conda-forge/noarch/python-dateutil-2.8.2-pyhd8ed1ab_0.tar.bz2#dd999d1cc9f79e67dbb855c8924c7984
https://conda.anaconda.org/conda-forge/noarch/pyupgrade-2.32.1-pyhd8ed1ab_0.tar.bz2#0a1486fa4e0ca4adec2ec641c2fe1695
https://conda.anaconda.org/conda-forge/win-64/pywin32-303-py310he2412df_0.tar.bz2#e034f495e69b266fc082c92f75398f22
https://conda.anaconda.org/conda-forge/win-64/pyyaml-6.0-py310he2412df_4.tar.bz2#e1386e64a5e6d3ef30860a233ce8b371
https://conda.anaconda.org/conda-forge/win-64/pyzmq-23.0.0-py310h73ada01_0.tar.bz2#fe1eb77a691e36b3e3601a0538d035f2
https://conda.anaconda.org/conda-forge/win-64/regex-2022.4.24-py310he2412df_0.tar.bz2#88acce18d5f2ccce391407a1f41c0e0d
https://conda.anaconda.org/conda-forge/win-64/rtree-1.0.0-py310h1cbd46b_1.tar.bz2#580179d00304dd869b14779b62130bb1
https://conda.anaconda.org/conda-forge/win-64/setuptools-62.3.2-py310h5588dad_0.tar.bz2#a5a86f2dae26872e69e085256b14486e
https://conda.anaconda.org/conda-forge/win-64/thrift-0.16.0-py310h8a704f9_1.tar.bz2#039c2bad94a097e7ba9594192eca5489
https://conda.anaconda.org/conda-forge/noarch/tinycss2-1.1.1-pyhd8ed1ab_0.tar.bz2#5d280406501e79dc7aa9c9ac31d25a80
https://conda.anaconda.org/conda-forge/noarch/tomlkit-0.11.0-pyha770c72_0.tar.bz2#4c3c1c8f8230bd75e69e083b113b2483
https://conda.anaconda.org/conda-forge/win-64/tornado-6.1-py310he2412df_3.tar.bz2#f5e310d96e266e6acda33c31c722e2cb
https://conda.anaconda.org/conda-forge/win-64/typed-ast-1.5.4-py310he2412df_0.tar.bz2#bc81264f0312aac5942257aeaeaa60af
https://conda.anaconda.org/conda-forge/noarch/typing-extensions-4.2.0-hd8ed1ab_1.tar.bz2#6d9d7480c5780514779967be2ee8b963
https://conda.anaconda.org/conda-forge/win-64/unicodedata2-14.0.0-py310he2412df_1.tar.bz2#a122d354e5f14ccf90ed05deb86a8e18
https://conda.anaconda.org/conda-forge/win-64/win_inet_pton-1.1.0-py310h5588dad_4.tar.bz2#674aa7b17ab884a99afeec3547a03bb8
https://conda.anaconda.org/conda-forge/win-64/xorg-libsm-1.2.3-hcd874cb_1000.tar.bz2#76a765e735668a9922da3d58e746a7a6
https://conda.anaconda.org/conda-forge/noarch/zict-2.2.0-pyhd8ed1ab_0.tar.bz2#cd563d01df94e51f968645dbf3b310b0
https://conda.anaconda.org/conda-forge/win-64/aws-sdk-cpp-1.8.186-hb0612c5_3.tar.bz2#3ca6e323b1928af3021d37668994482d
https://conda.anaconda.org/conda-forge/noarch/backports.functools_lru_cache-1.6.4-pyhd8ed1ab_0.tar.bz2#c5b3edc62d6309088f4970b3eaaa65a6
https://conda.anaconda.org/conda-forge/noarch/black-22.3.0-pyhd8ed1ab_0.tar.bz2#7ecbfaae9a30b73c1a6e36e4a0debc03
https://conda.anaconda.org/conda-forge/noarch/bleach-5.0.0-pyhd8ed1ab_0.tar.bz2#2a2ae7c56b8f72caba261363407b484a
https://conda.anaconda.org/conda-forge/win-64/brotlipy-0.7.0-py310he2412df_1004.tar.bz2#6967391ab90fb96d3e75bf423012fa79
https://conda.anaconda.org/conda-forge/win-64/cfitsio-4.1.0-h5a969a9_0.tar.bz2#df455e759b8bd9cb9beccd47306b55e7
https://conda.anaconda.org/conda-forge/noarch/click-plugins-1.1.1-py_0.tar.bz2#4fd2c6b53934bd7d96d1f3fdaf99b79f
https://conda.anaconda.org/conda-forge/noarch/cligj-0.7.2-pyhd8ed1ab_1.tar.bz2#a29b7c141d6b2de4bb67788a5f107734
https://conda.anaconda.org/conda-forge/noarch/commonmark-0.9.1-py_0.tar.bz2#6aa0173c14befcd577ded130cf6f22f5
https://conda.anaconda.org/conda-forge/win-64/cryptography-37.0.2-py310ha857299_0.tar.bz2#17d16584546c3f94a790566698509ac8
https://conda.anaconda.org/conda-forge/win-64/curl-7.83.1-h789b8ee_0.tar.bz2#21321b6738d077e54fadfce08a41f5c7
https://conda.anaconda.org/conda-forge/noarch/dask-core-2022.5.2-pyhd8ed1ab_0.tar.bz2#7ec2aa5c3b67b07e24c9304e07831fd5
https://conda.anaconda.org/conda-forge/noarch/dunamai-1.12.0-pyhd8ed1ab_0.tar.bz2#54d78f5785b553075286b9121b8fff65
https://conda.anaconda.org/conda-forge/noarch/flake8-4.0.1-pyhd8ed1ab_2.tar.bz2#a824bd55ce47e9c637427f730c651231
https://conda.anaconda.org/conda-forge/win-64/fontconfig-2.14.0-hce3cb01_0.tar.bz2#08f0ca5312c33d7630cae5b7c0c078d5
https://conda.anaconda.org/conda-forge/win-64/fonttools-4.33.3-py310he2412df_0.tar.bz2#0b5535bd62db207592abfbf975dd3f2e
https://conda.anaconda.org/conda-forge/noarch/ghp-import-2.1.0-pyhd8ed1ab_0.tar.bz2#6d8d61116031a3f5b1f32e7899785866
https://conda.anaconda.org/conda-forge/noarch/gitpython-3.1.27-pyhd8ed1ab_0.tar.bz2#20acbaab17a50ac9b64138eb9a0e1af8
https://conda.anaconda.org/conda-forge/win-64/hdf5-1.12.1-nompi_h2a0e4a3_104.tar.bz2#709e87acdf50633bd823c4467a9b50a1
https://conda.anaconda.org/conda-forge/noarch/importlib_metadata-4.11.4-hd8ed1ab_0.tar.bz2#9a1925fdb91c81437b8012e48ede6851
https://conda.anaconda.org/conda-forge/noarch/isort-5.10.1-pyhd8ed1ab_0.tar.bz2#83df9ffefe1cc01d9e60405bf871bfdb
https://conda.anaconda.org/conda-forge/noarch/jinja2-3.1.2-pyhd8ed1ab_0.tar.bz2#2d307d13155817b5f5da36cc69358fe6
https://conda.anaconda.org/conda-forge/noarch/joblib-1.1.0-pyhd8ed1ab_0.tar.bz2#07d1b5c8cde14d95998fd4767e1e62d2
https://conda.anaconda.org/conda-forge/noarch/jsonschema-4.5.1-pyhd8ed1ab_0.tar.bz2#8d0ab829ebf9ee2cda484985ba8270cd
https://conda.anaconda.org/conda-forge/win-64/jupyter_core-4.10.0-py310h5588dad_0.tar.bz2#44d03fb0f961ae345bcdea603b9edd65
https://conda.anaconda.org/conda-forge/win-64/libgoogle-cloud-1.36.0-h7f3f1e6_0.tar.bz2#68f4341955fee4ab2969eb6aa3c8acab
https://conda.anaconda.org/conda-forge/noarch/markdown-3.3.7-pyhd8ed1ab_0.tar.bz2#0a0bed31742342688a8570b3b8a50f36
https://conda.anaconda.org/conda-forge/noarch/mdit-py-plugins-0.3.0-pyhd8ed1ab_0.tar.bz2#adf9129f76ca651869acf2219fac2050
https://conda.anaconda.org/conda-forge/noarch/munch-2.5.0-py_0.tar.bz2#31d9e9be500e25ff0050bc9f57a6bcd7
https://conda.anaconda.org/conda-forge/win-64/mypy-0.960-py310he2412df_0.tar.bz2#b0c334748e1feb50776ae302b3398b73
https://conda.anaconda.org/conda-forge/win-64/numpy-1.22.4-py310hed7ac4c_0.tar.bz2#268caa71594c0d641b86d89f22e47dc3
https://conda.anaconda.org/conda-forge/win-64/pillow-9.1.1-py310h767b3fd_0.tar.bz2#f1fd38ba70de1ac9f282ac0c5395e789
https://conda.anaconda.org/conda-forge/win-64/proj-9.0.0-h1cfcee9_1.tar.bz2#b5d08d4a1f3e32deb6201b7a904b5ff4
https://conda.anaconda.org/conda-forge/noarch/pyaml-21.10.1-pyhd8ed1ab_0.tar.bz2#dd38ba892254ba8f8594c34be6198d27
https://conda.anaconda.org/conda-forge/win-64/pydantic-1.9.1-py310he2412df_0.tar.bz2#843be2573c07581d9049b738ec49abb8
https://conda.anaconda.org/conda-forge/noarch/pygments-2.11.2-pyhd8ed1ab_0.tar.bz2#caef60540e2239e27bf62569a5015e3b
https://conda.anaconda.org/conda-forge/win-64/pysocks-1.7.1-py310h5588dad_5.tar.bz2#8b84a5de3ffa12a5aaeea385140bba27
https://conda.anaconda.org/conda-forge/win-64/pytest-7.1.2-py310h5588dad_0.tar.bz2#752fb46d83358bc421474e1abc542e9d
https://conda.anaconda.org/conda-forge/noarch/pytkdocs-0.16.1-pyhd8ed1ab_1.tar.bz2#ae3576d292ea10c7b6de7f2d60301690
https://conda.anaconda.org/conda-forge/noarch/pyyaml-env-tag-0.1-pyhd8ed1ab_0.tar.bz2#626ed9060ddeb681ddc42bcad89156ab
https://conda.anaconda.org/conda-forge/win-64/sqlalchemy-1.4.37-py310he2412df_0.tar.bz2#41adcab9cf28f9aeba11d131c49b8d0f
https://conda.anaconda.org/conda-forge/noarch/stack_data-0.2.0-pyhd8ed1ab_0.tar.bz2#8c0ce3e6bf18a0c810125aef58a2a6f3
https://conda.anaconda.org/conda-forge/noarch/thrift_sasl-0.4.3-pyhd8ed1ab_1.tar.bz2#6b4de64c72e1128f3290a1a06a03190d
https://conda.anaconda.org/conda-forge/win-64/watchdog-2.1.8-py310h5588dad_1.tar.bz2#a6c4669f8dfce5eb98a5f1d56979b31b
https://conda.anaconda.org/conda-forge/win-64/xorg-libx11-1.7.2-hcd874cb_0.tar.bz2#fc83d322fcfa4ca466b8529c4a2d259c
https://conda.anaconda.org/conda-forge/noarch/argcomplete-1.12.3-pyhd8ed1ab_2.tar.bz2#b8152341fc3fc9880c6e1b9d188974e5
https://conda.anaconda.org/conda-forge/win-64/arrow-cpp-8.0.0-py310h43be0d3_1_cpu.tar.bz2#bed5623f8290c0cd33239f19bbc4ec98
https://conda.anaconda.org/conda-forge/win-64/bokeh-2.4.3-py310h5588dad_0.tar.bz2#054df2c6fde4ac03b3c0fb9d3ea8591b
https://conda.anaconda.org/conda-forge/noarch/branca-0.5.0-pyhd8ed1ab_0.tar.bz2#d96c4ccb1e66b1c1f507dd12c226749a
https://conda.anaconda.org/conda-forge/win-64/cairo-1.16.0-h15b3021_1010.tar.bz2#d56f4dca0f0598cde33f5a92b09f8dd1
https://conda.anaconda.org/conda-forge/win-64/geotiff-1.7.1-h38b14a8_1.tar.bz2#a42d869c0ed7a0b383cd9d5459bf7573
https://conda.anaconda.org/conda-forge/noarch/impyla-0.17.0-pyhd8ed1ab_2.tar.bz2#6c2b6b92dacfa3e9fb974849c16b6e80
https://conda.anaconda.org/conda-forge/noarch/jupyter_client-7.3.1-pyhd8ed1ab_0.tar.bz2#38481a37ead8c37d2ad7b52d3bc2b0a7
https://conda.anaconda.org/conda-forge/noarch/jupyterlab_pygments-0.2.2-pyhd8ed1ab_0.tar.bz2#243f63592c8e449f40cd42eb5cf32f40
https://conda.anaconda.org/conda-forge/win-64/kealib-1.4.14-h8995ca9_3.tar.bz2#90564c59861ee50b99e6a62f8a17816c
https://conda.anaconda.org/conda-forge/win-64/libnetcdf-4.8.1-nompi_h1cc8e9d_102.tar.bz2#0483300d168b92181d9e5d1a5ecea46a
https://conda.anaconda.org/conda-forge/win-64/libspatialite-5.0.1-h36c16d9_15.tar.bz2#085c1a6121bce7958ac46294afdf4069
https://conda.anaconda.org/conda-forge/win-64/matplotlib-base-3.5.2-py310h79a7439_0.tar.bz2#2e7b8ea1bc7bb4c52c3a801218e669ec
https://conda.anaconda.org/conda-forge/noarch/mkdocs-1.3.0-pyhd8ed1ab_0.tar.bz2#58749db4f2cbec8b1658f30f46f1193f
https://conda.anaconda.org/conda-forge/noarch/nbformat-5.4.0-pyhd8ed1ab_0.tar.bz2#770f6659243e2c79a0b8488b0e463bd1
https://conda.anaconda.org/conda-forge/win-64/pandas-1.4.2-py310hf5e1058_2.tar.bz2#78157f2b1b243cf8d834e1d31a889fc6
https://conda.anaconda.org/conda-forge/noarch/poetry-dynamic-versioning-0.17.1-pyhd8ed1ab_0.tar.bz2#1993648c9030cfc54255ff105a237a44
https://conda.anaconda.org/conda-forge/noarch/pymdown-extensions-9.3-pyhd8ed1ab_0.tar.bz2#c0123a00c0bb79ad57ae43e85e4df596
https://conda.anaconda.org/conda-forge/noarch/pyopenssl-22.0.0-pyhd8ed1ab_0.tar.bz2#1d7e241dfaf5475e893d4b824bb71b44
https://conda.anaconda.org/conda-forge/win-64/pyproj-3.3.1-py310h1bcc3f4_0.tar.bz2#118cf66054f2a687516c3beb22fcb547
https://conda.anaconda.org/conda-forge/noarch/pytest-benchmark-3.4.1-pyhd8ed1ab_0.tar.bz2#b43432959097d928368777783a113eaa
https://conda.anaconda.org/conda-forge/noarch/pytest-cov-3.0.0-pyhd8ed1ab_0.tar.bz2#0f7cac11bb696b62d378bde725bfc3eb
https://conda.anaconda.org/conda-forge/noarch/pytest-forked-1.4.0-pyhd8ed1ab_0.tar.bz2#95286e05a617de9ebfe3246cecbfb72f
https://conda.anaconda.org/conda-forge/noarch/pytest-mock-3.7.0-pyhd8ed1ab_1.tar.bz2#6af5653a74c450ddc16ef5b39d2dedcd
https://conda.anaconda.org/conda-forge/noarch/pytest-profiling-1.7.0-py_1.tar.bz2#4dc5c2917451a73cc7532fc893e2daea
https://conda.anaconda.org/conda-forge/noarch/pytest-randomly-3.12.0-pyhd8ed1ab_0.tar.bz2#c428aad352580a0d3264740a4dd5aeae
https://conda.anaconda.org/conda-forge/noarch/pytest-repeat-0.9.1-pyhd8ed1ab_0.tar.bz2#654827090748fa1cf4a375df7d99fcaf
https://conda.anaconda.org/conda-forge/noarch/rich-12.4.4-pyhd8ed1ab_0.tar.bz2#19f5736fcf396e22c596bcbfa13770f3
https://conda.anaconda.org/conda-forge/win-64/scipy-1.8.1-py310h33db832_0.tar.bz2#804f0191d23787be4b32d72188ffcae3
https://conda.anaconda.org/conda-forge/win-64/shapely-1.8.2-py310h3578588_1.tar.bz2#067b7f59e17a152d4665babf88a182c6
https://conda.anaconda.org/conda-forge/win-64/tiledb-2.8.3-h5689973_1.tar.bz2#c8cba9b4d95f054caf5453bf8169429a
https://conda.anaconda.org/conda-forge/noarch/wcwidth-0.2.5-pyh9f0ad1d_2.tar.bz2#5266fcd697043c59621fda522b3d78ee
https://conda.anaconda.org/conda-forge/win-64/xorg-libxext-1.3.4-hcd874cb_1.tar.bz2#237e70b849a9440c2fce725b74412cd6
https://conda.anaconda.org/conda-forge/win-64/xorg-libxt-1.2.1-hcd874cb_2.tar.bz2#75788d7a4edf041cdd0a830f9bcaa3fb
https://conda.anaconda.org/conda-forge/noarch/geopandas-base-0.10.2-pyha770c72_1.tar.bz2#10584badfcd9fa04e6fc9a4d5dad1513
https://conda.anaconda.org/conda-forge/win-64/harfbuzz-4.2.0-hc1763ed_0.tar.bz2#2ba75f628c2601d15c649821714e9e97
https://conda.anaconda.org/conda-forge/noarch/jupytext-1.13.8-pyh4b9bcc7_0.tar.bz2#aba00353637aa69640ec2ae150dc592d
https://conda.anaconda.org/conda-forge/noarch/mike-1.1.2-pyhd8ed1ab_0.tar.bz2#d5a6fceddaaee934809822e85b9cae38
https://conda.anaconda.org/conda-forge/noarch/mkdocs-autorefs-0.4.1-pyhd8ed1ab_1.tar.bz2#49e4c30dd48438c2c71a71d40ecb384d
https://conda.anaconda.org/conda-forge/noarch/mkdocs-exclude-1.0.2-pyhd8ed1ab_0.tar.bz2#4a0af4399e9b3e4142f3dcabd35b7553
https://conda.anaconda.org/conda-forge/noarch/mkdocs-gen-files-0.3.4-pyhd8ed1ab_0.tar.bz2#264fad2940ecc5976263107baae197f2
https://conda.anaconda.org/conda-forge/noarch/mkdocs-git-revision-date-localized-plugin-1.0.1-pyhd8ed1ab_0.tar.bz2#9e7dd31f4dd47f0b25252ee711a7d522
https://conda.anaconda.org/conda-forge/noarch/mkdocs-literate-nav-0.4.1-pyhd8ed1ab_0.tar.bz2#93e0ddb91f9fb615fa3f9cda31434447
https://conda.anaconda.org/conda-forge/noarch/mkdocs-material-8.2.16-pyhd8ed1ab_0.tar.bz2#e13dad2022bf1f78f5e4b12379e12f59
https://conda.anaconda.org/conda-forge/noarch/mkdocs-table-reader-plugin-1.0.0-pyhd8ed1ab_0.tar.bz2#e4a9e7019d3d1b8a52d792b86c6fc082
https://conda.anaconda.org/conda-forge/noarch/nbclient-0.6.4-pyhd8ed1ab_1.tar.bz2#3c7bdd38f81daf5dbf8dd1fba0b4ad12
https://conda.anaconda.org/conda-forge/noarch/parquet-cpp-1.5.1-2.tar.bz2#79a5f78c42817594ae016a7896521a97
https://conda.anaconda.org/conda-forge/win-64/poppler-22.04.0-h24fffdf_0.tar.bz2#96741eacc36a018878278e121a625e32
https://conda.anaconda.org/conda-forge/noarch/prompt-toolkit-3.0.29-pyha770c72_0.tar.bz2#9e720b57b22ef3032b4fb081697819dd
https://conda.anaconda.org/conda-forge/noarch/pytest-clarity-1.0.1-pyhd8ed1ab_0.tar.bz2#76a7925032ca23744cf6c7a9fc0ef243
https://conda.anaconda.org/conda-forge/noarch/pytest-xdist-2.5.0-pyhd8ed1ab_0.tar.bz2#1fdd1f3baccf0deb647385c677a1a48e
https://conda.anaconda.org/conda-forge/win-64/scikit-learn-1.1.1-py310h4dafddf_0.tar.bz2#e6b2cbe0d3dc9d450abe579c6e5ae31c
https://conda.anaconda.org/conda-forge/noarch/urllib3-1.26.9-pyhd8ed1ab_0.tar.bz2#0ea179ee251aa7100807c35bc0252693
https://conda.anaconda.org/conda-forge/win-64/xorg-libxpm-3.5.13-hcd874cb_0.tar.bz2#4b31b88585f696327ba79fea3b41f973
https://conda.anaconda.org/conda-forge/noarch/distributed-2022.5.2-pyhd8ed1ab_0.tar.bz2#293c5f6dd16dd9e1e7ccd5042dd862db
https://conda.anaconda.org/conda-forge/win-64/ipython-8.4.0-py310h5588dad_0.tar.bz2#a6e456b7c150cbd77ff57866e5b195ad
https://conda.anaconda.org/conda-forge/win-64/libgd-2.3.3-h217ff3b_2.tar.bz2#e43d94909154e8dbd6b5aea6d839523d
https://conda.anaconda.org/conda-forge/win-64/libgdal-3.5.0-hb47f0b7_0.tar.bz2#725b9928f39aada134e41e95fe4d9f7a
https://conda.anaconda.org/conda-forge/noarch/mapclassify-2.4.3-pyhd8ed1ab_0.tar.bz2#908bbfb54da154042c5cbda77b37a3d1
https://conda.anaconda.org/conda-forge/noarch/mkdocs-macros-plugin-0.7.0-pyhd8ed1ab_0.tar.bz2#bead57f41507066a63cb9cb62c837e9e
https://conda.anaconda.org/conda-forge/noarch/mkdocstrings-0.17.0-pyhd8ed1ab_0.tar.bz2#6a7c23446f94a291871604978fd292e6
https://conda.anaconda.org/conda-forge/noarch/nbconvert-core-6.5.0-pyhd8ed1ab_0.tar.bz2#42f74c4b38a099025167e76a7437edf1
https://conda.anaconda.org/conda-forge/win-64/pango-1.50.7-h66df5b2_0.tar.bz2#2889c26b2025beeafd00509b8bb0ced2
https://conda.anaconda.org/conda-forge/noarch/prompt_toolkit-3.0.29-hd8ed1ab_0.tar.bz2#dd7205c7635ba7a44acf4f7d2b50b74d
https://conda.anaconda.org/conda-forge/win-64/pyarrow-8.0.0-py310h4115056_1_cpu.tar.bz2#f34350542d2618c42dc06962a086a5f9
https://conda.anaconda.org/conda-forge/noarch/requests-2.27.1-pyhd8ed1ab_0.tar.bz2#7c1c427246b057b8fa97200ecdb2ed62
https://conda.anaconda.org/conda-forge/noarch/dask-2022.5.2-pyhd8ed1ab_0.tar.bz2#f2894df62cba2da9d98a11e59d648a29
https://conda.anaconda.org/conda-forge/win-64/datafusion-0.4.0-py310h17b99e6_2.tar.bz2#346dad7333e0f7313ce88fa8377381d2
https://conda.anaconda.org/conda-forge/noarch/folium-0.12.1.post1-pyhd8ed1ab_1.tar.bz2#44912901b45260e4338447b9d46f7058
https://conda.anaconda.org/conda-forge/win-64/gdal-3.5.0-py310h7990aed_0.tar.bz2#9380435f064bd461d77a0fcdb267a2dd
https://conda.anaconda.org/conda-forge/win-64/graphviz-4.0.0-had6c3a3_0.tar.bz2#a323c30cbc619c67cba649d523ca2a35
https://conda.anaconda.org/conda-forge/noarch/ipdb-0.13.9-pyhd8ed1ab_0.tar.bz2#43effb31fb5a933d3bbbca5c823b2729
https://conda.anaconda.org/conda-forge/win-64/ipykernel-6.13.0-py310hbbfc1a7_0.tar.bz2#de8dffbdc6c358eba4361f463558c5b7
https://conda.anaconda.org/conda-forge/noarch/nbconvert-pandoc-6.5.0-pyhd8ed1ab_0.tar.bz2#d7421adfc67100021d87032447066129
https://conda.anaconda.org/conda-forge/noarch/pyspark-3.2.1-pyhd8ed1ab_0.tar.bz2#99883d37054647870c3c68f7d0691027
https://conda.anaconda.org/conda-forge/noarch/questionary-1.10.0-pyhd8ed1ab_1.tar.bz2#c48bf69327994b33a7036fa835b8989e
https://conda.anaconda.org/conda-forge/noarch/commitizen-2.27.1-pyhd8ed1ab_0.tar.bz2#a29af0f7e2773c6c60f9b65fc0194857
https://conda.anaconda.org/conda-forge/win-64/fiona-1.8.21-py310hfed10a5_2.tar.bz2#255020243de4a323f6228e48a37c3e61
https://conda.anaconda.org/conda-forge/noarch/nbconvert-6.5.0-pyhd8ed1ab_0.tar.bz2#156c180588e38b9f41758058824ec50f
https://conda.anaconda.org/conda-forge/noarch/python-graphviz-0.20-pyhaef67bd_0.tar.bz2#1ad62524f66312181161a935485c277b
https://conda.anaconda.org/conda-forge/noarch/geopandas-0.10.2-pyhd8ed1ab_1.tar.bz2#0682614964c1319304cfa554cbce90f0
https://conda.anaconda.org/conda-forge/noarch/mkdocs-jupyter-0.20.1-pyhd8ed1ab_0.tar.bz2#3dc9a9031af39d9d68d0930449bfc574
