# Generated by conda-lock.
# platform: win-64
# input_hash: a47f04c127d70b01fce4ce8db355731eb3c45226b73cf9c5e3617ec296625ea0
@EXPLICIT
https://conda.anaconda.org/conda-forge/win-64/ca-certificates-2022.12.7-h5b45459_0.conda#31de4d9887dc8eaed9e6230a5dfbb9d6
https://conda.anaconda.org/conda-forge/noarch/font-ttf-dejavu-sans-mono-2.37-hab24e00_0.tar.bz2#0c96522c6bdaed4b1566d11387caaf45
https://conda.anaconda.org/conda-forge/noarch/font-ttf-inconsolata-3.000-h77eed37_0.tar.bz2#34893075a5c9e55cdafac56607368fc6
https://conda.anaconda.org/conda-forge/noarch/font-ttf-source-code-pro-2.038-h77eed37_0.tar.bz2#4d59c254e01d9cde7957100457e2d5fb
https://conda.anaconda.org/conda-forge/noarch/font-ttf-ubuntu-0.83-hab24e00_0.tar.bz2#19410c3df09dfb12d1206132a1d357c5
https://conda.anaconda.org/conda-forge/win-64/intel-openmp-2023.0.0-h57928b3_25922.conda#8ecf3a448f5a35bd30cb39ddc2a19058
https://conda.anaconda.org/conda-forge/win-64/msys2-conda-epoch-20160418-1.tar.bz2#b0309b72560df66f71a9d5e34a5efdfa
https://conda.anaconda.org/conda-forge/win-64/pandoc-2.19.2-h57928b3_1.tar.bz2#94bac372f90d1402ddd1df0f4cf67656
https://conda.anaconda.org/conda-forge/win-64/perl-5.32.1.1-2_h57928b3_strawberry.tar.bz2#c2f85039cbc767518ff2f701638e37c4
https://conda.anaconda.org/conda-forge/noarch/poppler-data-0.4.12-hd8ed1ab_0.conda#d8d7293c5b37f39b2ac32940621c6592
https://conda.anaconda.org/conda-forge/win-64/python_abi-3.9-3_cp39.conda#c7f654abbee61f9a03f54e9064e79e89
https://conda.anaconda.org/conda-forge/noarch/tzdata-2022g-h191b570_0.conda#51fc4fcfb19f5d95ffc8c339db5068e8
https://conda.anaconda.org/conda-forge/win-64/ucrt-10.0.22621.0-h57928b3_0.tar.bz2#72608f6cd3e5898229c3ea16deb1ac43
https://conda.anaconda.org/conda-forge/noarch/fonts-conda-forge-1-0.tar.bz2#f766549260d6815b0c52253f1fb1bb29
https://conda.anaconda.org/conda-forge/win-64/m2w64-gmp-6.1.0-2.tar.bz2#53a1c73e1e3d185516d7e3af177596d9
https://conda.anaconda.org/conda-forge/win-64/m2w64-libwinpthread-git-5.0.0.4634.697f757-2.tar.bz2#774130a326dee16f1ceb05cc687ee4f0
https://conda.anaconda.org/conda-forge/win-64/vs2015_runtime-14.34.31931-h4c5c07a_10.conda#25640086ba777e79e5d233d079d7c5fc
https://conda.anaconda.org/conda-forge/noarch/fonts-conda-ecosystem-1-0.tar.bz2#fee5683a3f04bd15cbd8318b096a27ab
https://conda.anaconda.org/conda-forge/win-64/m2w64-gcc-libs-core-5.3.0-7.tar.bz2#4289d80fb4d272f1f3b56cfe87ac90bd
https://conda.anaconda.org/conda-forge/win-64/vc-14.3-hb6edc58_10.conda#52d246d8d14b83c516229be5bb03a163
https://conda.anaconda.org/conda-forge/win-64/aws-c-common-0.6.2-h8ffe710_0.tar.bz2#7eb3e6859d0da38fe0bff50391e7f9dc
https://conda.anaconda.org/conda-forge/win-64/bzip2-1.0.8-h8ffe710_4.tar.bz2#7c03c66026944073040cb19a4f3ec3c9
https://conda.anaconda.org/conda-forge/win-64/c-ares-1.18.1-h8ffe710_0.tar.bz2#6aa55bbdfe054ea36c1c99d3adace8d9
https://conda.anaconda.org/conda-forge/win-64/expat-2.5.0-h1537add_0.tar.bz2#6b20c31bd735d2dd5c79ddb5b3524619
https://conda.anaconda.org/conda-forge/win-64/fribidi-1.0.10-h8d14728_0.tar.bz2#807e81d915f2bb2e49951648615241f6
https://conda.anaconda.org/conda-forge/win-64/geos-3.11.1-h1537add_0.tar.bz2#97225394895a9c6939175c936ab1a4b0
https://conda.anaconda.org/conda-forge/win-64/getopt-win32-0.1-h8ffe710_0.tar.bz2#9ac4874e2958f18e01c386649208fe40
https://conda.anaconda.org/conda-forge/win-64/gflags-2.2.2-ha925a31_1004.tar.bz2#e9442160f56fa442d4ff3eb2e4cf0f22
https://conda.anaconda.org/conda-forge/win-64/graphite2-1.3.13-1000.tar.bz2#8fc0e04e5c852cadf2cad68b86a906ab
https://conda.anaconda.org/conda-forge/win-64/icu-70.1-h0e60522_0.tar.bz2#64073396a905b6df895ab2489fae3847
https://conda.anaconda.org/conda-forge/win-64/jpeg-9e-hcfcfb64_3.conda#824f1e030d224e9e376a4655032fdbc7
https://conda.anaconda.org/conda-forge/win-64/lerc-4.0.0-h63175ca_0.tar.bz2#1900cb3cab5055833cfddb0ba233b074
https://conda.anaconda.org/conda-forge/win-64/libabseil-20220623.0-cxx17_h1a56200_6.conda#5a3b4c52be0bd9dd8718c560e38db140
https://conda.anaconda.org/conda-forge/win-64/libaec-1.0.6-h63175ca_1.conda#f98474a8245f55f4a273889dbe7bf193
https://conda.anaconda.org/conda-forge/win-64/libbrotlicommon-1.0.9-hcfcfb64_8.tar.bz2#e8078e37208cd7d3e1eb5053f370ded8
https://conda.anaconda.org/conda-forge/win-64/libcrc32c-1.1.2-h0e60522_0.tar.bz2#cd4cc2d0c610c8cb5419ccc979f2d6ce
https://conda.anaconda.org/conda-forge/win-64/libdeflate-1.17-hcfcfb64_0.conda#ae9dfb57bcb42093a2417aceabb530f7
https://conda.anaconda.org/conda-forge/win-64/libffi-3.4.2-h8ffe710_5.tar.bz2#2c96d1b6915b408893f9472569dee135
https://conda.anaconda.org/conda-forge/win-64/libiconv-1.17-h8ffe710_0.tar.bz2#050119977a86e4856f0416e2edcf81bb
https://conda.anaconda.org/conda-forge/win-64/libsodium-1.0.18-h8d14728_1.tar.bz2#5c1fb45b5e2912c19098750ae8a32604
https://conda.anaconda.org/conda-forge/win-64/libspatialindex-1.9.3-h39d44d4_4.tar.bz2#51c172496e828258d04eba9971f2af1a
https://conda.anaconda.org/conda-forge/win-64/libsqlite-3.40.0-hcfcfb64_0.tar.bz2#5e5a97795de72f8cc3baf3d9ea6327a2
https://conda.anaconda.org/conda-forge/win-64/libutf8proc-2.8.0-h82a8f57_0.tar.bz2#076894846fe9f068f91c57d158c90cba
https://conda.anaconda.org/conda-forge/win-64/libwebp-base-1.2.4-h8ffe710_0.tar.bz2#0a09bd195ebeaff5711ccae93ac132ad
https://conda.anaconda.org/conda-forge/win-64/libzlib-1.2.13-hcfcfb64_4.tar.bz2#0cc5c5cc64ee1637f37f8540a175854c
https://conda.anaconda.org/conda-forge/win-64/lz4-c-1.9.4-hcfcfb64_0.conda#e34720eb20a33fc3bfb8451dd837ab7a
https://conda.anaconda.org/conda-forge/win-64/m2w64-gcc-libgfortran-5.3.0-6.tar.bz2#066552ac6b907ec6d72c0ddab29050dc
https://conda.anaconda.org/conda-forge/win-64/openssl-1.1.1t-hcfcfb64_0.conda#f47342fb350e6d2a233304f750c3502d
https://conda.anaconda.org/conda-forge/win-64/pixman-0.40.0-h8ffe710_0.tar.bz2#32b45d3fcffddc84cc1a014a0b5f0d58
https://conda.anaconda.org/conda-forge/win-64/pthreads-win32-2.9.1-hfa6e2cd_3.tar.bz2#e2da8758d7d51ff6aa78a14dfb9dbed4
https://conda.anaconda.org/conda-forge/win-64/re2-2022.06.01-h0e60522_1.conda#dcff2309ccfcec47248ebb6f502c35ff
https://conda.anaconda.org/conda-forge/win-64/snappy-1.1.9-hfb803bf_2.tar.bz2#073b08c65807f205d990ace14ccacdb2
https://conda.anaconda.org/conda-forge/win-64/tk-8.6.12-h8ffe710_0.tar.bz2#c69a5047cc9291ae40afd4a1ad6f0c0f
https://conda.anaconda.org/conda-forge/win-64/xerces-c-3.2.4-h63175ca_1.tar.bz2#b026982f81a6aba1e8ce2525ba640632
https://conda.anaconda.org/conda-forge/win-64/xz-5.2.6-h8d14728_0.tar.bz2#515d77642eaa3639413c6b1bc3f94219
https://conda.anaconda.org/conda-forge/win-64/yaml-0.2.5-h8ffe710_2.tar.bz2#adbfb9f45d1004a26763652246a33764
https://conda.anaconda.org/conda-forge/win-64/aws-c-cal-0.5.11-he19cf47_0.tar.bz2#c8b314ff705e4de32640c748e5b9c8d2
https://conda.anaconda.org/conda-forge/win-64/aws-checksums-0.1.11-h1e232aa_7.tar.bz2#c9fde0c43dce1a8eecbef5368396742c
https://conda.anaconda.org/conda-forge/win-64/freetds-1.3.16-pl5321hfe0aba9_0.conda#40463ad15ddabdd29c419a5eeb92b10b
https://conda.anaconda.org/conda-forge/win-64/freexl-1.0.6-h67ca5e6_1.tar.bz2#7ddb6e879c46e78eec37f956b3ffe743
https://conda.anaconda.org/conda-forge/win-64/gettext-0.21.1-h5728263_0.tar.bz2#299d4fd6798a45337042ff5a48219e5f
https://conda.anaconda.org/conda-forge/win-64/glog-0.6.0-h4797de2_0.tar.bz2#fdc11ab9a621f009995e89f52bea3004
https://conda.anaconda.org/conda-forge/win-64/krb5-1.20.1-h6609f42_0.conda#a962b5937824124553d53bd9f535cc71
https://conda.anaconda.org/conda-forge/win-64/libbrotlidec-1.0.9-hcfcfb64_8.tar.bz2#99839d9d81f33afa173c0fa82a702038
https://conda.anaconda.org/conda-forge/win-64/libbrotlienc-1.0.9-hcfcfb64_8.tar.bz2#88e62627120c20289bf8982b15e0a6a1
https://conda.anaconda.org/conda-forge/win-64/libpng-1.6.39-h19919ed_0.conda#ab6febdb2dbd9c00803609079db4de71
https://conda.anaconda.org/conda-forge/win-64/libprotobuf-3.20.2-h12be248_0.tar.bz2#672e32cebe446a63a26b9eb36c58422f
https://conda.anaconda.org/conda-forge/win-64/librttopo-1.1.0-he22b5cd_12.tar.bz2#115a51fda72ff01d7b7eb275183d6c72
https://conda.anaconda.org/conda-forge/win-64/libssh2-1.10.0-h680486a_3.tar.bz2#3b2aa0d4ede640c471bd0e8f122fcbd5
https://conda.anaconda.org/conda-forge/win-64/libthrift-0.16.0-h9f558f2_2.tar.bz2#0b49bcb47e1a3c55a098cc3e78f3ee8f
https://conda.anaconda.org/conda-forge/win-64/libwebp-1.2.4-hcfcfb64_1.conda#ccde94ca6504af175b76f654bcad6e9f
https://conda.anaconda.org/conda-forge/win-64/libxml2-2.10.3-hc3477c8_0.tar.bz2#6dcf17bf780618ddb559d992ea3b6961
https://conda.anaconda.org/conda-forge/win-64/libzip-1.9.2-hfed4ece_1.tar.bz2#1964ebe1dd5f092b9512aaa41f5f2a8b
https://conda.anaconda.org/conda-forge/win-64/m2w64-gcc-libs-5.3.0-7.tar.bz2#fe759119b8b3bfa720b8762c6fdc35de
https://conda.anaconda.org/conda-forge/win-64/pcre2-10.40-h17e33f8_0.tar.bz2#2519de0d9620dc2bc7e19caf6867136d
https://conda.anaconda.org/conda-forge/win-64/python-3.9.15-h0269646_0_cpython.conda#d8fe5fbfa7ddebd3a1690b84194dba59
https://conda.anaconda.org/conda-forge/win-64/sqlite-3.40.0-hcfcfb64_0.tar.bz2#c71d4be22d8402e7e17386aeb18b930e
https://conda.anaconda.org/conda-forge/win-64/zeromq-4.3.4-h0e60522_1.tar.bz2#e1aff0583dda5fb917eb3d2c1025aa80
https://conda.anaconda.org/conda-forge/win-64/zlib-1.2.13-hcfcfb64_4.tar.bz2#eed9fec3e6d2e8865135b09d24ca040c
https://conda.anaconda.org/conda-forge/win-64/zstd-1.5.2-h12be248_6.conda#62826565682d013b3e2346aaf7bded0e
https://conda.anaconda.org/conda-forge/noarch/appdirs-1.4.4-pyh9f0ad1d_0.tar.bz2#5f095bc6454094e96f146491fd03633b
https://conda.anaconda.org/conda-forge/noarch/asn1crypto-1.5.1-pyhd8ed1ab_0.tar.bz2#f3f2ab3ce28979a24d1a988ba211eb9b
https://conda.anaconda.org/conda-forge/noarch/atpublic-3.0.1-pyhd8ed1ab_0.tar.bz2#39904aaf8de88f03fe9c27286dc35681
https://conda.anaconda.org/conda-forge/noarch/attrs-22.2.0-pyh71513ae_0.conda#8b76db7818a4e401ed4486c4c1635cd9
https://conda.anaconda.org/conda-forge/win-64/aws-c-io-0.10.5-h2fe331c_0.tar.bz2#d38ee034f93fb73f3f222d1be1e9c3a3
https://conda.anaconda.org/conda-forge/noarch/backcall-0.2.0-pyh9f0ad1d_0.tar.bz2#6006a6d08a3fa99268a2681c7fb55213
https://conda.anaconda.org/conda-forge/noarch/backports-1.0-pyhd8ed1ab_3.conda#54ca2e08b3220c148a1d8329c2678e02
https://conda.anaconda.org/conda-forge/win-64/backports.zoneinfo-0.2.1-py39hcbf5309_7.tar.bz2#a92d68f8824381b3f8ea4d367ae66720
https://conda.anaconda.org/conda-forge/win-64/bitarray-2.7.2-py39ha55989b_0.conda#d46f92620b97e5aa963baa395dd8a03e
https://conda.anaconda.org/conda-forge/noarch/blinker-1.5-pyhd8ed1ab_0.tar.bz2#f473c4e32d8180733ba5594d122cb637
https://conda.anaconda.org/conda-forge/win-64/blosc-1.21.3-hdccc3a2_0.conda#b3fe9abd77808553a7d0a0cbf73b6ec9
https://conda.anaconda.org/conda-forge/win-64/boost-cpp-1.78.0-h9f4b32c_1.tar.bz2#11a4273e974d63a99da36b89d6f918a9
https://conda.anaconda.org/conda-forge/win-64/brotli-bin-1.0.9-hcfcfb64_8.tar.bz2#e18b70ed349d96086fd60a9c642b1b58
https://conda.anaconda.org/conda-forge/noarch/cached_property-1.5.2-pyha770c72_1.tar.bz2#576d629e47797577ab0f1b351297ef4a
https://conda.anaconda.org/conda-forge/noarch/cachetools-5.3.0-pyhd8ed1ab_0.conda#fd006afc4115740d8d52887ee813f262
https://conda.anaconda.org/conda-forge/noarch/certifi-2022.12.7-pyhd8ed1ab_0.conda#fb9addc3db06e56abe03e0e9f21a63e6
https://conda.anaconda.org/conda-forge/noarch/charset-normalizer-2.1.1-pyhd8ed1ab_0.tar.bz2#c1d5b294fbf9a795dec349a6f4d8be8e
https://conda.anaconda.org/conda-forge/noarch/cloudpickle-2.2.1-pyhd8ed1ab_0.conda#b325bfc4cff7d7f8a868f1f7ecc4ed16
https://conda.anaconda.org/conda-forge/noarch/colorama-0.4.6-pyhd8ed1ab_0.tar.bz2#3faab06a954c2a04039983f2c4a50d99
https://conda.anaconda.org/conda-forge/noarch/cycler-0.11.0-pyhd8ed1ab_0.tar.bz2#a50559fad0affdbb33729a68669ca1cb
https://conda.anaconda.org/conda-forge/win-64/debugpy-1.6.6-py39h99910a6_0.conda#77c24634d38bfe0d5d7d802390c7b979
https://conda.anaconda.org/conda-forge/noarch/decorator-5.1.1-pyhd8ed1ab_0.tar.bz2#43afe5ab04e35e17ba28649471dd7364
https://conda.anaconda.org/conda-forge/noarch/defusedxml-0.7.1-pyhd8ed1ab_0.tar.bz2#961b3a227b437d82ad7054484cfa71b2
https://conda.anaconda.org/conda-forge/noarch/entrypoints-0.4-pyhd8ed1ab_0.tar.bz2#3cf04868fee0a029769bd41f4b2fbf2d
https://conda.anaconda.org/conda-forge/noarch/exceptiongroup-1.1.0-pyhd8ed1ab_0.conda#a385c3e8968b4cf8fbc426ace915fd1a
https://conda.anaconda.org/conda-forge/noarch/execnet-1.9.0-pyhd8ed1ab_0.tar.bz2#0e521f7a5e60d508b121d38b04874fb2
https://conda.anaconda.org/conda-forge/noarch/executing-1.2.0-pyhd8ed1ab_0.tar.bz2#4c1bc140e2be5c8ba6e3acab99e25c50
https://conda.anaconda.org/conda-forge/noarch/filelock-3.9.0-pyhd8ed1ab_0.conda#1addc115923d646ca19ed90edc413506
https://conda.anaconda.org/conda-forge/win-64/freetype-2.12.1-h546665d_1.conda#1b513009cd012591f3fdc9e03a74ec0a
https://conda.anaconda.org/conda-forge/win-64/frozenlist-1.3.3-py39ha55989b_0.tar.bz2#b8762916559d3e14831d6e10caad214b
https://conda.anaconda.org/conda-forge/noarch/fsspec-2023.1.0-pyhd8ed1ab_0.conda#44f6828b8f7cc3433d68d1d1c0e9add2
https://conda.anaconda.org/conda-forge/noarch/gprof2dot-2019.11.30-py_0.tar.bz2#9000d491cc90b7020b6422660d23cbe0
https://conda.anaconda.org/conda-forge/win-64/greenlet-2.0.2-py39h99910a6_0.conda#d3521625b406aa27d94a0000ec5d7c1c
https://conda.anaconda.org/conda-forge/win-64/grpc-cpp-1.46.4-hcb02dd0_7.tar.bz2#22d5b60176875da20518c4ea94a77037
https://conda.anaconda.org/conda-forge/win-64/hdf4-4.2.15-h1b1b6ef_5.tar.bz2#bfb6a2d82ef9a30455cc0900d89eed20
https://conda.anaconda.org/conda-forge/noarch/heapdict-1.0.1-py_0.tar.bz2#77242bfb1e74a627fb06319b5a2d3b95
https://conda.anaconda.org/conda-forge/noarch/idna-3.4-pyhd8ed1ab_0.tar.bz2#34272b248891bddccc64479f9a7fffed
https://conda.anaconda.org/conda-forge/noarch/iniconfig-2.0.0-pyhd8ed1ab_0.conda#f800d2da156d08e289b14e87e43c1ae5
https://conda.anaconda.org/conda-forge/noarch/jupyterlab_widgets-3.0.5-pyhd8ed1ab_0.conda#953a312b272f37d39fe9d09f46734622
https://conda.anaconda.org/conda-forge/win-64/kiwisolver-1.4.4-py39h1f6ef14_1.tar.bz2#de04861ceb137d2952d3f2d0a13e9d46
https://conda.anaconda.org/conda-forge/win-64/libcurl-7.88.1-h68f0423_0.conda#382f59d4d1e98d89b32402c07e7c5017
https://conda.anaconda.org/conda-forge/win-64/libglib-2.74.1-he8f3873_1.tar.bz2#09e1cbabfd9d733729843c3b35cb0b6d
https://conda.anaconda.org/conda-forge/win-64/libhwloc-2.8.0-h039e092_1.tar.bz2#e84839b06cdd039130a1d1aa875146d3
https://conda.anaconda.org/conda-forge/win-64/libpq-15.1-he840576_3.conda#26b3842062eca8f6a95cb9065d92841c
https://conda.anaconda.org/conda-forge/win-64/libtiff-4.5.0-hf8721a0_2.conda#2e003e276cc1375192569c96afd3d984
https://conda.anaconda.org/conda-forge/noarch/locket-1.0.0-pyhd8ed1ab_0.tar.bz2#91e27ef3d05cc772ce627e51cff111c4
https://conda.anaconda.org/conda-forge/win-64/lz4-4.3.2-py39hf617134_0.conda#6102f85df33cac99d21853bc21563150
https://conda.anaconda.org/conda-forge/win-64/markupsafe-2.1.2-py39ha55989b_0.conda#31cc450a9c33c89efce33693e3977b01
https://conda.anaconda.org/conda-forge/noarch/mdurl-0.1.0-pyhd8ed1ab_0.tar.bz2#f8dab71fdc13b1bf29a01248b156d268
https://conda.anaconda.org/conda-forge/noarch/mergedeep-1.3.4-pyhd8ed1ab_0.tar.bz2#1a160a3cab5cb6bd46264b52cd6f69a2
https://conda.anaconda.org/conda-forge/noarch/mistune-2.0.5-pyhd8ed1ab_0.conda#61a07195cfc935f1c1901d8ecf4af441
https://conda.anaconda.org/conda-forge/noarch/mkdocs-material-extensions-1.1.1-pyhd8ed1ab_0.conda#f94b8726e7c9ec2b4aabae2af77d7fe3
https://conda.anaconda.org/conda-forge/win-64/msgpack-python-1.0.4-py39h1f6ef14_1.tar.bz2#9afe90a33529768bb9854058398d620c
https://conda.anaconda.org/conda-forge/win-64/multidict-6.0.4-py39ha55989b_0.conda#1af5a2528e09d6b6f78deaced0ccaa5e
https://conda.anaconda.org/conda-forge/noarch/munkres-1.1.4-pyh9f0ad1d_0.tar.bz2#2ba8498c1018c1e9c61eb99b973dfe19
https://conda.anaconda.org/conda-forge/noarch/mypy_extensions-1.0.0-pyha770c72_0.conda#4eccaeba205f0aed9ac3a9ea58568ca3
https://conda.anaconda.org/conda-forge/noarch/nest-asyncio-1.5.6-pyhd8ed1ab_0.tar.bz2#7b868f21adde0d9b8b38f9c16836589b
https://conda.anaconda.org/conda-forge/noarch/networkx-3.0-pyhd8ed1ab_0.conda#88e40007414ea9a13f8df20fcffa87e2
https://conda.anaconda.org/conda-forge/noarch/packaging-23.0-pyhd8ed1ab_0.conda#1ff2e3ca41f0ce16afec7190db28288b
https://conda.anaconda.org/conda-forge/noarch/pandocfilters-1.5.0-pyhd8ed1ab_0.tar.bz2#457c2c8c08e54905d6954e79cb5b5db9
https://conda.anaconda.org/conda-forge/noarch/parso-0.8.3-pyhd8ed1ab_0.tar.bz2#17a565a0c3899244e938cdf417e7b094
https://conda.anaconda.org/conda-forge/noarch/parsy-2.0-pyhd8ed1ab_0.conda#ae56c17f98be29fec311a2fc36608685
https://conda.anaconda.org/conda-forge/noarch/pathspec-0.11.0-pyhd8ed1ab_0.conda#641ebf6fbbb8d5576c5280ba23ceaf76
https://conda.anaconda.org/conda-forge/noarch/pickleshare-0.7.5-py_1003.tar.bz2#415f0ebb6198cc2801c73438a9fb5761
https://conda.anaconda.org/conda-forge/noarch/pkgutil-resolve-name-1.3.10-pyhd8ed1ab_0.tar.bz2#89e3c7cdde7d3aaa2aee933b604dd07f
https://conda.anaconda.org/conda-forge/noarch/pluggy-1.0.0-pyhd8ed1ab_5.tar.bz2#7d301a0d25f424d96175f810935f0da9
https://conda.anaconda.org/conda-forge/noarch/pprintpp-0.4.0-pyhd8ed1ab_5.conda#3c9f3f3f7e0a9f0b2fd9d0e2064729ba
https://conda.anaconda.org/conda-forge/win-64/psutil-5.9.4-py39ha55989b_0.tar.bz2#0efdaa5002b9e304d0cec05eab88a29f
https://conda.anaconda.org/conda-forge/win-64/pthread-stubs-0.4-hcd874cb_1001.tar.bz2#a1f820480193ea83582b13249a7e7bd9
https://conda.anaconda.org/conda-forge/noarch/pure-sasl-0.6.2-pyhd8ed1ab_0.tar.bz2#ac695eecf21ab48093bc33fd60b4102d
https://conda.anaconda.org/conda-forge/noarch/pure_eval-0.2.2-pyhd8ed1ab_0.tar.bz2#6784285c7e55cb7212efabc79e4c2883
https://conda.anaconda.org/conda-forge/noarch/py-cpuinfo-9.0.0-pyhd8ed1ab_0.tar.bz2#6f6d42b894118f8378fce11887ccdaff
https://conda.anaconda.org/conda-forge/noarch/py4j-0.10.9.5-pyhd8ed1ab_0.tar.bz2#aa4b90e96537b3178e500ecb0d7913ce
https://conda.anaconda.org/conda-forge/noarch/pyasn1-0.4.8-py_0.tar.bz2#06d04c9f8f72ac77911db942eda24fb9
https://conda.anaconda.org/conda-forge/noarch/pycparser-2.21-pyhd8ed1ab_0.tar.bz2#076becd9e05608f8dc72757d5f3a91ff
https://conda.anaconda.org/conda-forge/win-64/pycryptodomex-3.16.0-py39ha55989b_0.conda#23c3d7a270918e02a4d053a59472cb60
https://conda.anaconda.org/conda-forge/noarch/pyjwt-2.6.0-pyhd8ed1ab_0.tar.bz2#56d08bbebf5b3719ca2b1688fcfd98a4
https://conda.anaconda.org/conda-forge/noarch/pympler-1.0.1-pyhd8ed1ab_0.tar.bz2#e6932cc2794f4a961c3d6c14022e55d0
https://conda.anaconda.org/conda-forge/win-64/pymssql-2.2.7-py39h99910a6_0.conda#541f23a61edc1eb267df5977416e90a0
https://conda.anaconda.org/conda-forge/noarch/pymysql-1.0.2-pyhd8ed1ab_0.tar.bz2#6b3c16769e390b5b60729d2eb46b8144
https://conda.anaconda.org/conda-forge/noarch/pyparsing-3.0.9-pyhd8ed1ab_0.tar.bz2#e8fbc1b54b25f4b08281467bc13b70cc
https://conda.anaconda.org/conda-forge/win-64/pyrsistent-0.19.3-py39ha55989b_0.conda#3c40136690d8023e73c5dcfe38e03f95
https://conda.anaconda.org/conda-forge/noarch/python-fastjsonschema-2.16.2-pyhd8ed1ab_0.tar.bz2#5fe4b6002f505336734ce92961b3e6a0
https://conda.anaconda.org/conda-forge/noarch/python-tzdata-2022.7-pyhd8ed1ab_0.conda#b8afba5fbf891019eae564c3edb28b9e
https://conda.anaconda.org/conda-forge/noarch/pytz-2022.7.1-pyhd8ed1ab_0.conda#f59d49a7b464901cf714b9e7984d01a2
https://conda.anaconda.org/conda-forge/win-64/pywin32-304-py39h99910a6_2.tar.bz2#4cb6e4e7a9a0c2889967a4f436e589bc
https://conda.anaconda.org/conda-forge/win-64/pyyaml-6.0-py39ha55989b_5.tar.bz2#03968ff66723b72b793e94033d0fbb2f
https://conda.anaconda.org/conda-forge/win-64/pyzmq-25.0.0-py39hea35a22_0.conda#a423a0cc38b23afcd0dd1b7ca9ca0c24
https://conda.anaconda.org/conda-forge/win-64/regex-2022.10.31-py39ha55989b_0.tar.bz2#516e31913d21c6eb6e2df66fd85616ab
https://conda.anaconda.org/conda-forge/win-64/rtree-1.0.1-py39h09fdee3_1.tar.bz2#84a721accc992a5462483e4512efe4a7
https://conda.anaconda.org/conda-forge/win-64/ruff-0.0.249-py39h756cfbc_0.conda#2540015044592feb08d85a4091c9b054
https://conda.anaconda.org/conda-forge/noarch/semver-2.13.0-pyh9f0ad1d_0.tar.bz2#2cab9f3a9683cb40a2176ccaf76e66c6
https://conda.anaconda.org/conda-forge/noarch/setuptools-67.3.2-pyhd8ed1ab_0.conda#543af74c4042aee5702a033e03a216d0
https://conda.anaconda.org/conda-forge/noarch/six-1.16.0-pyh6c4a22f_0.tar.bz2#e5f25f8dbc060e9a8d912e432202afc2
https://conda.anaconda.org/conda-forge/noarch/smmap-3.0.5-pyh44b312d_0.tar.bz2#3a8dc70789709aa315325d5df06fb7e4
https://conda.anaconda.org/conda-forge/noarch/sortedcontainers-2.4.0-pyhd8ed1ab_0.tar.bz2#6d6552722448103793743dabfbda532d
https://conda.anaconda.org/conda-forge/noarch/soupsieve-2.3.2.post1-pyhd8ed1ab_0.tar.bz2#146f4541d643d48fc8a75cacf69f03ae
https://conda.anaconda.org/conda-forge/noarch/sqlglot-11.2.0-pyhd8ed1ab_0.conda#cc77ca257e506b36a14e1878c79d2693
https://conda.anaconda.org/conda-forge/noarch/tblib-1.7.0-pyhd8ed1ab_0.tar.bz2#3d4afc31302aa7be471feb6be048ed76
https://conda.anaconda.org/conda-forge/noarch/termcolor-2.2.0-pyhd8ed1ab_0.conda#778f524c3d149577a6e873264d85ec68
https://conda.anaconda.org/conda-forge/noarch/threadpoolctl-3.1.0-pyh8a188c0_0.tar.bz2#a2995ee828f65687ac5b1e71a2ab1e0c
https://conda.anaconda.org/conda-forge/noarch/toml-0.10.2-pyhd8ed1ab_0.tar.bz2#f832c45a477c78bebd107098db465095
https://conda.anaconda.org/conda-forge/noarch/tomli-2.0.1-pyhd8ed1ab_0.tar.bz2#5844808ffab9ebdb694585b50ba02a96
https://conda.anaconda.org/conda-forge/noarch/toolz-0.12.0-pyhd8ed1ab_0.tar.bz2#92facfec94bc02d6ccf42e7173831a36
https://conda.anaconda.org/conda-forge/win-64/tornado-6.2-py39ha55989b_1.tar.bz2#702e8f5ca3fde634b435132e13de7c15
https://conda.anaconda.org/conda-forge/noarch/traitlets-5.9.0-pyhd8ed1ab_0.conda#d0b4f5c87cd35ac3fb3d47b223263a64
https://conda.anaconda.org/conda-forge/noarch/typing-3.10.0.0-pyhd8ed1ab_0.tar.bz2#e6573ac68718f17b9d4f5c8eda3190f2
https://conda.anaconda.org/conda-forge/noarch/typing_extensions-4.4.0-pyha770c72_0.tar.bz2#2d93b130d148d7fc77e583677792fc6a
https://conda.anaconda.org/conda-forge/win-64/unicodedata2-15.0.0-py39ha55989b_0.tar.bz2#3be582ed58b3e289836a1fdc4e41d0b8
https://conda.anaconda.org/conda-forge/noarch/webencodings-0.5.1-py_1.tar.bz2#3563be4c5611a44210d9ba0c16113136
https://conda.anaconda.org/conda-forge/noarch/wheel-0.38.4-pyhd8ed1ab_0.tar.bz2#c829cfb8cb826acb9de0ac1a2df0a940
https://conda.anaconda.org/conda-forge/noarch/widgetsnbextension-4.0.5-pyhd8ed1ab_0.conda#2af53b3894fb9bdbb3679c0d31028b1b
https://conda.anaconda.org/conda-forge/noarch/win_inet_pton-1.1.0-pyhd8ed1ab_6.tar.bz2#30878ecc4bd36e8deeea1e3c151b2e0b
https://conda.anaconda.org/conda-forge/win-64/xorg-kbproto-1.0.7-hcd874cb_1002.tar.bz2#8d11c1dac4756ca57e78c1bfe173bba4
https://conda.anaconda.org/conda-forge/win-64/xorg-libice-1.0.10-hcd874cb_0.tar.bz2#8f45beee385cb67e42d6732bdb1b6a40
https://conda.anaconda.org/conda-forge/win-64/xorg-libxau-1.0.9-hcd874cb_0.tar.bz2#9cef622e75683c17d05ae62d66e69e6c
https://conda.anaconda.org/conda-forge/win-64/xorg-libxdmcp-1.1.3-hcd874cb_0.tar.bz2#46878ebb6b9cbd8afcf8088d7ef00ece
https://conda.anaconda.org/conda-forge/win-64/xorg-xextproto-7.3.0-hcd874cb_1002.tar.bz2#4e2fb1b05e6f44190127b600b8f01645
https://conda.anaconda.org/conda-forge/win-64/xorg-xproto-7.0.31-hcd874cb_1007.tar.bz2#88f3c65d2ad13826a9e0b162063be023
https://conda.anaconda.org/conda-forge/noarch/xyzservices-2023.2.0-pyhd8ed1ab_0.conda#df61644536ee98e50e1e022489588b32
https://conda.anaconda.org/conda-forge/noarch/zipp-3.14.0-pyhd8ed1ab_0.conda#01ea04980fa39d7b6dbdd6c67016d177
https://conda.anaconda.org/conda-forge/noarch/aiosignal-1.3.1-pyhd8ed1ab_0.tar.bz2#d1e1eb7e21a9e2c74279d87dafb68156
https://conda.anaconda.org/conda-forge/noarch/asttokens-2.2.1-pyhd8ed1ab_0.conda#bf7f54dd0f25c3f06ecb82a07341841a
https://conda.anaconda.org/conda-forge/win-64/aws-c-event-stream-0.2.7-h70e1b0c_13.tar.bz2#c5946a20e3d686659e2173f4921160a7
https://conda.anaconda.org/conda-forge/noarch/babel-2.11.0-pyhd8ed1ab_0.tar.bz2#2ea70fde8d581ba9425a761609eed6ba
https://conda.anaconda.org/conda-forge/noarch/backports.functools_lru_cache-1.6.4-pyhd8ed1ab_0.tar.bz2#c5b3edc62d6309088f4970b3eaaa65a6
https://conda.anaconda.org/conda-forge/noarch/beautifulsoup4-4.11.2-pyha770c72_0.conda#88b59f6989f0ed5ab3433af0b82555e1
https://conda.anaconda.org/conda-forge/noarch/bleach-6.0.0-pyhd8ed1ab_0.conda#d48b143d01385872a88ef8417e96c30e
https://conda.anaconda.org/conda-forge/win-64/brotli-1.0.9-hcfcfb64_8.tar.bz2#2e661f21e1741c11506bdc7226e6b0bc
https://conda.anaconda.org/conda-forge/noarch/cached-property-1.5.2-hd8ed1ab_1.tar.bz2#9b347a7ec10940d3f7941ff6c460b551
https://conda.anaconda.org/conda-forge/win-64/cffi-1.15.1-py39h68f70e3_3.conda#5e7cb1054cd6f3036a4bdbfe6e23fdfd
https://conda.anaconda.org/conda-forge/win-64/cfitsio-4.2.0-h9ebe7e4_0.conda#cccd314cbeea4f2f70f73c763d9660e8
https://conda.anaconda.org/conda-forge/noarch/click-8.1.3-win_pyhd8ed1ab_2.tar.bz2#6b58680207b526c42dcff68b543803dd
https://conda.anaconda.org/conda-forge/noarch/comm-0.1.2-pyhd8ed1ab_0.conda#3c78af4752bb1600ebe5e83ef4588eaa
https://conda.anaconda.org/conda-forge/win-64/coverage-7.1.0-py39ha55989b_0.conda#db58b8e4e6ed3347ca2272cbf9d77aff
https://conda.anaconda.org/conda-forge/win-64/curl-7.88.1-h68f0423_0.conda#692a21a3ee4119c67f6e99f2c903d50b
https://conda.anaconda.org/conda-forge/win-64/cytoolz-0.12.0-py39ha55989b_1.tar.bz2#1bf852998240d1c7c9c26516c7c1323d
https://conda.anaconda.org/conda-forge/win-64/fastavro-1.7.1-py39ha55989b_0.conda#41d29735eb76a7e6fcf5642854bb8834
https://conda.anaconda.org/conda-forge/win-64/fontconfig-2.14.2-hbde0cde_0.conda#08767992f1a4f1336a257af1241034bd
https://conda.anaconda.org/conda-forge/noarch/gitdb-4.0.10-pyhd8ed1ab_0.conda#3706d2f3d7cb5dae600c833345a76132
https://conda.anaconda.org/conda-forge/win-64/grpcio-1.46.4-py39hf834a4b_7.tar.bz2#44929d881c2d8737d7a939332f4358b8
https://conda.anaconda.org/conda-forge/win-64/gts-0.7.6-h7c369d9_2.tar.bz2#509e4ea898407220d7bdbc6f8a02fe63
https://conda.anaconda.org/conda-forge/win-64/hdf5-1.12.2-nompi_h2a0e4a3_101.conda#fc009523b37055956ca02475539e144c
https://conda.anaconda.org/conda-forge/noarch/importlib-metadata-6.0.0-pyha770c72_0.conda#691644becbcdca9f73243450b1c63e62
https://conda.anaconda.org/conda-forge/noarch/importlib_resources-5.12.0-pyhd8ed1ab_0.conda#e5fd2260a231ee63b6969f4801082f2b
https://conda.anaconda.org/conda-forge/noarch/jedi-0.18.2-pyhd8ed1ab_0.conda#b5e695ef9c3f0d27d6cd96bf5adc9e07
https://conda.anaconda.org/conda-forge/noarch/jinja2-3.1.2-pyhd8ed1ab_1.tar.bz2#c8490ed5c70966d232fdd389d0dbed37
https://conda.anaconda.org/conda-forge/noarch/joblib-1.2.0-pyhd8ed1ab_0.tar.bz2#7583652522d71ad78ba536bba06940eb
https://conda.anaconda.org/conda-forge/win-64/lcms2-2.14-ha5c8aab_1.conda#135bd65be6768b2bc84e864e7141ab77
https://conda.anaconda.org/conda-forge/win-64/libgoogle-cloud-2.1.0-h1006c2c_1.tar.bz2#0e19cfef9029c1a74d70b82d1f8a827e
https://conda.anaconda.org/conda-forge/win-64/libkml-1.3.0-hf2ab4e4_1015.tar.bz2#1f50b25e87cefda820cb71fb643bc021
https://conda.anaconda.org/conda-forge/win-64/libxcb-1.13-hcd874cb_1004.tar.bz2#a6d7fd030532378ecb6ba435cd9f8234
https://conda.anaconda.org/conda-forge/noarch/markdown-it-py-2.1.0-pyhd8ed1ab_0.tar.bz2#d821ebc1ebe21d4cac2555278c2cd970
https://conda.anaconda.org/conda-forge/noarch/matplotlib-inline-0.1.6-pyhd8ed1ab_0.tar.bz2#b21613793fcc81d944c76c9f2864a7de
https://conda.anaconda.org/conda-forge/noarch/multipledispatch-0.6.0-py_0.tar.bz2#1073dc92c8f247d94ac14dd79ca0bbec
https://conda.anaconda.org/conda-forge/noarch/munch-2.5.0-py_0.tar.bz2#31d9e9be500e25ff0050bc9f57a6bcd7
https://conda.anaconda.org/conda-forge/win-64/openjpeg-2.5.0-ha2aaf27_2.conda#db0490689232e8e38c312281df6f31a2
https://conda.anaconda.org/conda-forge/noarch/oscrypto-1.2.1-pyhd3deb0d_0.tar.bz2#a717f22c057a91fc7b4517f94dc5240e
https://conda.anaconda.org/conda-forge/noarch/partd-1.3.0-pyhd8ed1ab_0.tar.bz2#af8c82d121e63082926062d61d9abb54
https://conda.anaconda.org/conda-forge/noarch/pip-23.0.1-pyhd8ed1ab_0.conda#8025ca83b8ba5430b640b83917c2a6f7
https://conda.anaconda.org/conda-forge/win-64/postgresql-15.1-h09b8c1b_3.conda#50e0acf0eaf90abff3f96a5895e2b582
https://conda.anaconda.org/conda-forge/win-64/proj-9.1.1-heca977f_2.conda#eb88b5bc4d13493971408c3131022aec
https://conda.anaconda.org/conda-forge/win-64/protobuf-3.20.2-py39hcbf5309_1.conda#5e3097553fd5730ac7bf4cb63ec6893d
https://conda.anaconda.org/conda-forge/win-64/psycopg2-2.9.3-py39hc7c70e1_2.conda#7fecb8cf7f340e9324e9e11ffbcc07db
https://conda.anaconda.org/conda-forge/noarch/pyasn1-modules-0.2.7-py_0.tar.bz2#ad1e886d09700b2304975335f714bd9c
https://conda.anaconda.org/conda-forge/noarch/pygments-2.14.0-pyhd8ed1ab_0.conda#c78cd16b11cd6a295484bd6c8f24bea1
https://conda.anaconda.org/conda-forge/noarch/pysocks-1.7.1-pyh0701188_6.tar.bz2#56cd9fe388baac0e90c7149cfac95b60
https://conda.anaconda.org/conda-forge/noarch/pytest-7.2.1-pyhd8ed1ab_0.conda#f0be05afc9c9ab45e273c088e00c258b
https://conda.anaconda.org/conda-forge/noarch/python-dateutil-2.8.2-pyhd8ed1ab_0.tar.bz2#dd999d1cc9f79e67dbb855c8924c7984
https://conda.anaconda.org/conda-forge/win-64/pytz-deprecation-shim-0.1.0.post0-py39hcbf5309_3.tar.bz2#91bfbc68f3f26da3a4b99738c8d7191a
https://conda.anaconda.org/conda-forge/noarch/pyu2f-0.1.5-pyhd8ed1ab_0.tar.bz2#caabbeaa83928d0c3e3949261daa18eb
https://conda.anaconda.org/conda-forge/noarch/pyyaml-env-tag-0.1-pyhd8ed1ab_0.tar.bz2#626ed9060ddeb681ddc42bcad89156ab
https://conda.anaconda.org/conda-forge/noarch/rsa-4.9-pyhd8ed1ab_0.tar.bz2#03bf410858b2cefc267316408a77c436
https://conda.anaconda.org/conda-forge/win-64/sqlalchemy-1.4.46-py39ha55989b_0.conda#3cf0b27784f5bff072c178c805ec7491
https://conda.anaconda.org/conda-forge/win-64/tbb-2021.7.0-h91493d7_1.conda#39365b918d4f04909485f3055b131c86
https://conda.anaconda.org/conda-forge/win-64/thrift-0.16.0-py39h99910a6_2.tar.bz2#3cd38b0a50335abea8c3f5749cdb1fe6
https://conda.anaconda.org/conda-forge/noarch/tinycss2-1.2.1-pyhd8ed1ab_0.tar.bz2#7234c9eefff659501cd2fe0d2ede4d48
https://conda.anaconda.org/conda-forge/noarch/tomlkit-0.11.6-pyha770c72_0.tar.bz2#471bf9e605820b59988e830382b8d654
https://conda.anaconda.org/conda-forge/noarch/tqdm-4.64.1-pyhd8ed1ab_0.tar.bz2#5526ff3f88f9db87bb0924b9ce575345
https://conda.anaconda.org/conda-forge/noarch/typing-extensions-4.4.0-hd8ed1ab_0.tar.bz2#be969210b61b897775a0de63cd9e9026
https://conda.anaconda.org/conda-forge/noarch/validators-0.20.0-pyhd8ed1ab_0.conda#7788d86bd60f6b6f7662609fc8a6c324
https://conda.anaconda.org/conda-forge/win-64/watchdog-2.2.1-py39hcbf5309_0.conda#4b560f27fa4bc16bc784a982e5c40639
https://conda.anaconda.org/conda-forge/win-64/xorg-libsm-1.2.3-hcd874cb_1000.tar.bz2#76a765e735668a9922da3d58e746a7a6
https://conda.anaconda.org/conda-forge/win-64/yarl-1.8.2-py39ha55989b_0.conda#e62d2a54b20aeeb2f4f6c85056fccb88
https://conda.anaconda.org/conda-forge/noarch/zict-2.2.0-pyhd8ed1ab_0.tar.bz2#cd563d01df94e51f968645dbf3b310b0
https://conda.anaconda.org/conda-forge/noarch/async-timeout-4.0.2-pyhd8ed1ab_0.tar.bz2#25e79f9a1133556671becbd65a170c78
https://conda.anaconda.org/conda-forge/win-64/aws-sdk-cpp-1.8.186-h93d3aa3_4.tar.bz2#b67b8f43c04fac75e8932d6023b22ef2
https://conda.anaconda.org/conda-forge/noarch/branca-0.6.0-pyhd8ed1ab_0.tar.bz2#f4cc65697763ef8c2f7555f1ec355a6b
https://conda.anaconda.org/conda-forge/win-64/brotlipy-0.7.0-py39ha55989b_1005.tar.bz2#5ffea1498e831c783af65e274d6c58f5
https://conda.anaconda.org/conda-forge/win-64/cairo-1.16.0-hd694305_1014.tar.bz2#91f08ed9ff25a969ddd06237454dae0d
https://conda.anaconda.org/conda-forge/noarch/click-plugins-1.1.1-py_0.tar.bz2#4fd2c6b53934bd7d96d1f3fdaf99b79f
https://conda.anaconda.org/conda-forge/noarch/cligj-0.7.2-pyhd8ed1ab_1.tar.bz2#a29b7c141d6b2de4bb67788a5f107734
https://conda.anaconda.org/conda-forge/win-64/cryptography-38.0.4-py39h58e9bdb_0.conda#5bb18b28a87f948a58da5562835822e1
https://conda.anaconda.org/conda-forge/noarch/dask-core-2023.2.0-pyhd8ed1ab_0.conda#156fb994a4e07091c4fad2c148589eb2
https://conda.anaconda.org/conda-forge/noarch/dunamai-1.16.0-pyhd8ed1ab_0.conda#110d09bb5b0a0cfeebd384ad34758f54
https://conda.anaconda.org/conda-forge/win-64/fonttools-4.38.0-py39ha55989b_1.tar.bz2#391cedb9f2da5280ea060097d3c8652d
https://conda.anaconda.org/conda-forge/noarch/geoalchemy2-0.13.1-pyhd8ed1ab_0.conda#960bfe729d9e0453b415b08492235d89
https://conda.anaconda.org/conda-forge/win-64/geotiff-1.7.1-hc256dc0_6.conda#d147f5504f1b29faa112aa72e9c59599
https://conda.anaconda.org/conda-forge/noarch/ghp-import-2.1.0-pyhd8ed1ab_0.tar.bz2#6d8d61116031a3f5b1f32e7899785866
https://conda.anaconda.org/conda-forge/noarch/gitpython-3.1.31-pyhd8ed1ab_0.conda#f6e6b482110246a81c3f03e81c68752d
https://conda.anaconda.org/conda-forge/win-64/google-crc32c-1.1.2-py39h0def995_4.tar.bz2#29dbf781cbc0dc87c188001163cf8391
https://conda.anaconda.org/conda-forge/noarch/googleapis-common-protos-1.57.1-pyhd8ed1ab_0.conda#cbf8b4569c1d2a0a6077d34a2d38333e
https://conda.anaconda.org/conda-forge/noarch/griffe-0.25.5-pyhd8ed1ab_0.conda#bae2e1b21d42d8578b56d4a9f1f354fb
https://conda.anaconda.org/conda-forge/noarch/hypothesis-6.68.2-pyha770c72_0.conda#987bfe1fc5c1eb5bf616eccae0c3b71d
https://conda.anaconda.org/conda-forge/noarch/importlib-resources-5.12.0-pyhd8ed1ab_0.conda#3544c818f0720c89eb16ae6940ab440b
https://conda.anaconda.org/conda-forge/noarch/importlib_metadata-6.0.0-hd8ed1ab_0.conda#a67d43e1527a37199dd8db913366f68e
https://conda.anaconda.org/conda-forge/noarch/jsonschema-4.17.3-pyhd8ed1ab_0.conda#723268a468177cd44568eb8f794e0d80
https://conda.anaconda.org/conda-forge/noarch/jupyterlab_pygments-0.2.2-pyhd8ed1ab_0.tar.bz2#243f63592c8e449f40cd42eb5cf32f40
https://conda.anaconda.org/conda-forge/win-64/kealib-1.5.0-h61be68b_0.conda#59e439387b2ca19699b8ce1f077ebe0a
https://conda.anaconda.org/conda-forge/win-64/libnetcdf-4.8.1-nompi_h8c042bf_106.tar.bz2#90515eee0f7575b5fd296b6ba8d91dae
https://conda.anaconda.org/conda-forge/win-64/libspatialite-5.0.1-hfdcade0_23.conda#7661a11b21d23f6f21648a787045b825
https://conda.anaconda.org/conda-forge/noarch/markdown-3.3.7-pyhd8ed1ab_0.tar.bz2#0a0bed31742342688a8570b3b8a50f36
https://conda.anaconda.org/conda-forge/noarch/mdit-py-plugins-0.3.3-pyhd8ed1ab_0.conda#7a69c057183706bc7ba6ac7c9130566a
https://conda.anaconda.org/conda-forge/win-64/mkl-2022.1.0-h6a75c08_874.tar.bz2#2ff89a7337a9636029b4db9466e9f8e3
https://conda.anaconda.org/conda-forge/win-64/pillow-9.4.0-py39hcebd2be_1.conda#7cf5bb13bc3823aa5159e00c7d1cb18f
https://conda.anaconda.org/conda-forge/noarch/platformdirs-3.0.0-pyhd8ed1ab_0.conda#c34694044915d7f291ef257029f2e2af
https://conda.anaconda.org/conda-forge/noarch/proto-plus-1.22.2-pyhd8ed1ab_0.conda#66f3f2b12d75e745fecf163d41bf3220
https://conda.anaconda.org/conda-forge/win-64/pyproj-3.4.1-py39hc799f2e_1.conda#b4a6e56b9ba3cc0c0ccac4b8f8e33c2a
https://conda.anaconda.org/conda-forge/noarch/pytest-benchmark-4.0.0-pyhd8ed1ab_0.tar.bz2#8c3168375e2ac100c17b133f4e2eb536
https://conda.anaconda.org/conda-forge/noarch/pytest-cov-4.0.0-pyhd8ed1ab_0.tar.bz2#c9e3f8bfdb9bfc34aa1836a6ed4b25d7
https://conda.anaconda.org/conda-forge/noarch/pytest-mock-3.10.0-pyhd8ed1ab_0.tar.bz2#db93caa9fe182f0cd20291aeb22f57ac
https://conda.anaconda.org/conda-forge/noarch/pytest-profiling-1.7.0-py_1.tar.bz2#4dc5c2917451a73cc7532fc893e2daea
https://conda.anaconda.org/conda-forge/noarch/pytest-randomly-3.12.0-pyhd8ed1ab_0.tar.bz2#c428aad352580a0d3264740a4dd5aeae
https://conda.anaconda.org/conda-forge/noarch/pytest-repeat-0.9.1-pyhd8ed1ab_0.tar.bz2#654827090748fa1cf4a375df7d99fcaf
https://conda.anaconda.org/conda-forge/noarch/pytest-snapshot-0.9.0-pyhd8ed1ab_0.conda#fe1008ddb91eed708d93ac866ef80a7c
https://conda.anaconda.org/conda-forge/noarch/pytest-xdist-3.2.0-pyhd8ed1ab_0.conda#70ab87b96126f35d1e68de2ad9fb6423
https://conda.anaconda.org/conda-forge/noarch/rich-13.3.1-pyhd8ed1ab_1.conda#7f6cbdc439f3fe4c7a65fbeb4edad507
https://conda.anaconda.org/conda-forge/noarch/sqlalchemy-views-0.3.1-pyhd8ed1ab_0.conda#cf622f971962bc7bc45b7da01eb41d55
https://conda.anaconda.org/conda-forge/noarch/stack_data-0.6.2-pyhd8ed1ab_0.conda#e7df0fdd404616638df5ece6e69ba7af
https://conda.anaconda.org/conda-forge/noarch/thrift_sasl-0.4.3-pyhd8ed1ab_2.tar.bz2#0340a97c4990a5bb5ecf1a27fef9f9c3
https://conda.anaconda.org/conda-forge/win-64/tiledb-2.13.2-h5689973_0.conda#931a7aedaa3ae50e4fca6982e3dda4ba
https://conda.anaconda.org/conda-forge/win-64/tzlocal-4.2-py39hcbf5309_2.tar.bz2#64067862b4171504c87309a285ab02c1
https://conda.anaconda.org/conda-forge/noarch/wcwidth-0.2.6-pyhd8ed1ab_0.conda#078979d33523cb477bd1916ce41aacc9
https://conda.anaconda.org/conda-forge/win-64/xorg-libx11-1.7.2-hcd874cb_0.tar.bz2#fc83d322fcfa4ca466b8529c4a2d259c
https://conda.anaconda.org/conda-forge/win-64/aiohttp-3.8.4-py39ha55989b_0.conda#19de97190004a407011b98bdd9752b26
https://conda.anaconda.org/conda-forge/win-64/black-23.1.0-py39hcbf5309_0.conda#9d6fe0ed7d1ebdba10acfadcffc3c388
https://conda.anaconda.org/conda-forge/noarch/google-resumable-media-2.4.1-pyhd8ed1ab_0.conda#a0d4c902824b3188a61df18c1e8bbf5e
https://conda.anaconda.org/conda-forge/noarch/grpcio-status-1.46.3-pyhd8ed1ab_0.tar.bz2#296839af9c3367492bed586613ea9aa6
https://conda.anaconda.org/conda-forge/win-64/harfbuzz-6.0.0-he256f1b_0.conda#15422d4ff786ed835173cfb8e6735679
https://conda.anaconda.org/conda-forge/noarch/impyla-0.18.0-pyhd8ed1ab_0.tar.bz2#851fd5b28a65b6be38db252706f43d6b
https://conda.anaconda.org/conda-forge/win-64/jupyter_core-5.2.0-py39hcbf5309_0.conda#1bf82794b668b8818ba7a96d46d948e9
https://conda.anaconda.org/conda-forge/win-64/libblas-3.9.0-16_win64_mkl.tar.bz2#d2e6f4e86cee2b4e8c27ff6884ccdc61
https://conda.anaconda.org/conda-forge/noarch/mkdocs-1.4.2-pyhd8ed1ab_0.tar.bz2#521b5c1a67f0f35b11a981299b9e4b9b
https://conda.anaconda.org/conda-forge/noarch/oauthlib-3.2.2-pyhd8ed1ab_0.tar.bz2#8f882b197fd9c4941a787926baea4868
https://conda.anaconda.org/conda-forge/noarch/poetry-dynamic-versioning-0.21.4-pyhd8ed1ab_0.conda#193b33386a14f40addd3ea12b7714548
https://conda.anaconda.org/conda-forge/win-64/poppler-23.01.0-h183ae7b_0.conda#e783b13dd5053ac11ecb77b0edc8eafc
https://conda.anaconda.org/conda-forge/noarch/prompt-toolkit-3.0.36-pyha770c72_0.conda#4d79ec192e0bfd530a254006d123b9a6
https://conda.anaconda.org/conda-forge/noarch/pymdown-extensions-9.9.2-pyhd8ed1ab_0.conda#2af5fe494e07ea7d54e3c00e89df6ea8
https://conda.anaconda.org/conda-forge/noarch/pyopenssl-22.1.0-pyhd8ed1ab_0.tar.bz2#fbfa0a180d48c800f922a10a114a8632
https://conda.anaconda.org/conda-forge/noarch/pytest-clarity-1.0.1-pyhd8ed1ab_0.tar.bz2#76a7925032ca23744cf6c7a9fc0ef243
https://conda.anaconda.org/conda-forge/win-64/xorg-libxext-1.3.4-hcd874cb_1.tar.bz2#237e70b849a9440c2fce725b74412cd6
https://conda.anaconda.org/conda-forge/win-64/xorg-libxt-1.2.1-hcd874cb_2.tar.bz2#75788d7a4edf041cdd0a830f9bcaa3fb
https://conda.anaconda.org/conda-forge/noarch/ipython-8.10.0-pyh08f2357_0.conda#ad7524fdf746f7141b6c3dbffc2a9548
https://conda.anaconda.org/conda-forge/noarch/jupyter_client-8.0.3-pyhd8ed1ab_0.conda#c279256b9f2195976b0168585a5adc79
https://conda.anaconda.org/conda-forge/win-64/libcblas-3.9.0-16_win64_mkl.tar.bz2#14c2fb03b2bb14dfa3806186ca91d557
https://conda.anaconda.org/conda-forge/win-64/libgdal-3.6.2-hb852d34_5.conda#86b77837f2f7ce8f5d63f9f071d520d5
https://conda.anaconda.org/conda-forge/win-64/liblapack-3.9.0-16_win64_mkl.tar.bz2#be2f9d5712a5bb05cd900005ee752a05
https://conda.anaconda.org/conda-forge/noarch/mkdocs-autorefs-0.4.1-pyhd8ed1ab_1.tar.bz2#49e4c30dd48438c2c71a71d40ecb384d
https://conda.anaconda.org/conda-forge/noarch/mkdocs-exclude-1.0.2-pyhd8ed1ab_0.tar.bz2#4a0af4399e9b3e4142f3dcabd35b7553
https://conda.anaconda.org/conda-forge/noarch/mkdocs-gen-files-0.4.0-pyhd8ed1ab_0.tar.bz2#ea350040131e9a179817f620a704411a
https://conda.anaconda.org/conda-forge/noarch/mkdocs-git-revision-date-localized-plugin-1.1.0-pyhd8ed1ab_0.tar.bz2#8a4d2c572d7d862a74f1083ae723ce98
https://conda.anaconda.org/conda-forge/noarch/mkdocs-literate-nav-0.4.1-pyhd8ed1ab_0.tar.bz2#93e0ddb91f9fb615fa3f9cda31434447
https://conda.anaconda.org/conda-forge/noarch/nbformat-5.7.3-pyhd8ed1ab_0.conda#9714111cb6c7dbbc9a9f34de205c2f29
https://conda.anaconda.org/conda-forge/win-64/pango-1.50.13-hdffb7b3_0.conda#a2db50ec796a95c44f6fae10eb7ae39e
https://conda.anaconda.org/conda-forge/noarch/urllib3-1.26.14-pyhd8ed1ab_0.conda#01f33ad2e0aaf6b5ba4add50dad5ad29
https://conda.anaconda.org/conda-forge/win-64/xorg-libxpm-3.5.13-hcd874cb_0.tar.bz2#4b31b88585f696327ba79fea3b41f973
https://conda.anaconda.org/conda-forge/noarch/distributed-2023.2.0-pyhd8ed1ab_0.conda#908e176bdb542b900f1c044bac70683b
https://conda.anaconda.org/conda-forge/noarch/ipykernel-6.21.2-pyh025b116_0.conda#2f0ef6a37b24f898508d7a5026e32c02
https://conda.anaconda.org/conda-forge/noarch/jupytext-1.14.4-pyhcff175f_0.conda#bd45bc0e2e0af96e2a18dba3f70c71f3
https://conda.anaconda.org/conda-forge/win-64/libgd-2.3.3-hf5a96e7_4.conda#07f0bd616b51dbd898cabf14646cdf5d
https://conda.anaconda.org/conda-forge/noarch/mkdocstrings-0.20.0-pyhd8ed1ab_0.conda#d83092b104a5879e97f9e4b6fa910564
https://conda.anaconda.org/conda-forge/noarch/nbclient-0.7.2-pyhd8ed1ab_0.conda#6c7b0d75b66a220274bb5a28c23197f2
https://conda.anaconda.org/conda-forge/win-64/numpy-1.24.2-py39h16ffa76_0.conda#22f75ab631b8da1b0e8224f0106f6e59
https://conda.anaconda.org/conda-forge/noarch/requests-2.28.2-pyhd8ed1ab_0.conda#11d178fc55199482ee48d6812ea83983
https://conda.anaconda.org/conda-forge/win-64/arrow-cpp-8.0.1-py39h4f3435e_2_cpu.tar.bz2#62c112f93455fcfbd16071d4caf2b2e2
https://conda.anaconda.org/conda-forge/noarch/bokeh-2.4.3-pyhd8ed1ab_3.tar.bz2#e4c6e6d99add99cede5328d811cacb21
https://conda.anaconda.org/conda-forge/win-64/contourpy-1.0.7-py39h1f6ef14_0.conda#a9349020a5d31dc6eed3580e35f5f45a
https://conda.anaconda.org/conda-forge/noarch/folium-0.14.0-pyhd8ed1ab_0.conda#48c8bb19df0d0268f1a9d30ffc56c5b0
https://conda.anaconda.org/conda-forge/win-64/gdal-3.6.2-py39h34c8707_5.conda#0b5a2cb8987d055dfb4299dc1335bf92
https://conda.anaconda.org/conda-forge/noarch/google-auth-2.16.1-pyh1a96a4e_0.conda#77235e975f133a69c63068c4b42478f2
https://conda.anaconda.org/conda-forge/win-64/graphviz-7.1.0-h51cb2cd_0.conda#2ab84ffaa7b47e0118c10e9e5d29bd37
https://conda.anaconda.org/conda-forge/noarch/ipywidgets-8.0.4-pyhd8ed1ab_0.conda#9dea5ab3cc33084f7a3680a98859731e
https://conda.anaconda.org/conda-forge/noarch/mkdocs-material-9.0.1-pyhd8ed1ab_0.conda#eb6166c4ba7da4250e7063753f01af43
https://conda.anaconda.org/conda-forge/noarch/mkdocstrings-python-0.8.3-pyhd8ed1ab_0.conda#d7596b7fe476b9c66ef8d00e3505ab83
https://conda.anaconda.org/conda-forge/noarch/nbconvert-core-7.2.9-pyhd8ed1ab_0.conda#a9e1826152e79416db71c51b0d3af28c
https://conda.anaconda.org/conda-forge/win-64/pandas-1.5.3-py39h2ba5b7c_0.conda#4af5e951fc5ffdf2da95e27a9685321b
https://conda.anaconda.org/conda-forge/win-64/polars-0.16.6-py39hf21820d_0.conda#b5d73f59f0171371725f63599484faf8
https://conda.anaconda.org/conda-forge/noarch/pooch-1.6.0-pyhd8ed1ab_0.tar.bz2#6429e1d1091c51f626b5dcfdd38bf429
https://conda.anaconda.org/conda-forge/noarch/requests-oauthlib-1.3.1-pyhd8ed1ab_0.tar.bz2#61b279f051eef9c89d58f4d813e75e04
https://conda.anaconda.org/conda-forge/win-64/shapely-1.8.5-py39h7c5f289_2.tar.bz2#4930a48fe26c07b57f04706b89182337
https://conda.anaconda.org/conda-forge/noarch/trino-python-client-0.321.0-pyhd8ed1ab_0.conda#d8343ded2050d4e799f73f9e6a46cf6a
https://conda.anaconda.org/conda-forge/noarch/altair-4.2.2-pyhd8ed1ab_0.conda#afca9c6a93335c55bbc84072011e86dc
https://conda.anaconda.org/conda-forge/noarch/dask-2023.2.0-pyhd8ed1ab_0.conda#c64c58bf99a686d8bdff8f9c4d33d615
https://conda.anaconda.org/conda-forge/win-64/fiona-1.9.1-py39hb5a1417_0.conda#03d2272a7863e8bba56765dc566b93c6
https://conda.anaconda.org/conda-forge/noarch/geopandas-base-0.12.2-pyha770c72_0.conda#cf04d066b97dfe698f0d01ebf4af6163
https://conda.anaconda.org/conda-forge/noarch/google-api-core-2.11.0-pyhd8ed1ab_0.conda#72f60923cfbd91eec24e59c41454cecd
https://conda.anaconda.org/conda-forge/noarch/google-auth-oauthlib-1.0.0-pyhd8ed1ab_0.conda#5ba9d95acb9add67f468ecdee6595c0f
https://conda.anaconda.org/conda-forge/win-64/matplotlib-base-3.7.0-py39haf65ace_0.conda#f0b61601593071a404737549e29f6821
https://conda.anaconda.org/conda-forge/noarch/mkdocs-macros-plugin-0.7.0-pyhd8ed1ab_0.tar.bz2#bead57f41507066a63cb9cb62c837e9e
https://conda.anaconda.org/conda-forge/noarch/nbconvert-pandoc-7.2.9-pyhd8ed1ab_0.conda#4a8dc94c7c2f3736dc4b91ec345d5b4b
https://conda.anaconda.org/conda-forge/noarch/parquet-cpp-1.5.1-2.tar.bz2#79a5f78c42817594ae016a7896521a97
https://conda.anaconda.org/conda-forge/noarch/pydeck-0.8.0-pyhd8ed1ab_0.tar.bz2#176b16002a5423169bf0f4b4c0ebecaf
https://conda.anaconda.org/conda-forge/noarch/python-graphviz-0.20.1-pyh22cad53_0.tar.bz2#196447bc6fd769c3eb2d51de1aa866a5
https://conda.anaconda.org/conda-forge/win-64/scipy-1.10.0-py39hfbf2dce_2.conda#ac8c281db29912690f85f253b4b067fa
https://conda.anaconda.org/conda-forge/noarch/google-api-core-grpc-2.11.0-hd8ed1ab_0.conda#d6ee05e028217ccd803fd9e96e47ceae
https://conda.anaconda.org/conda-forge/noarch/google-cloud-core-2.3.2-pyhd8ed1ab_0.tar.bz2#7a590deea6b9b082c6a24e18c3c83dc9
https://conda.anaconda.org/conda-forge/noarch/nbconvert-7.2.9-pyhd8ed1ab_0.conda#523aaa3affb003ab0e68dbc24c9027f4
https://conda.anaconda.org/conda-forge/win-64/pyarrow-8.0.1-py39h59190f8_2_cpu.tar.bz2#d99242eafb42e644930aae8f6029ed16
https://conda.anaconda.org/conda-forge/noarch/pydata-google-auth-1.7.0-pyhd8ed1ab_0.conda#c28635a73fe7088b263847cf9b6cb157
https://conda.anaconda.org/conda-forge/win-64/scikit-learn-1.2.1-py39h6fe01c0_0.conda#1968d249f89c219646d40274aa84ba58
https://conda.anaconda.org/conda-forge/noarch/db-dtypes-1.0.5-pyhd8ed1ab_1.conda#94d2fbc8ca24af42f13cb9adf8e8cc25
https://conda.anaconda.org/conda-forge/noarch/google-cloud-bigquery-storage-core-2.18.0-pyh1a96a4e_0.conda#25536317a3f02fde94312b4a759a9a1a
https://conda.anaconda.org/conda-forge/noarch/mapclassify-2.5.0-pyhd8ed1ab_1.conda#db1aeaff6e248db425e049feffded7a9
https://conda.anaconda.org/conda-forge/noarch/mkdocs-jupyter-0.22.0-pyhd8ed1ab_0.tar.bz2#925b01483f102a0a1aefb74108ed97ca
https://conda.anaconda.org/conda-forge/noarch/pyspark-3.3.2-pyhd8ed1ab_0.conda#bc18e02597c140d3944b0d1908b34792
https://conda.anaconda.org/conda-forge/win-64/python-duckdb-0.7.0-py39ha6ea889_1.conda#126d575f4fa7b7315df3e1b4af4faa0c
https://conda.anaconda.org/conda-forge/win-64/snowflake-connector-python-2.8.3-py39h52e2d10_0.conda#0c06cfdec5bbbbdc89ea58634bca0145
https://conda.anaconda.org/conda-forge/noarch/streamlit-1.18.1-pyhd8ed1ab_0.conda#a5a0237df302137e15fe7eb184515cf9
https://conda.anaconda.org/conda-forge/noarch/duckdb-engine-0.6.8-pyhd8ed1ab_0.conda#945a4bd3cf6a97bbbc80a55c79895e64
https://conda.anaconda.org/conda-forge/noarch/geopandas-0.12.2-pyhd8ed1ab_0.conda#ee3b330f13297f5839d46e1ca3e57d56
https://conda.anaconda.org/conda-forge/noarch/google-cloud-bigquery-core-3.1.0-pyhd8ed1ab_0.tar.bz2#b0816cdad1ed5f376831b1c36a74106b
https://conda.anaconda.org/conda-forge/noarch/google-cloud-bigquery-storage-2.18.0-pyh1a96a4e_0.conda#1dd182ddd36fabde67c01459f60f2267
https://conda.anaconda.org/conda-forge/noarch/snowflake-sqlalchemy-1.4.6-pyhd8ed1ab_0.conda#d828af2140f74d780c0d6a5ee827295e
https://conda.anaconda.org/conda-forge/noarch/google-cloud-bigquery-3.1.0-pyhd8ed1ab_0.tar.bz2#1d66863d0c73e517fbcfd859e89d3b4d
